{
  "version": 4,
  "terraform_version": "1.9.0",
  "serial": 149,
  "lineage": "f9220197-e3d7-23a4-85f1-7994078b336b",
  "outputs": {},
  "resources": [
    {
      "module": "module.meraki",
      "mode": "data",
      "type": "meraki_network",
      "name": "organizations_networks",
      "provider": "provider[\"registry.terraform.io/ciscodevnet/meraki\"]",
      "instances": []
    },
    {
      "module": "module.meraki",
      "mode": "data",
      "type": "meraki_organization",
      "name": "organizations",
      "provider": "provider[\"registry.terraform.io/ciscodevnet/meraki\"]",
      "instances": [
        {
          "index_key": "DOMAIN_NAME/lsudduth@gmail.com",
          "schema_version": 0,
          "attributes": {
            "id": "490906",
            "management_details": [
              {
                "name": "customer number",
                "value": "03486604"
              }
            ],
            "name": "lsudduth@gmail.com"
          },
          "sensitive_attributes": []
        }
      ]
    },
    {
      "module": "module.meraki",
      "mode": "managed",
      "type": "meraki_appliance_connectivity_monitoring_destinations",
      "name": "networks_appliance_connectivity_monitoring_destinations",
      "provider": "provider[\"registry.terraform.io/ciscodevnet/meraki\"]",
      "instances": [
        {
          "index_key": "DOMAIN_NAME/lsudduth@gmail.com/142 Mantis",
          "schema_version": 0,
          "attributes": {
            "destinations": [
              {
                "default": true,
                "description": "Google",
                "ip": "8.8.8.8"
              },
              {
                "default": false,
                "description": "v6.icmp.canireachthe.net",
                "ip": "2620:12f:c00c::a"
              }
            ],
            "id": "L_658088495549515100",
            "network_id": "L_658088495549515100"
          },
          "sensitive_attributes": [],
          "private": "eyJpbXBvcnRpbmciOiJNQT09In0=",
          "dependencies": [
            "module.meraki.data.meraki_network.organizations_networks",
            "module.meraki.data.meraki_organization.organizations",
            "module.meraki.meraki_network.organizations_networks",
            "module.meraki.meraki_organization.organizations",
            "module.meraki.meraki_organization_inventory_claim.organizations_inventory"
          ]
        }
      ]
    },
    {
      "module": "module.meraki",
      "mode": "managed",
      "type": "meraki_appliance_content_filtering",
      "name": "networks_appliance_content_filtering",
      "provider": "provider[\"registry.terraform.io/ciscodevnet/meraki\"]",
      "instances": [
        {
          "index_key": "DOMAIN_NAME/lsudduth@gmail.com/142 Mantis",
          "schema_version": 0,
          "attributes": {
            "allowed_url_patterns": [
              "hkdata.crabdance.com",
              "hkdata.fairuse.org"
            ],
            "blocked_url_categories": [
              "meraki:contentFiltering/category/T01",
              "meraki:contentFiltering/category/T02",
              "meraki:contentFiltering/category/T03",
              "meraki:contentFiltering/category/T04",
              "meraki:contentFiltering/category/T05",
              "meraki:contentFiltering/category/T06",
              "meraki:contentFiltering/category/T08",
              "meraki:contentFiltering/category/T09",
              "meraki:contentFiltering/category/T11",
              "meraki:contentFiltering/category/T12",
              "meraki:contentFiltering/category/T13",
              "meraki:contentFiltering/category/T21",
              "meraki:contentFiltering/category/T23"
            ],
            "blocked_url_patterns": null,
            "id": "L_658088495549515100",
            "network_id": "L_658088495549515100",
            "url_category_list_size": null
          },
          "sensitive_attributes": [],
          "private": "eyJpbXBvcnRpbmciOiJNQT09In0=",
          "dependencies": [
            "module.meraki.data.meraki_network.organizations_networks",
            "module.meraki.data.meraki_organization.organizations",
            "module.meraki.meraki_network.organizations_networks",
            "module.meraki.meraki_network_device_claim.networks_devices_claim",
            "module.meraki.meraki_organization.organizations",
            "module.meraki.meraki_organization_inventory_claim.organizations_inventory"
          ]
        }
      ]
    },
    {
      "module": "module.meraki",
      "mode": "managed",
      "type": "meraki_appliance_firewall_settings",
      "name": "networks_appliance_firewall_settings_spoofing_protection_ip_source_guard_mode",
      "provider": "provider[\"registry.terraform.io/ciscodevnet/meraki\"]",
      "instances": [
        {
          "index_key": "DOMAIN_NAME/lsudduth@gmail.com/142 Mantis",
          "schema_version": 0,
          "attributes": {
            "id": "L_658088495549515100",
            "network_id": "L_658088495549515100",
            "spoofing_protection_ip_source_guard_mode": "block"
          },
          "sensitive_attributes": [],
          "private": "eyJpbXBvcnRpbmciOiJNQT09In0=",
          "dependencies": [
            "module.meraki.data.meraki_network.organizations_networks",
            "module.meraki.data.meraki_organization.organizations",
            "module.meraki.meraki_network.organizations_networks",
            "module.meraki.meraki_network_device_claim.networks_devices_claim",
            "module.meraki.meraki_organization.organizations",
            "module.meraki.meraki_organization_inventory_claim.organizations_inventory"
          ]
        }
      ]
    },
    {
      "module": "module.meraki",
      "mode": "managed",
      "type": "meraki_appliance_firewalled_service",
      "name": "networks_appliance_firewall_firewalled_services",
      "provider": "provider[\"registry.terraform.io/ciscodevnet/meraki\"]",
      "instances": [
        {
          "index_key": "DOMAIN_NAME/lsudduth@gmail.com/142 Mantis/ICMP",
          "schema_version": 0,
          "attributes": {
            "access": "unrestricted",
            "allowed_ips": null,
            "id": "ICMP",
            "network_id": "L_658088495549515100",
            "service": "ICMP"
          },
          "sensitive_attributes": [],
          "private": "eyJpbXBvcnRpbmciOiJNQT09In0=",
          "dependencies": [
            "module.meraki.data.meraki_network.organizations_networks",
            "module.meraki.data.meraki_organization.organizations",
            "module.meraki.meraki_network.organizations_networks",
            "module.meraki.meraki_network_device_claim.networks_devices_claim",
            "module.meraki.meraki_organization.organizations",
            "module.meraki.meraki_organization_inventory_claim.organizations_inventory"
          ]
        },
        {
          "index_key": "DOMAIN_NAME/lsudduth@gmail.com/142 Mantis/web",
          "schema_version": 0,
          "attributes": {
            "access": "blocked",
            "allowed_ips": null,
            "id": "web",
            "network_id": "L_658088495549515100",
            "service": "web"
          },
          "sensitive_attributes": [],
          "private": "eyJpbXBvcnRpbmciOiJNQT09In0=",
          "dependencies": [
            "module.meraki.data.meraki_network.organizations_networks",
            "module.meraki.data.meraki_organization.organizations",
            "module.meraki.meraki_network.organizations_networks",
            "module.meraki.meraki_network_device_claim.networks_devices_claim",
            "module.meraki.meraki_organization.organizations",
            "module.meraki.meraki_organization_inventory_claim.organizations_inventory"
          ]
        }
      ]
    },
    {
      "module": "module.meraki",
      "mode": "managed",
      "type": "meraki_appliance_inbound_firewall_rules",
      "name": "networks_appliance_firewall_inbound_firewall_rules",
      "provider": "provider[\"registry.terraform.io/ciscodevnet/meraki\"]",
      "instances": [
        {
          "index_key": "DOMAIN_NAME/lsudduth@gmail.com/142 Mantis",
          "schema_version": 0,
          "attributes": {
            "id": "L_658088495549515100",
            "network_id": "L_658088495549515100",
            "rules": [],
            "syslog_default_rule": null
          },
          "sensitive_attributes": [],
          "private": "eyJpbXBvcnRpbmciOiJNQT09In0=",
          "dependencies": [
            "module.meraki.data.meraki_network.organizations_networks",
            "module.meraki.data.meraki_organization.organizations",
            "module.meraki.meraki_appliance_vlan.networks_appliance_vlans",
            "module.meraki.meraki_appliance_vlans_settings.networks_appliance_vlans_settings",
            "module.meraki.meraki_network.organizations_networks",
            "module.meraki.meraki_network_device_claim.networks_devices_claim",
            "module.meraki.meraki_network_group_policy.networks_group_policies",
            "module.meraki.meraki_organization.organizations",
            "module.meraki.meraki_organization_inventory_claim.organizations_inventory"
          ]
        }
      ]
    },
    {
      "module": "module.meraki",
      "mode": "managed",
      "type": "meraki_appliance_network_security_intrusion",
      "name": "networks_appliance_security_intrusion",
      "provider": "provider[\"registry.terraform.io/ciscodevnet/meraki\"]",
      "instances": [
        {
          "index_key": "DOMAIN_NAME/lsudduth@gmail.com/142 Mantis",
          "schema_version": 0,
          "attributes": {
            "id": "L_658088495549515100",
            "ids_rulesets": "balanced",
            "mode": "prevention",
            "network_id": "L_658088495549515100",
            "protected_networks_excluded_cidr": null,
            "protected_networks_included_cidr": null,
            "protected_networks_use_default": null
          },
          "sensitive_attributes": [],
          "private": "eyJpbXBvcnRpbmciOiJNQT09In0=",
          "dependencies": [
            "module.meraki.data.meraki_network.organizations_networks",
            "module.meraki.data.meraki_organization.organizations",
            "module.meraki.meraki_network.organizations_networks",
            "module.meraki.meraki_network_device_claim.networks_devices_claim",
            "module.meraki.meraki_organization.organizations",
            "module.meraki.meraki_organization_inventory_claim.organizations_inventory"
          ]
        }
      ]
    },
    {
      "module": "module.meraki",
      "mode": "managed",
      "type": "meraki_appliance_port_forwarding_rules",
      "name": "networks_appliance_firewall_port_forwarding_rules",
      "provider": "provider[\"registry.terraform.io/ciscodevnet/meraki\"]",
      "instances": [
        {
          "index_key": "DOMAIN_NAME/lsudduth@gmail.com/142 Mantis",
          "schema_version": 0,
          "attributes": {
            "id": "L_658088495549515100",
            "network_id": "L_658088495549515100",
            "rules": [
              {
                "allowed_ips": [
                  "any"
                ],
                "lan_ip": "192.168.2.19",
                "local_port": "22",
                "name": "ucsc220-1",
                "protocol": "tcp",
                "public_port": "2219",
                "uplink": "both"
              },
              {
                "allowed_ips": [
                  "any"
                ],
                "lan_ip": "192.168.2.19",
                "local_port": "8333",
                "name": "Bitcoin",
                "protocol": "tcp",
                "public_port": "8333",
                "uplink": "both"
              },
              {
                "allowed_ips": [
                  "any"
                ],
                "lan_ip": "192.168.2.23",
                "local_port": "22",
                "name": "ssh",
                "protocol": "tcp",
                "public_port": "2223",
                "uplink": "both"
              },
              {
                "allowed_ips": [
                  "any"
                ],
                "lan_ip": "192.168.2.27",
                "local_port": "22",
                "name": "macmini",
                "protocol": "tcp",
                "public_port": "2227",
                "uplink": "both"
              },
              {
                "allowed_ips": [
                  "any"
                ],
                "lan_ip": "192.168.2.38",
                "local_port": "22",
                "name": "DVR",
                "protocol": "tcp",
                "public_port": "2238",
                "uplink": "both"
              },
              {
                "allowed_ips": [
                  "any"
                ],
                "lan_ip": "192.168.5.227",
                "local_port": "8089",
                "name": "MyChannels",
                "protocol": "tcp",
                "public_port": "8089",
                "uplink": "both"
              }
            ]
          },
          "sensitive_attributes": [],
          "private": "eyJpbXBvcnRpbmciOiJNQT09In0=",
          "dependencies": [
            "module.meraki.data.meraki_network.organizations_networks",
            "module.meraki.data.meraki_organization.organizations",
            "module.meraki.meraki_network.organizations_networks",
            "module.meraki.meraki_network_device_claim.networks_devices_claim",
            "module.meraki.meraki_organization.organizations",
            "module.meraki.meraki_organization_inventory_claim.organizations_inventory"
          ]
        }
      ]
    },
    {
      "module": "module.meraki",
      "mode": "managed",
      "type": "meraki_appliance_ports",
      "name": "networks_appliance_ports",
      "provider": "provider[\"registry.terraform.io/ciscodevnet/meraki\"]",
      "instances": [
        {
          "index_key": "DOMAIN_NAME/lsudduth@gmail.com/142 Mantis",
          "schema_version": 0,
          "attributes": {
            "id": "490906",
            "items": [
              {
                "access_policy": "open",
                "allowed_vlans": null,
                "drop_untagged_traffic": false,
                "enabled": true,
                "port_id": "10",
                "type": "access",
                "vlan": 4
              },
              {
                "access_policy": "open",
                "allowed_vlans": null,
                "drop_untagged_traffic": false,
                "enabled": true,
                "port_id": "11",
                "type": "access",
                "vlan": 5
              },
              {
                "access_policy": "open",
                "allowed_vlans": null,
                "drop_untagged_traffic": false,
                "enabled": true,
                "port_id": "7",
                "type": "access",
                "vlan": 1
              },
              {
                "access_policy": "open",
                "allowed_vlans": null,
                "drop_untagged_traffic": false,
                "enabled": true,
                "port_id": "8",
                "type": "access",
                "vlan": 2
              },
              {
                "access_policy": "open",
                "allowed_vlans": null,
                "drop_untagged_traffic": false,
                "enabled": true,
                "port_id": "9",
                "type": "access",
                "vlan": 3
              },
              {
                "access_policy": null,
                "allowed_vlans": "all",
                "drop_untagged_traffic": false,
                "enabled": true,
                "port_id": "12",
                "type": "trunk",
                "vlan": 1
              },
              {
                "access_policy": null,
                "allowed_vlans": "all",
                "drop_untagged_traffic": false,
                "enabled": true,
                "port_id": "13",
                "type": "trunk",
                "vlan": 1
              },
              {
                "access_policy": null,
                "allowed_vlans": "all",
                "drop_untagged_traffic": false,
                "enabled": true,
                "port_id": "14",
                "type": "trunk",
                "vlan": 1
              },
              {
                "access_policy": null,
                "allowed_vlans": "all",
                "drop_untagged_traffic": false,
                "enabled": true,
                "port_id": "5",
                "type": "trunk",
                "vlan": 1
              },
              {
                "access_policy": null,
                "allowed_vlans": "all",
                "drop_untagged_traffic": false,
                "enabled": true,
                "port_id": "6",
                "type": "trunk",
                "vlan": 1
              }
            ],
            "network_id": "L_658088495549515100",
            "organization_id": "490906"
          },
          "sensitive_attributes": [],
          "private": "eyJpbXBvcnRpbmciOiJNQT09In0=",
          "dependencies": [
            "module.meraki.data.meraki_network.organizations_networks",
            "module.meraki.data.meraki_organization.organizations",
            "module.meraki.meraki_appliance_single_lan.networks_appliance_single_lan",
            "module.meraki.meraki_appliance_vlan.networks_appliance_vlans",
            "module.meraki.meraki_appliance_vlans_settings.networks_appliance_vlans_settings",
            "module.meraki.meraki_network.organizations_networks",
            "module.meraki.meraki_network_device_claim.networks_devices_claim",
            "module.meraki.meraki_network_group_policy.networks_group_policies",
            "module.meraki.meraki_organization.organizations",
            "module.meraki.meraki_organization_inventory_claim.organizations_inventory"
          ]
        }
      ]
    },
    {
      "module": "module.meraki",
      "mode": "managed",
      "type": "meraki_appliance_security_malware",
      "name": "networks_appliance_security_malware",
      "provider": "provider[\"registry.terraform.io/ciscodevnet/meraki\"]",
      "instances": [
        {
          "index_key": "DOMAIN_NAME/lsudduth@gmail.com/142 Mantis",
          "schema_version": 0,
          "attributes": {
            "allowed_files": null,
            "allowed_urls": [
              {
                "comment": "For MakeMKV",
                "url": "hkdata.crabdance.com"
              },
              {
                "comment": "For MakeMKV",
                "url": "hkdata.fairuse.org"
              }
            ],
            "id": "L_658088495549515100",
            "mode": "enabled",
            "network_id": "L_658088495549515100"
          },
          "sensitive_attributes": [],
          "private": "eyJpbXBvcnRpbmciOiJNQT09In0=",
          "dependencies": [
            "module.meraki.data.meraki_network.organizations_networks",
            "module.meraki.data.meraki_organization.organizations",
            "module.meraki.meraki_network.organizations_networks",
            "module.meraki.meraki_network_device_claim.networks_devices_claim",
            "module.meraki.meraki_organization.organizations",
            "module.meraki.meraki_organization_inventory_claim.organizations_inventory"
          ]
        }
      ]
    },
    {
      "module": "module.meraki",
      "mode": "managed",
      "type": "meraki_appliance_settings",
      "name": "networks_appliance_settings",
      "provider": "provider[\"registry.terraform.io/ciscodevnet/meraki\"]",
      "instances": [
        {
          "index_key": "DOMAIN_NAME/lsudduth@gmail.com/142 Mantis",
          "schema_version": 0,
          "attributes": {
            "client_tracking_method": "MAC address",
            "deployment_mode": "routed",
            "dynamic_dns_enabled": true,
            "dynamic_dns_prefix": "mx64",
            "id": "L_658088495549515100",
            "network_id": "L_658088495549515100"
          },
          "sensitive_attributes": [],
          "private": "eyJpbXBvcnRpbmciOiJNQT09In0=",
          "dependencies": [
            "module.meraki.data.meraki_network.organizations_networks",
            "module.meraki.data.meraki_organization.organizations",
            "module.meraki.meraki_network.organizations_networks",
            "module.meraki.meraki_network_device_claim.networks_devices_claim",
            "module.meraki.meraki_organization.organizations",
            "module.meraki.meraki_organization_inventory_claim.organizations_inventory"
          ]
        }
      ]
    },
    {
      "module": "module.meraki",
      "mode": "managed",
      "type": "meraki_appliance_single_lan",
      "name": "networks_appliance_single_lan",
      "provider": "provider[\"registry.terraform.io/ciscodevnet/meraki\"]",
      "instances": []
    },
    {
      "module": "module.meraki",
      "mode": "managed",
      "type": "meraki_appliance_site_to_site_vpn",
      "name": "networks_appliance_vpn_site_to_site_vpn",
      "provider": "provider[\"registry.terraform.io/ciscodevnet/meraki\"]",
      "instances": [
        {
          "index_key": "DOMAIN_NAME/lsudduth@gmail.com/142 Mantis",
          "schema_version": 0,
          "attributes": {
            "hubs": null,
            "id": "L_658088495549515100",
            "mode": "none",
            "network_id": "L_658088495549515100",
            "subnet_nat_is_allowed": null,
            "subnets": null
          },
          "sensitive_attributes": [],
          "private": "eyJpbXBvcnRpbmciOiJNQT09In0=",
          "dependencies": [
            "module.meraki.data.meraki_network.organizations_networks",
            "module.meraki.data.meraki_organization.organizations",
            "module.meraki.meraki_appliance_single_lan.networks_appliance_single_lan",
            "module.meraki.meraki_appliance_vlan.networks_appliance_vlans",
            "module.meraki.meraki_appliance_vlans_settings.networks_appliance_vlans_settings",
            "module.meraki.meraki_network.organizations_networks",
            "module.meraki.meraki_network_device_claim.networks_devices_claim",
            "module.meraki.meraki_network_group_policy.networks_group_policies",
            "module.meraki.meraki_organization.organizations",
            "module.meraki.meraki_organization_inventory_claim.organizations_inventory"
          ]
        }
      ]
    },
    {
      "module": "module.meraki",
      "mode": "managed",
      "type": "meraki_appliance_traffic_shaping",
      "name": "networks_appliance_traffic_shaping",
      "provider": "provider[\"registry.terraform.io/ciscodevnet/meraki\"]",
      "instances": [
        {
          "index_key": "DOMAIN_NAME/lsudduth@gmail.com/142 Mantis",
          "schema_version": 0,
          "attributes": {
            "global_bandwidth_limit_down": 0,
            "global_bandwidth_limit_up": 0,
            "id": "L_658088495549515100",
            "network_id": "L_658088495549515100"
          },
          "sensitive_attributes": [],
          "private": "eyJpbXBvcnRpbmciOiJNQT09In0=",
          "dependencies": [
            "module.meraki.data.meraki_network.organizations_networks",
            "module.meraki.data.meraki_organization.organizations",
            "module.meraki.meraki_appliance_single_lan.networks_appliance_single_lan",
            "module.meraki.meraki_appliance_vlan.networks_appliance_vlans",
            "module.meraki.meraki_appliance_vlans_settings.networks_appliance_vlans_settings",
            "module.meraki.meraki_network.organizations_networks",
            "module.meraki.meraki_network_device_claim.networks_devices_claim",
            "module.meraki.meraki_network_group_policy.networks_group_policies",
            "module.meraki.meraki_organization.organizations",
            "module.meraki.meraki_organization_inventory_claim.organizations_inventory"
          ]
        }
      ]
    },
    {
      "module": "module.meraki",
      "mode": "managed",
      "type": "meraki_appliance_traffic_shaping_custom_performance_class",
      "name": "networks_appliance_traffic_shaping_custom_performance_classes",
      "provider": "provider[\"registry.terraform.io/ciscodevnet/meraki\"]",
      "instances": []
    },
    {
      "module": "module.meraki",
      "mode": "managed",
      "type": "meraki_appliance_traffic_shaping_rules",
      "name": "networks_appliance_traffic_shaping_rules",
      "provider": "provider[\"registry.terraform.io/ciscodevnet/meraki\"]",
      "instances": [
        {
          "index_key": "DOMAIN_NAME/lsudduth@gmail.com/142 Mantis",
          "schema_version": 0,
          "attributes": {
            "default_rules_enabled": true,
            "id": "L_658088495549515100",
            "network_id": "L_658088495549515100",
            "rules": null
          },
          "sensitive_attributes": [],
          "private": "eyJpbXBvcnRpbmciOiJNQT09In0=",
          "dependencies": [
            "module.meraki.data.meraki_network.organizations_networks",
            "module.meraki.data.meraki_organization.organizations",
            "module.meraki.meraki_appliance_single_lan.networks_appliance_single_lan",
            "module.meraki.meraki_appliance_vlan.networks_appliance_vlans",
            "module.meraki.meraki_appliance_vlans_settings.networks_appliance_vlans_settings",
            "module.meraki.meraki_network.organizations_networks",
            "module.meraki.meraki_network_device_claim.networks_devices_claim",
            "module.meraki.meraki_network_group_policy.networks_group_policies",
            "module.meraki.meraki_organization.organizations",
            "module.meraki.meraki_organization_inventory_claim.organizations_inventory"
          ]
        }
      ]
    },
    {
      "module": "module.meraki",
      "mode": "managed",
      "type": "meraki_appliance_traffic_shaping_uplink_bandwidth",
      "name": "networks_appliance_traffic_shaping_uplink_bandwidth_limits",
      "provider": "provider[\"registry.terraform.io/ciscodevnet/meraki\"]",
      "instances": [
        {
          "index_key": "DOMAIN_NAME/lsudduth@gmail.com/142 Mantis",
          "schema_version": 0,
          "attributes": {
            "cellular_limit_down": null,
            "cellular_limit_up": null,
            "id": "L_658088495549515100",
            "network_id": "L_658088495549515100",
            "wan1_limit_down": 1000000,
            "wan1_limit_up": 1000000,
            "wan2_limit_down": 1000000,
            "wan2_limit_up": 1000000
          },
          "sensitive_attributes": [],
          "private": "eyJpbXBvcnRpbmciOiJNQT09In0=",
          "dependencies": [
            "module.meraki.data.meraki_network.organizations_networks",
            "module.meraki.data.meraki_organization.organizations",
            "module.meraki.meraki_appliance_single_lan.networks_appliance_single_lan",
            "module.meraki.meraki_appliance_vlan.networks_appliance_vlans",
            "module.meraki.meraki_appliance_vlans_settings.networks_appliance_vlans_settings",
            "module.meraki.meraki_network.organizations_networks",
            "module.meraki.meraki_network_device_claim.networks_devices_claim",
            "module.meraki.meraki_network_group_policy.networks_group_policies",
            "module.meraki.meraki_organization.organizations",
            "module.meraki.meraki_organization_inventory_claim.organizations_inventory"
          ]
        }
      ]
    },
    {
      "module": "module.meraki",
      "mode": "managed",
      "type": "meraki_appliance_traffic_shaping_uplink_selection",
      "name": "networks_appliance_traffic_shaping_uplink_selection",
      "provider": "provider[\"registry.terraform.io/ciscodevnet/meraki\"]",
      "instances": [
        {
          "index_key": "DOMAIN_NAME/lsudduth@gmail.com/142 Mantis",
          "schema_version": 0,
          "attributes": {
            "active_active_auto_vpn_enabled": null,
            "default_uplink": "wan1",
            "failover_and_failback_immediate_enabled": false,
            "id": "L_658088495549515100",
            "load_balancing_enabled": false,
            "network_id": "L_658088495549515100",
            "vpn_traffic_uplink_preferences": null,
            "wan_traffic_uplink_preferences": null
          },
          "sensitive_attributes": [],
          "private": "eyJpbXBvcnRpbmciOiJNQT09In0=",
          "dependencies": [
            "module.meraki.data.meraki_network.organizations_networks",
            "module.meraki.data.meraki_organization.organizations",
            "module.meraki.meraki_appliance_single_lan.networks_appliance_single_lan",
            "module.meraki.meraki_appliance_traffic_shaping_custom_performance_class.networks_appliance_traffic_shaping_custom_performance_classes",
            "module.meraki.meraki_appliance_vlan.networks_appliance_vlans",
            "module.meraki.meraki_appliance_vlans_settings.networks_appliance_vlans_settings",
            "module.meraki.meraki_network.organizations_networks",
            "module.meraki.meraki_network_device_claim.networks_devices_claim",
            "module.meraki.meraki_network_group_policy.networks_group_policies",
            "module.meraki.meraki_organization.organizations",
            "module.meraki.meraki_organization_inventory_claim.organizations_inventory"
          ]
        }
      ]
    },
    {
      "module": "module.meraki",
      "mode": "managed",
      "type": "meraki_appliance_uplinks_settings",
      "name": "devices_appliance_uplinks_settings",
      "provider": "provider[\"registry.terraform.io/ciscodevnet/meraki\"]",
      "instances": [
        {
          "index_key": "DOMAIN_NAME/lsudduth@gmail.com/142 Mantis/MX85",
          "schema_version": 0,
          "attributes": {
            "id": "Q2YN-G2WJ-2BHX",
            "interfaces_wan1_enabled": true,
            "interfaces_wan1_pppoe_authentication_enabled": null,
            "interfaces_wan1_pppoe_authentication_password": null,
            "interfaces_wan1_pppoe_authentication_password_wo": null,
            "interfaces_wan1_pppoe_authentication_password_wo_version": null,
            "interfaces_wan1_pppoe_authentication_username": null,
            "interfaces_wan1_pppoe_enabled": false,
            "interfaces_wan1_svis_ipv4_address": null,
            "interfaces_wan1_svis_ipv4_assignment_mode": "dynamic",
            "interfaces_wan1_svis_ipv4_gateway": null,
            "interfaces_wan1_svis_ipv4_nameservers_addresses": null,
            "interfaces_wan1_svis_ipv6_address": null,
            "interfaces_wan1_svis_ipv6_assignment_mode": "dynamic",
            "interfaces_wan1_svis_ipv6_gateway": null,
            "interfaces_wan1_svis_ipv6_nameservers_addresses": null,
            "interfaces_wan1_vlan_tagging_enabled": false,
            "interfaces_wan1_vlan_tagging_vlan_id": null,
            "interfaces_wan2_enabled": false,
            "interfaces_wan2_pppoe_authentication_enabled": null,
            "interfaces_wan2_pppoe_authentication_password": null,
            "interfaces_wan2_pppoe_authentication_password_wo": null,
            "interfaces_wan2_pppoe_authentication_password_wo_version": null,
            "interfaces_wan2_pppoe_authentication_username": null,
            "interfaces_wan2_pppoe_enabled": false,
            "interfaces_wan2_svis_ipv4_address": null,
            "interfaces_wan2_svis_ipv4_assignment_mode": "dynamic",
            "interfaces_wan2_svis_ipv4_gateway": null,
            "interfaces_wan2_svis_ipv4_nameservers_addresses": null,
            "interfaces_wan2_svis_ipv6_address": null,
            "interfaces_wan2_svis_ipv6_assignment_mode": "dynamic",
            "interfaces_wan2_svis_ipv6_gateway": null,
            "interfaces_wan2_svis_ipv6_nameservers_addresses": null,
            "interfaces_wan2_vlan_tagging_enabled": false,
            "interfaces_wan2_vlan_tagging_vlan_id": null,
            "serial": "Q2YN-G2WJ-2BHX"
          },
          "sensitive_attributes": [
            [
              {
                "type": "get_attr",
                "value": "interfaces_wan1_pppoe_authentication_password"
              }
            ],
            [
              {
                "type": "get_attr",
                "value": "interfaces_wan2_pppoe_authentication_password"
              }
            ]
          ],
          "private": "eyJpbXBvcnRpbmciOiJNQT09In0=",
          "dependencies": [
            "module.meraki.data.meraki_network.organizations_networks",
            "module.meraki.data.meraki_organization.organizations",
            "module.meraki.meraki_device.devices",
            "module.meraki.meraki_network.organizations_networks",
            "module.meraki.meraki_network_device_claim.networks_devices_claim",
            "module.meraki.meraki_network_floor_plan.networks_floor_plans",
            "module.meraki.meraki_organization.organizations",
            "module.meraki.meraki_organization_inventory_claim.organizations_inventory"
          ]
        }
      ]
    },
    {
      "module": "module.meraki",
      "mode": "managed",
      "type": "meraki_appliance_vlan",
      "name": "networks_appliance_vlans",
      "provider": "provider[\"registry.terraform.io/ciscodevnet/meraki\"]",
      "instances": [
        {
          "index_key": "DOMAIN_NAME/lsudduth@gmail.com/142 Mantis/1",
          "schema_version": 0,
          "attributes": {
            "appliance_ip": "192.168.0.1",
            "cidr": null,
            "dhcp_boot_filename": null,
            "dhcp_boot_next_server": null,
            "dhcp_boot_options_enabled": null,
            "dhcp_handling": null,
            "dhcp_lease_time": null,
            "dhcp_options": null,
            "dhcp_relay_server_ips": null,
            "dns_nameservers": null,
            "fixed_ip_assignments": null,
            "group_policy_id": null,
            "id": "1",
            "ipv6_enabled": null,
            "ipv6_prefix_assignments": null,
            "mandatory_dhcp_enabled": null,
            "mask": null,
            "name": "Default",
            "network_id": "L_658088495549515100",
            "reserved_ip_ranges": null,
            "subnet": "192.168.0.0/24",
            "template_vlan_type": null,
            "vlan_id": "1",
            "vpn_nat_subnet": null
          },
          "sensitive_attributes": [],
          "private": "eyJpbXBvcnRpbmciOiJNQT09In0=",
          "dependencies": [
            "module.meraki.data.meraki_network.organizations_networks",
            "module.meraki.data.meraki_organization.organizations",
            "module.meraki.meraki_appliance_vlans_settings.networks_appliance_vlans_settings",
            "module.meraki.meraki_network.organizations_networks",
            "module.meraki.meraki_network_device_claim.networks_devices_claim",
            "module.meraki.meraki_network_group_policy.networks_group_policies",
            "module.meraki.meraki_organization.organizations",
            "module.meraki.meraki_organization_inventory_claim.organizations_inventory"
          ]
        },
        {
          "index_key": "DOMAIN_NAME/lsudduth@gmail.com/142 Mantis/2",
          "schema_version": 0,
          "attributes": {
            "appliance_ip": "192.168.2.1",
            "cidr": null,
            "dhcp_boot_filename": null,
            "dhcp_boot_next_server": null,
            "dhcp_boot_options_enabled": null,
            "dhcp_handling": null,
            "dhcp_lease_time": null,
            "dhcp_options": null,
            "dhcp_relay_server_ips": null,
            "dns_nameservers": null,
            "fixed_ip_assignments": null,
            "group_policy_id": null,
            "id": "2",
            "ipv6_enabled": null,
            "ipv6_prefix_assignments": null,
            "mandatory_dhcp_enabled": null,
            "mask": null,
            "name": "Office",
            "network_id": "L_658088495549515100",
            "reserved_ip_ranges": null,
            "subnet": "192.168.2.0/24",
            "template_vlan_type": null,
            "vlan_id": "2",
            "vpn_nat_subnet": null
          },
          "sensitive_attributes": [],
          "private": "eyJpbXBvcnRpbmciOiJNQT09In0=",
          "dependencies": [
            "module.meraki.data.meraki_network.organizations_networks",
            "module.meraki.data.meraki_organization.organizations",
            "module.meraki.meraki_appliance_vlans_settings.networks_appliance_vlans_settings",
            "module.meraki.meraki_network.organizations_networks",
            "module.meraki.meraki_network_device_claim.networks_devices_claim",
            "module.meraki.meraki_network_group_policy.networks_group_policies",
            "module.meraki.meraki_organization.organizations",
            "module.meraki.meraki_organization_inventory_claim.organizations_inventory"
          ]
        },
        {
          "index_key": "DOMAIN_NAME/lsudduth@gmail.com/142 Mantis/3",
          "schema_version": 0,
          "attributes": {
            "appliance_ip": "192.168.3.1",
            "cidr": null,
            "dhcp_boot_filename": null,
            "dhcp_boot_next_server": null,
            "dhcp_boot_options_enabled": null,
            "dhcp_handling": null,
            "dhcp_lease_time": null,
            "dhcp_options": null,
            "dhcp_relay_server_ips": null,
            "dns_nameservers": null,
            "fixed_ip_assignments": null,
            "group_policy_id": null,
            "id": "3",
            "ipv6_enabled": null,
            "ipv6_prefix_assignments": null,
            "mandatory_dhcp_enabled": null,
            "mask": null,
            "name": "IoT",
            "network_id": "L_658088495549515100",
            "reserved_ip_ranges": null,
            "subnet": "192.168.3.0/24",
            "template_vlan_type": null,
            "vlan_id": "3",
            "vpn_nat_subnet": null
          },
          "sensitive_attributes": [],
          "private": "eyJpbXBvcnRpbmciOiJNQT09In0=",
          "dependencies": [
            "module.meraki.data.meraki_network.organizations_networks",
            "module.meraki.data.meraki_organization.organizations",
            "module.meraki.meraki_appliance_vlans_settings.networks_appliance_vlans_settings",
            "module.meraki.meraki_network.organizations_networks",
            "module.meraki.meraki_network_device_claim.networks_devices_claim",
            "module.meraki.meraki_network_group_policy.networks_group_policies",
            "module.meraki.meraki_organization.organizations",
            "module.meraki.meraki_organization_inventory_claim.organizations_inventory"
          ]
        },
        {
          "index_key": "DOMAIN_NAME/lsudduth@gmail.com/142 Mantis/4",
          "schema_version": 0,
          "attributes": {
            "appliance_ip": "192.168.4.1",
            "cidr": null,
            "dhcp_boot_filename": null,
            "dhcp_boot_next_server": null,
            "dhcp_boot_options_enabled": null,
            "dhcp_handling": null,
            "dhcp_lease_time": null,
            "dhcp_options": null,
            "dhcp_relay_server_ips": null,
            "dns_nameservers": null,
            "fixed_ip_assignments": null,
            "group_policy_id": null,
            "id": "4",
            "ipv6_enabled": null,
            "ipv6_prefix_assignments": null,
            "mandatory_dhcp_enabled": null,
            "mask": null,
            "name": "Turkey",
            "network_id": "L_658088495549515100",
            "reserved_ip_ranges": null,
            "subnet": "192.168.4.0/24",
            "template_vlan_type": null,
            "vlan_id": "4",
            "vpn_nat_subnet": null
          },
          "sensitive_attributes": [],
          "private": "eyJpbXBvcnRpbmciOiJNQT09In0=",
          "dependencies": [
            "module.meraki.data.meraki_network.organizations_networks",
            "module.meraki.data.meraki_organization.organizations",
            "module.meraki.meraki_appliance_vlans_settings.networks_appliance_vlans_settings",
            "module.meraki.meraki_network.organizations_networks",
            "module.meraki.meraki_network_device_claim.networks_devices_claim",
            "module.meraki.meraki_network_group_policy.networks_group_policies",
            "module.meraki.meraki_organization.organizations",
            "module.meraki.meraki_organization_inventory_claim.organizations_inventory"
          ]
        },
        {
          "index_key": "DOMAIN_NAME/lsudduth@gmail.com/142 Mantis/5",
          "schema_version": 0,
          "attributes": {
            "appliance_ip": "192.168.5.1",
            "cidr": null,
            "dhcp_boot_filename": null,
            "dhcp_boot_next_server": null,
            "dhcp_boot_options_enabled": null,
            "dhcp_handling": null,
            "dhcp_lease_time": null,
            "dhcp_options": null,
            "dhcp_relay_server_ips": null,
            "dns_nameservers": null,
            "fixed_ip_assignments": null,
            "group_policy_id": null,
            "id": "5",
            "ipv6_enabled": null,
            "ipv6_prefix_assignments": null,
            "mandatory_dhcp_enabled": null,
            "mask": null,
            "name": "Beatles",
            "network_id": "L_658088495549515100",
            "reserved_ip_ranges": null,
            "subnet": "192.168.5.0/24",
            "template_vlan_type": null,
            "vlan_id": "5",
            "vpn_nat_subnet": null
          },
          "sensitive_attributes": [],
          "private": "eyJpbXBvcnRpbmciOiJNQT09In0=",
          "dependencies": [
            "module.meraki.data.meraki_network.organizations_networks",
            "module.meraki.data.meraki_organization.organizations",
            "module.meraki.meraki_appliance_vlans_settings.networks_appliance_vlans_settings",
            "module.meraki.meraki_network.organizations_networks",
            "module.meraki.meraki_network_device_claim.networks_devices_claim",
            "module.meraki.meraki_network_group_policy.networks_group_policies",
            "module.meraki.meraki_organization.organizations",
            "module.meraki.meraki_organization_inventory_claim.organizations_inventory"
          ]
        }
      ]
    },
    {
      "module": "module.meraki",
      "mode": "managed",
      "type": "meraki_appliance_vlan_dhcp",
      "name": "networks_appliance_vlans_dhcp",
      "provider": "provider[\"registry.terraform.io/ciscodevnet/meraki\"]",
      "instances": [
        {
          "index_key": "DOMAIN_NAME/lsudduth@gmail.com/142 Mantis/1",
          "schema_version": 0,
          "attributes": {
            "dhcp_boot_filename": null,
            "dhcp_boot_next_server": null,
            "dhcp_boot_options_enabled": false,
            "dhcp_handling": "Run a DHCP server",
            "dhcp_lease_time": "1 week",
            "dhcp_options": null,
            "dhcp_relay_server_ips": null,
            "dns_nameservers": "opendns",
            "fixed_ip_assignments": {
              "00:81:c4:81:4c:c0": {
                "ip": "192.168.0.101",
                "name": "device-default-1"
              },
              "c4:ea:1d:cc:55:d7": {
                "ip": "192.168.0.252",
                "name": "device-default-2"
              },
              "c4:ea:1d:d0:99:87": {
                "ip": "192.168.0.253",
                "name": "device-default-3"
              }
            },
            "id": "1",
            "mandatory_dhcp_enabled": false,
            "network_id": "L_658088495549515100",
            "reserved_ip_ranges": null,
            "vlan_id": "1",
            "vpn_nat_subnet": null
          },
          "sensitive_attributes": [],
          "private": "eyJpbXBvcnRpbmciOiJNQT09In0=",
          "dependencies": [
            "module.meraki.data.meraki_network.organizations_networks",
            "module.meraki.data.meraki_organization.organizations",
            "module.meraki.meraki_appliance_vlan.networks_appliance_vlans",
            "module.meraki.meraki_appliance_vlans_settings.networks_appliance_vlans_settings",
            "module.meraki.meraki_network.organizations_networks",
            "module.meraki.meraki_network_device_claim.networks_devices_claim",
            "module.meraki.meraki_network_group_policy.networks_group_policies",
            "module.meraki.meraki_organization.organizations",
            "module.meraki.meraki_organization_inventory_claim.organizations_inventory"
          ]
        },
        {
          "index_key": "DOMAIN_NAME/lsudduth@gmail.com/142 Mantis/2",
          "schema_version": 0,
          "attributes": {
            "dhcp_boot_filename": null,
            "dhcp_boot_next_server": null,
            "dhcp_boot_options_enabled": false,
            "dhcp_handling": "Run a DHCP server",
            "dhcp_lease_time": "1 week",
            "dhcp_options": null,
            "dhcp_relay_server_ips": null,
            "dns_nameservers": "opendns",
            "fixed_ip_assignments": {
              "00:1e:e5:04:1d:e9": {
                "ip": "192.168.2.44",
                "name": "device-office-1"
              },
              "88:51:fb:58:83:03": {
                "ip": "192.168.2.22",
                "name": "hp-server-2"
              },
              "98:90:96:9a:f4:c0": {
                "ip": "192.168.2.24",
                "name": "device-office-2"
              },
              "b4:b5:2f:d7:19:bb": {
                "ip": "192.168.2.25",
                "name": "hp-server-1"
              },
              "d4:6d:50:cf:01:3e": {
                "ip": "192.168.2.19",
                "name": "device-office-3"
              },
              "dc:4a:3e:6e:16:65": {
                "ip": "192.168.2.33",
                "name": "device-office-4"
              },
              "dc:a6:32:6c:26:9f": {
                "ip": "192.168.2.32",
                "name": "device-office-5"
              },
              "e4:5f:01:43:7e:27": {
                "ip": "192.168.2.29",
                "name": "device-office-6"
              }
            },
            "id": "2",
            "mandatory_dhcp_enabled": false,
            "network_id": "L_658088495549515100",
            "reserved_ip_ranges": null,
            "vlan_id": "2",
            "vpn_nat_subnet": null
          },
          "sensitive_attributes": [],
          "private": "eyJpbXBvcnRpbmciOiJNQT09In0=",
          "dependencies": [
            "module.meraki.data.meraki_network.organizations_networks",
            "module.meraki.data.meraki_organization.organizations",
            "module.meraki.meraki_appliance_vlan.networks_appliance_vlans",
            "module.meraki.meraki_appliance_vlans_settings.networks_appliance_vlans_settings",
            "module.meraki.meraki_network.organizations_networks",
            "module.meraki.meraki_network_device_claim.networks_devices_claim",
            "module.meraki.meraki_network_group_policy.networks_group_policies",
            "module.meraki.meraki_organization.organizations",
            "module.meraki.meraki_organization_inventory_claim.organizations_inventory"
          ]
        },
        {
          "index_key": "DOMAIN_NAME/lsudduth@gmail.com/142 Mantis/3",
          "schema_version": 0,
          "attributes": {
            "dhcp_boot_filename": null,
            "dhcp_boot_next_server": null,
            "dhcp_boot_options_enabled": false,
            "dhcp_handling": "Run a DHCP server",
            "dhcp_lease_time": "1 week",
            "dhcp_options": null,
            "dhcp_relay_server_ips": null,
            "dns_nameservers": "opendns",
            "fixed_ip_assignments": null,
            "id": "3",
            "mandatory_dhcp_enabled": false,
            "network_id": "L_658088495549515100",
            "reserved_ip_ranges": null,
            "vlan_id": "3",
            "vpn_nat_subnet": null
          },
          "sensitive_attributes": [],
          "private": "eyJpbXBvcnRpbmciOiJNQT09In0=",
          "dependencies": [
            "module.meraki.data.meraki_network.organizations_networks",
            "module.meraki.data.meraki_organization.organizations",
            "module.meraki.meraki_appliance_vlan.networks_appliance_vlans",
            "module.meraki.meraki_appliance_vlans_settings.networks_appliance_vlans_settings",
            "module.meraki.meraki_network.organizations_networks",
            "module.meraki.meraki_network_device_claim.networks_devices_claim",
            "module.meraki.meraki_network_group_policy.networks_group_policies",
            "module.meraki.meraki_organization.organizations",
            "module.meraki.meraki_organization_inventory_claim.organizations_inventory"
          ]
        },
        {
          "index_key": "DOMAIN_NAME/lsudduth@gmail.com/142 Mantis/4",
          "schema_version": 0,
          "attributes": {
            "dhcp_boot_filename": null,
            "dhcp_boot_next_server": null,
            "dhcp_boot_options_enabled": false,
            "dhcp_handling": "Run a DHCP server",
            "dhcp_lease_time": "1 week",
            "dhcp_options": null,
            "dhcp_relay_server_ips": null,
            "dns_nameservers": "opendns",
            "fixed_ip_assignments": null,
            "id": "4",
            "mandatory_dhcp_enabled": false,
            "network_id": "L_658088495549515100",
            "reserved_ip_ranges": null,
            "vlan_id": "4",
            "vpn_nat_subnet": null
          },
          "sensitive_attributes": [],
          "private": "eyJpbXBvcnRpbmciOiJNQT09In0=",
          "dependencies": [
            "module.meraki.data.meraki_network.organizations_networks",
            "module.meraki.data.meraki_organization.organizations",
            "module.meraki.meraki_appliance_vlan.networks_appliance_vlans",
            "module.meraki.meraki_appliance_vlans_settings.networks_appliance_vlans_settings",
            "module.meraki.meraki_network.organizations_networks",
            "module.meraki.meraki_network_device_claim.networks_devices_claim",
            "module.meraki.meraki_network_group_policy.networks_group_policies",
            "module.meraki.meraki_organization.organizations",
            "module.meraki.meraki_organization_inventory_claim.organizations_inventory"
          ]
        },
        {
          "index_key": "DOMAIN_NAME/lsudduth@gmail.com/142 Mantis/5",
          "schema_version": 0,
          "attributes": {
            "dhcp_boot_filename": null,
            "dhcp_boot_next_server": null,
            "dhcp_boot_options_enabled": false,
            "dhcp_handling": "Run a DHCP server",
            "dhcp_lease_time": "1 week",
            "dhcp_options": null,
            "dhcp_relay_server_ips": null,
            "dns_nameservers": "opendns",
            "fixed_ip_assignments": {
              "00:18:dd:31:8b:1b": {
                "ip": "192.168.5.186",
                "name": "device-beatles-1"
              },
              "00:18:dd:31:a5:d5": {
                "ip": "192.168.5.191",
                "name": "device-beatles-2"
              },
              "00:50:56:36:72:e9": {
                "ip": "192.168.5.244",
                "name": "device-beatles-3"
              },
              "18:03:73:d1:d5:5c": {
                "ip": "192.168.5.183",
                "name": "device-beatles-4"
              },
              "74:ac:b9:73:01:65": {
                "ip": "192.168.5.133",
                "name": "device-beatles-5"
              },
              "c6:3c:64:c4:b4:31": {
                "ip": "192.168.5.188",
                "name": "device-beatles-6"
              }
            },
            "id": "5",
            "mandatory_dhcp_enabled": false,
            "network_id": "L_658088495549515100",
            "reserved_ip_ranges": null,
            "vlan_id": "5",
            "vpn_nat_subnet": null
          },
          "sensitive_attributes": [],
          "private": "eyJpbXBvcnRpbmciOiJNQT09In0=",
          "dependencies": [
            "module.meraki.data.meraki_network.organizations_networks",
            "module.meraki.data.meraki_organization.organizations",
            "module.meraki.meraki_appliance_vlan.networks_appliance_vlans",
            "module.meraki.meraki_appliance_vlans_settings.networks_appliance_vlans_settings",
            "module.meraki.meraki_network.organizations_networks",
            "module.meraki.meraki_network_device_claim.networks_devices_claim",
            "module.meraki.meraki_network_group_policy.networks_group_policies",
            "module.meraki.meraki_organization.organizations",
            "module.meraki.meraki_organization_inventory_claim.organizations_inventory"
          ]
        }
      ]
    },
    {
      "module": "module.meraki",
      "mode": "managed",
      "type": "meraki_appliance_vlans_settings",
      "name": "networks_appliance_vlans_settings",
      "provider": "provider[\"registry.terraform.io/ciscodevnet/meraki\"]",
      "instances": [
        {
          "index_key": "DOMAIN_NAME/lsudduth@gmail.com/142 Mantis",
          "schema_version": 0,
          "attributes": {
            "id": "L_658088495549515100",
            "network_id": "L_658088495549515100",
            "vlans_enabled": true
          },
          "sensitive_attributes": [],
          "private": "eyJpbXBvcnRpbmciOiJNQT09In0=",
          "dependencies": [
            "module.meraki.data.meraki_network.organizations_networks",
            "module.meraki.data.meraki_organization.organizations",
            "module.meraki.meraki_network.organizations_networks",
            "module.meraki.meraki_network_device_claim.networks_devices_claim",
            "module.meraki.meraki_organization.organizations",
            "module.meraki.meraki_organization_inventory_claim.organizations_inventory"
          ]
        }
      ]
    },
    {
      "module": "module.meraki",
      "mode": "managed",
      "type": "meraki_appliance_warm_spare",
      "name": "networks_appliance_warm_spare",
      "provider": "provider[\"registry.terraform.io/ciscodevnet/meraki\"]",
      "instances": [
        {
          "index_key": "DOMAIN_NAME/lsudduth@gmail.com/142 Mantis",
          "schema_version": 0,
          "attributes": {
            "enabled": false,
            "id": "L_658088495549515100",
            "network_id": "L_658088495549515100",
            "spare_serial": null,
            "uplink_mode": null,
            "virtual_ip1": null,
            "virtual_ip2": null
          },
          "sensitive_attributes": [],
          "private": "eyJpbXBvcnRpbmciOiJNQT09In0=",
          "dependencies": [
            "module.meraki.data.meraki_network.organizations_networks",
            "module.meraki.data.meraki_organization.organizations",
            "module.meraki.meraki_device.devices",
            "module.meraki.meraki_network.organizations_networks",
            "module.meraki.meraki_network_device_claim.networks_devices_claim",
            "module.meraki.meraki_network_floor_plan.networks_floor_plans",
            "module.meraki.meraki_organization.organizations",
            "module.meraki.meraki_organization_inventory_claim.organizations_inventory"
          ]
        }
      ]
    },
    {
      "module": "module.meraki",
      "mode": "managed",
      "type": "meraki_device",
      "name": "devices",
      "provider": "provider[\"registry.terraform.io/ciscodevnet/meraki\"]",
      "instances": [
        {
          "index_key": "DOMAIN_NAME/lsudduth@gmail.com/142 Mantis/1st Floor - AP",
          "schema_version": 0,
          "attributes": {
            "address": "142 Mantis\nPittsboro, NC 27312",
            "floor_plan_id": null,
            "id": "Q2JD-BN8D-48YJ",
            "lat": 35.7464999,
            "lng": -79.10909459999999,
            "move_map_marker": null,
            "name": "1st Floor - AP",
            "notes": null,
            "serial": "Q2JD-BN8D-48YJ",
            "switch_profile_id": null,
            "tags": null
          },
          "sensitive_attributes": [],
          "private": "eyJpbXBvcnRpbmciOiJNQT09In0=",
          "dependencies": [
            "module.meraki.data.meraki_network.organizations_networks",
            "module.meraki.data.meraki_organization.organizations",
            "module.meraki.meraki_network.organizations_networks",
            "module.meraki.meraki_network_device_claim.networks_devices_claim",
            "module.meraki.meraki_network_floor_plan.networks_floor_plans",
            "module.meraki.meraki_organization.organizations",
            "module.meraki.meraki_organization_inventory_claim.organizations_inventory"
          ]
        },
        {
          "index_key": "DOMAIN_NAME/lsudduth@gmail.com/142 Mantis/Back Porch - AP",
          "schema_version": 0,
          "attributes": {
            "address": "142 Mantis",
            "floor_plan_id": null,
            "id": "Q2YD-QDFX-TZAT",
            "lat": 35.7465,
            "lng": -79.10914,
            "move_map_marker": null,
            "name": "Back Porch - AP",
            "notes": null,
            "serial": "Q2YD-QDFX-TZAT",
            "switch_profile_id": null,
            "tags": null
          },
          "sensitive_attributes": [],
          "private": "eyJpbXBvcnRpbmciOiJNQT09In0=",
          "dependencies": [
            "module.meraki.data.meraki_network.organizations_networks",
            "module.meraki.data.meraki_organization.organizations",
            "module.meraki.meraki_network.organizations_networks",
            "module.meraki.meraki_network_device_claim.networks_devices_claim",
            "module.meraki.meraki_network_floor_plan.networks_floor_plans",
            "module.meraki.meraki_organization.organizations",
            "module.meraki.meraki_organization_inventory_claim.organizations_inventory"
          ]
        },
        {
          "index_key": "DOMAIN_NAME/lsudduth@gmail.com/142 Mantis/Bedroom - AP",
          "schema_version": 0,
          "attributes": {
            "address": null,
            "floor_plan_id": null,
            "id": "Q3AJ-N8NU-8L2K",
            "lat": 37.4180951010362,
            "lng": -122.098531723022,
            "move_map_marker": null,
            "name": "Bedroom - AP",
            "notes": null,
            "serial": "Q3AJ-N8NU-8L2K",
            "switch_profile_id": null,
            "tags": null
          },
          "sensitive_attributes": [],
          "private": "eyJpbXBvcnRpbmciOiJNQT09In0=",
          "dependencies": [
            "module.meraki.data.meraki_network.organizations_networks",
            "module.meraki.data.meraki_organization.organizations",
            "module.meraki.meraki_network.organizations_networks",
            "module.meraki.meraki_network_device_claim.networks_devices_claim",
            "module.meraki.meraki_network_floor_plan.networks_floor_plans",
            "module.meraki.meraki_organization.organizations",
            "module.meraki.meraki_organization_inventory_claim.organizations_inventory"
          ]
        },
        {
          "index_key": "DOMAIN_NAME/lsudduth@gmail.com/142 Mantis/Crawl Space",
          "schema_version": 0,
          "attributes": {
            "address": "142 Mantis\nPittsboro, NC 27312",
            "floor_plan_id": null,
            "id": "Q2KP-WJS2-XUCV",
            "lat": 35.7465,
            "lng": -79.10909,
            "move_map_marker": null,
            "name": "Crawl Space",
            "notes": null,
            "serial": "Q2KP-WJS2-XUCV",
            "switch_profile_id": null,
            "tags": null
          },
          "sensitive_attributes": [],
          "private": "eyJpbXBvcnRpbmciOiJNQT09In0=",
          "dependencies": [
            "module.meraki.data.meraki_network.organizations_networks",
            "module.meraki.data.meraki_organization.organizations",
            "module.meraki.meraki_network.organizations_networks",
            "module.meraki.meraki_network_device_claim.networks_devices_claim",
            "module.meraki.meraki_network_floor_plan.networks_floor_plans",
            "module.meraki.meraki_organization.organizations",
            "module.meraki.meraki_organization_inventory_claim.organizations_inventory"
          ]
        },
        {
          "index_key": "DOMAIN_NAME/lsudduth@gmail.com/142 Mantis/Front Gate",
          "schema_version": 0,
          "attributes": {
            "address": null,
            "floor_plan_id": null,
            "id": "Q2JV-8EJZ-XQEX",
            "lat": 35.74564149258025,
            "lng": -79.10983443260194,
            "move_map_marker": null,
            "name": "Front Gate",
            "notes": "\nFront Gate",
            "serial": "Q2JV-8EJZ-XQEX",
            "switch_profile_id": null,
            "tags": null
          },
          "sensitive_attributes": [],
          "private": "eyJpbXBvcnRpbmciOiJNQT09In0=",
          "dependencies": [
            "module.meraki.data.meraki_network.organizations_networks",
            "module.meraki.data.meraki_organization.organizations",
            "module.meraki.meraki_network.organizations_networks",
            "module.meraki.meraki_network_device_claim.networks_devices_claim",
            "module.meraki.meraki_network_floor_plan.networks_floor_plans",
            "module.meraki.meraki_organization.organizations",
            "module.meraki.meraki_organization_inventory_claim.organizations_inventory"
          ]
        },
        {
          "index_key": "DOMAIN_NAME/lsudduth@gmail.com/142 Mantis/Garage",
          "schema_version": 0,
          "attributes": {
            "address": "142 Mantis, Pittsboro, NC, 27312",
            "floor_plan_id": null,
            "id": "Q3DD-QCD5-25YL",
            "lat": 35.7465,
            "lng": -79.10909,
            "move_map_marker": null,
            "name": "Garage",
            "notes": null,
            "serial": "Q3DD-QCD5-25YL",
            "switch_profile_id": null,
            "tags": [
              "recently-added"
            ]
          },
          "sensitive_attributes": [],
          "private": "eyJpbXBvcnRpbmciOiJNQT09In0=",
          "dependencies": [
            "module.meraki.data.meraki_network.organizations_networks",
            "module.meraki.data.meraki_organization.organizations",
            "module.meraki.meraki_network.organizations_networks",
            "module.meraki.meraki_network_device_claim.networks_devices_claim",
            "module.meraki.meraki_network_floor_plan.networks_floor_plans",
            "module.meraki.meraki_organization.organizations",
            "module.meraki.meraki_organization_inventory_claim.organizations_inventory"
          ]
        },
        {
          "index_key": "DOMAIN_NAME/lsudduth@gmail.com/142 Mantis/Garage - AP",
          "schema_version": 0,
          "attributes": {
            "address": "142 Mantis\nPittsboro, NC 27312",
            "floor_plan_id": null,
            "id": "Q2JD-UPWR-A7L2",
            "lat": 35.7464999,
            "lng": -79.10909459999999,
            "move_map_marker": null,
            "name": "Garage - AP",
            "notes": null,
            "serial": "Q2JD-UPWR-A7L2",
            "switch_profile_id": null,
            "tags": null
          },
          "sensitive_attributes": [],
          "private": "eyJpbXBvcnRpbmciOiJNQT09In0=",
          "dependencies": [
            "module.meraki.data.meraki_network.organizations_networks",
            "module.meraki.data.meraki_organization.organizations",
            "module.meraki.meraki_network.organizations_networks",
            "module.meraki.meraki_network_device_claim.networks_devices_claim",
            "module.meraki.meraki_network_floor_plan.networks_floor_plans",
            "module.meraki.meraki_organization.organizations",
            "module.meraki.meraki_organization_inventory_claim.organizations_inventory"
          ]
        },
        {
          "index_key": "DOMAIN_NAME/lsudduth@gmail.com/142 Mantis/MX85",
          "schema_version": 0,
          "attributes": {
            "address": "142 Mantis, Pittsboro, NC, 27312",
            "floor_plan_id": null,
            "id": "Q2YN-G2WJ-2BHX",
            "lat": 35.7465,
            "lng": -79.10909,
            "move_map_marker": null,
            "name": "MX85",
            "notes": null,
            "serial": "Q2YN-G2WJ-2BHX",
            "switch_profile_id": null,
            "tags": [
              "recently-added"
            ]
          },
          "sensitive_attributes": [],
          "private": "eyJpbXBvcnRpbmciOiJNQT09In0=",
          "dependencies": [
            "module.meraki.data.meraki_network.organizations_networks",
            "module.meraki.data.meraki_organization.organizations",
            "module.meraki.meraki_network.organizations_networks",
            "module.meraki.meraki_network_device_claim.networks_devices_claim",
            "module.meraki.meraki_network_floor_plan.networks_floor_plans",
            "module.meraki.meraki_organization.organizations",
            "module.meraki.meraki_organization_inventory_claim.organizations_inventory"
          ]
        },
        {
          "index_key": "DOMAIN_NAME/lsudduth@gmail.com/142 Mantis/Master Bedroom - AP",
          "schema_version": 0,
          "attributes": {
            "address": null,
            "floor_plan_id": null,
            "id": "Q3AJ-355Y-W5TT",
            "lat": 37.4180951010362,
            "lng": -122.098531723022,
            "move_map_marker": null,
            "name": "Master Bedroom - AP",
            "notes": null,
            "serial": "Q3AJ-355Y-W5TT",
            "switch_profile_id": null,
            "tags": null
          },
          "sensitive_attributes": [],
          "private": "eyJpbXBvcnRpbmciOiJNQT09In0=",
          "dependencies": [
            "module.meraki.data.meraki_network.organizations_networks",
            "module.meraki.data.meraki_organization.organizations",
            "module.meraki.meraki_network.organizations_networks",
            "module.meraki.meraki_network_device_claim.networks_devices_claim",
            "module.meraki.meraki_network_floor_plan.networks_floor_plans",
            "module.meraki.meraki_organization.organizations",
            "module.meraki.meraki_organization_inventory_claim.organizations_inventory"
          ]
        },
        {
          "index_key": "DOMAIN_NAME/lsudduth@gmail.com/142 Mantis/Office",
          "schema_version": 0,
          "attributes": {
            "address": null,
            "floor_plan_id": null,
            "id": "Q4AC-VFHK-PNYD",
            "lat": 37.4180951010362,
            "lng": -122.098531723022,
            "move_map_marker": null,
            "name": "Office",
            "notes": null,
            "serial": "Q4AC-VFHK-PNYD",
            "switch_profile_id": null,
            "tags": null
          },
          "sensitive_attributes": [],
          "private": "eyJpbXBvcnRpbmciOiJNQT09In0=",
          "dependencies": [
            "module.meraki.data.meraki_network.organizations_networks",
            "module.meraki.data.meraki_organization.organizations",
            "module.meraki.meraki_network.organizations_networks",
            "module.meraki.meraki_network_device_claim.networks_devices_claim",
            "module.meraki.meraki_network_floor_plan.networks_floor_plans",
            "module.meraki.meraki_organization.organizations",
            "module.meraki.meraki_organization_inventory_claim.organizations_inventory"
          ]
        },
        {
          "index_key": "DOMAIN_NAME/lsudduth@gmail.com/142 Mantis/Office AP",
          "schema_version": 0,
          "attributes": {
            "address": null,
            "floor_plan_id": null,
            "id": "Q3AJ-YZ65-2CPX",
            "lat": 37.4180951010362,
            "lng": -122.098531723022,
            "move_map_marker": null,
            "name": "Office AP",
            "notes": null,
            "serial": "Q3AJ-YZ65-2CPX",
            "switch_profile_id": null,
            "tags": null
          },
          "sensitive_attributes": [],
          "private": "eyJpbXBvcnRpbmciOiJNQT09In0=",
          "dependencies": [
            "module.meraki.data.meraki_network.organizations_networks",
            "module.meraki.data.meraki_organization.organizations",
            "module.meraki.meraki_network.organizations_networks",
            "module.meraki.meraki_network_device_claim.networks_devices_claim",
            "module.meraki.meraki_network_floor_plan.networks_floor_plans",
            "module.meraki.meraki_organization.organizations",
            "module.meraki.meraki_organization_inventory_claim.organizations_inventory"
          ]
        },
        {
          "index_key": "DOMAIN_NAME/lsudduth@gmail.com/142 Mantis/Office Sensor",
          "schema_version": 0,
          "attributes": {
            "address": null,
            "floor_plan_id": null,
            "id": "Q3CA-TWK7-HDVN",
            "lat": 37.4180951010362,
            "lng": -122.098531723022,
            "move_map_marker": null,
            "name": "Office Sensor",
            "notes": null,
            "serial": "Q3CA-TWK7-HDVN",
            "switch_profile_id": null,
            "tags": null
          },
          "sensitive_attributes": [],
          "private": "eyJpbXBvcnRpbmciOiJNQT09In0=",
          "dependencies": [
            "module.meraki.data.meraki_network.organizations_networks",
            "module.meraki.data.meraki_organization.organizations",
            "module.meraki.meraki_network.organizations_networks",
            "module.meraki.meraki_network_device_claim.networks_devices_claim",
            "module.meraki.meraki_network_floor_plan.networks_floor_plans",
            "module.meraki.meraki_organization.organizations",
            "module.meraki.meraki_organization_inventory_claim.organizations_inventory"
          ]
        },
        {
          "index_key": "DOMAIN_NAME/lsudduth@gmail.com/142 Mantis/Server Room",
          "schema_version": 0,
          "attributes": {
            "address": "142 Mantis\r\nPittsboro, NC. 27312",
            "floor_plan_id": null,
            "id": "Q2KP-TYDT-Q4SS",
            "lat": 35.746676,
            "lng": -79.10935899999998,
            "move_map_marker": null,
            "name": "Server Room",
            "notes": null,
            "serial": "Q2KP-TYDT-Q4SS",
            "switch_profile_id": null,
            "tags": null
          },
          "sensitive_attributes": [],
          "private": "eyJpbXBvcnRpbmciOiJNQT09In0=",
          "dependencies": [
            "module.meraki.data.meraki_network.organizations_networks",
            "module.meraki.data.meraki_organization.organizations",
            "module.meraki.meraki_network.organizations_networks",
            "module.meraki.meraki_network_device_claim.networks_devices_claim",
            "module.meraki.meraki_network_floor_plan.networks_floor_plans",
            "module.meraki.meraki_organization.organizations",
            "module.meraki.meraki_organization_inventory_claim.organizations_inventory"
          ]
        },
        {
          "index_key": "DOMAIN_NAME/lsudduth@gmail.com/142 Mantis/Servers",
          "schema_version": 0,
          "attributes": {
            "address": null,
            "floor_plan_id": null,
            "id": "Q4CA-HL5D-6V36",
            "lat": 37.4180951010362,
            "lng": -122.098531723022,
            "move_map_marker": null,
            "name": "Servers",
            "notes": null,
            "serial": "Q4CA-HL5D-6V36",
            "switch_profile_id": null,
            "tags": null
          },
          "sensitive_attributes": [],
          "private": "eyJpbXBvcnRpbmciOiJNQT09In0=",
          "dependencies": [
            "module.meraki.data.meraki_network.organizations_networks",
            "module.meraki.data.meraki_organization.organizations",
            "module.meraki.meraki_network.organizations_networks",
            "module.meraki.meraki_network_device_claim.networks_devices_claim",
            "module.meraki.meraki_network_floor_plan.networks_floor_plans",
            "module.meraki.meraki_organization.organizations",
            "module.meraki.meraki_organization_inventory_claim.organizations_inventory"
          ]
        }
      ]
    },
    {
      "module": "module.meraki",
      "mode": "managed",
      "type": "meraki_device_management_interface",
      "name": "devices_management_interface",
      "provider": "provider[\"registry.terraform.io/ciscodevnet/meraki\"]",
      "instances": [
        {
          "index_key": "DOMAIN_NAME/lsudduth@gmail.com/142 Mantis/1st Floor - AP",
          "schema_version": 0,
          "attributes": {
            "id": "Q2JD-BN8D-48YJ",
            "serial": "Q2JD-BN8D-48YJ",
            "wan1_static_dns": null,
            "wan1_static_gateway_ip": null,
            "wan1_static_ip": null,
            "wan1_static_subnet_mask": null,
            "wan1_using_static_ip": false,
            "wan1_vlan": null,
            "wan1_vrf_name": null,
            "wan1_wan_enabled": null,
            "wan2_static_dns": null,
            "wan2_static_gateway_ip": null,
            "wan2_static_ip": null,
            "wan2_static_subnet_mask": null,
            "wan2_using_static_ip": null,
            "wan2_vlan": null,
            "wan2_vrf_name": null,
            "wan2_wan_enabled": null
          },
          "sensitive_attributes": [],
          "private": "eyJpbXBvcnRpbmciOiJNQT09In0=",
          "dependencies": [
            "module.meraki.data.meraki_network.organizations_networks",
            "module.meraki.data.meraki_organization.organizations",
            "module.meraki.meraki_device.devices",
            "module.meraki.meraki_network.organizations_networks",
            "module.meraki.meraki_network_device_claim.networks_devices_claim",
            "module.meraki.meraki_network_floor_plan.networks_floor_plans",
            "module.meraki.meraki_organization.organizations",
            "module.meraki.meraki_organization_inventory_claim.organizations_inventory"
          ]
        },
        {
          "index_key": "DOMAIN_NAME/lsudduth@gmail.com/142 Mantis/Back Porch - AP",
          "schema_version": 0,
          "attributes": {
            "id": "Q2YD-QDFX-TZAT",
            "serial": "Q2YD-QDFX-TZAT",
            "wan1_static_dns": null,
            "wan1_static_gateway_ip": null,
            "wan1_static_ip": null,
            "wan1_static_subnet_mask": null,
            "wan1_using_static_ip": false,
            "wan1_vlan": null,
            "wan1_vrf_name": null,
            "wan1_wan_enabled": null,
            "wan2_static_dns": null,
            "wan2_static_gateway_ip": null,
            "wan2_static_ip": null,
            "wan2_static_subnet_mask": null,
            "wan2_using_static_ip": null,
            "wan2_vlan": null,
            "wan2_vrf_name": null,
            "wan2_wan_enabled": null
          },
          "sensitive_attributes": [],
          "private": "eyJpbXBvcnRpbmciOiJNQT09In0=",
          "dependencies": [
            "module.meraki.data.meraki_network.organizations_networks",
            "module.meraki.data.meraki_organization.organizations",
            "module.meraki.meraki_device.devices",
            "module.meraki.meraki_network.organizations_networks",
            "module.meraki.meraki_network_device_claim.networks_devices_claim",
            "module.meraki.meraki_network_floor_plan.networks_floor_plans",
            "module.meraki.meraki_organization.organizations",
            "module.meraki.meraki_organization_inventory_claim.organizations_inventory"
          ]
        },
        {
          "index_key": "DOMAIN_NAME/lsudduth@gmail.com/142 Mantis/Bedroom - AP",
          "schema_version": 0,
          "attributes": {
            "id": "Q3AJ-N8NU-8L2K",
            "serial": "Q3AJ-N8NU-8L2K",
            "wan1_static_dns": null,
            "wan1_static_gateway_ip": null,
            "wan1_static_ip": null,
            "wan1_static_subnet_mask": null,
            "wan1_using_static_ip": false,
            "wan1_vlan": null,
            "wan1_vrf_name": null,
            "wan1_wan_enabled": null,
            "wan2_static_dns": null,
            "wan2_static_gateway_ip": null,
            "wan2_static_ip": null,
            "wan2_static_subnet_mask": null,
            "wan2_using_static_ip": null,
            "wan2_vlan": null,
            "wan2_vrf_name": null,
            "wan2_wan_enabled": null
          },
          "sensitive_attributes": [],
          "private": "eyJpbXBvcnRpbmciOiJNQT09In0=",
          "dependencies": [
            "module.meraki.data.meraki_network.organizations_networks",
            "module.meraki.data.meraki_organization.organizations",
            "module.meraki.meraki_device.devices",
            "module.meraki.meraki_network.organizations_networks",
            "module.meraki.meraki_network_device_claim.networks_devices_claim",
            "module.meraki.meraki_network_floor_plan.networks_floor_plans",
            "module.meraki.meraki_organization.organizations",
            "module.meraki.meraki_organization_inventory_claim.organizations_inventory"
          ]
        },
        {
          "index_key": "DOMAIN_NAME/lsudduth@gmail.com/142 Mantis/Crawl Space",
          "schema_version": 0,
          "attributes": {
            "id": "Q2KP-WJS2-XUCV",
            "serial": "Q2KP-WJS2-XUCV",
            "wan1_static_dns": null,
            "wan1_static_gateway_ip": null,
            "wan1_static_ip": null,
            "wan1_static_subnet_mask": null,
            "wan1_using_static_ip": false,
            "wan1_vlan": null,
            "wan1_vrf_name": null,
            "wan1_wan_enabled": null,
            "wan2_static_dns": null,
            "wan2_static_gateway_ip": null,
            "wan2_static_ip": null,
            "wan2_static_subnet_mask": null,
            "wan2_using_static_ip": null,
            "wan2_vlan": null,
            "wan2_vrf_name": null,
            "wan2_wan_enabled": null
          },
          "sensitive_attributes": [],
          "private": "eyJpbXBvcnRpbmciOiJNQT09In0=",
          "dependencies": [
            "module.meraki.data.meraki_network.organizations_networks",
            "module.meraki.data.meraki_organization.organizations",
            "module.meraki.meraki_device.devices",
            "module.meraki.meraki_network.organizations_networks",
            "module.meraki.meraki_network_device_claim.networks_devices_claim",
            "module.meraki.meraki_network_floor_plan.networks_floor_plans",
            "module.meraki.meraki_organization.organizations",
            "module.meraki.meraki_organization_inventory_claim.organizations_inventory"
          ]
        },
        {
          "index_key": "DOMAIN_NAME/lsudduth@gmail.com/142 Mantis/Garage",
          "schema_version": 0,
          "attributes": {
            "id": "Q3DD-QCD5-25YL",
            "serial": "Q3DD-QCD5-25YL",
            "wan1_static_dns": null,
            "wan1_static_gateway_ip": null,
            "wan1_static_ip": null,
            "wan1_static_subnet_mask": null,
            "wan1_using_static_ip": false,
            "wan1_vlan": null,
            "wan1_vrf_name": null,
            "wan1_wan_enabled": null,
            "wan2_static_dns": null,
            "wan2_static_gateway_ip": null,
            "wan2_static_ip": null,
            "wan2_static_subnet_mask": null,
            "wan2_using_static_ip": null,
            "wan2_vlan": null,
            "wan2_vrf_name": null,
            "wan2_wan_enabled": null
          },
          "sensitive_attributes": [],
          "private": "eyJpbXBvcnRpbmciOiJNQT09In0=",
          "dependencies": [
            "module.meraki.data.meraki_network.organizations_networks",
            "module.meraki.data.meraki_organization.organizations",
            "module.meraki.meraki_device.devices",
            "module.meraki.meraki_network.organizations_networks",
            "module.meraki.meraki_network_device_claim.networks_devices_claim",
            "module.meraki.meraki_network_floor_plan.networks_floor_plans",
            "module.meraki.meraki_organization.organizations",
            "module.meraki.meraki_organization_inventory_claim.organizations_inventory"
          ]
        },
        {
          "index_key": "DOMAIN_NAME/lsudduth@gmail.com/142 Mantis/Garage - AP",
          "schema_version": 0,
          "attributes": {
            "id": "Q2JD-UPWR-A7L2",
            "serial": "Q2JD-UPWR-A7L2",
            "wan1_static_dns": null,
            "wan1_static_gateway_ip": null,
            "wan1_static_ip": null,
            "wan1_static_subnet_mask": null,
            "wan1_using_static_ip": false,
            "wan1_vlan": null,
            "wan1_vrf_name": null,
            "wan1_wan_enabled": null,
            "wan2_static_dns": null,
            "wan2_static_gateway_ip": null,
            "wan2_static_ip": null,
            "wan2_static_subnet_mask": null,
            "wan2_using_static_ip": null,
            "wan2_vlan": null,
            "wan2_vrf_name": null,
            "wan2_wan_enabled": null
          },
          "sensitive_attributes": [],
          "private": "eyJpbXBvcnRpbmciOiJNQT09In0=",
          "dependencies": [
            "module.meraki.data.meraki_network.organizations_networks",
            "module.meraki.data.meraki_organization.organizations",
            "module.meraki.meraki_device.devices",
            "module.meraki.meraki_network.organizations_networks",
            "module.meraki.meraki_network_device_claim.networks_devices_claim",
            "module.meraki.meraki_network_floor_plan.networks_floor_plans",
            "module.meraki.meraki_organization.organizations",
            "module.meraki.meraki_organization_inventory_claim.organizations_inventory"
          ]
        },
        {
          "index_key": "DOMAIN_NAME/lsudduth@gmail.com/142 Mantis/MX85",
          "schema_version": 0,
          "attributes": {
            "id": "Q2YN-G2WJ-2BHX",
            "serial": "Q2YN-G2WJ-2BHX",
            "wan1_static_dns": null,
            "wan1_static_gateway_ip": null,
            "wan1_static_ip": null,
            "wan1_static_subnet_mask": null,
            "wan1_using_static_ip": false,
            "wan1_vlan": null,
            "wan1_vrf_name": null,
            "wan1_wan_enabled": "enabled",
            "wan2_static_dns": null,
            "wan2_static_gateway_ip": null,
            "wan2_static_ip": null,
            "wan2_static_subnet_mask": null,
            "wan2_using_static_ip": false,
            "wan2_vlan": null,
            "wan2_vrf_name": null,
            "wan2_wan_enabled": "disabled"
          },
          "sensitive_attributes": [],
          "private": "eyJpbXBvcnRpbmciOiJNQT09In0=",
          "dependencies": [
            "module.meraki.data.meraki_network.organizations_networks",
            "module.meraki.data.meraki_organization.organizations",
            "module.meraki.meraki_device.devices",
            "module.meraki.meraki_network.organizations_networks",
            "module.meraki.meraki_network_device_claim.networks_devices_claim",
            "module.meraki.meraki_network_floor_plan.networks_floor_plans",
            "module.meraki.meraki_organization.organizations",
            "module.meraki.meraki_organization_inventory_claim.organizations_inventory"
          ]
        },
        {
          "index_key": "DOMAIN_NAME/lsudduth@gmail.com/142 Mantis/Master Bedroom - AP",
          "schema_version": 0,
          "attributes": {
            "id": "Q3AJ-355Y-W5TT",
            "serial": "Q3AJ-355Y-W5TT",
            "wan1_static_dns": null,
            "wan1_static_gateway_ip": null,
            "wan1_static_ip": null,
            "wan1_static_subnet_mask": null,
            "wan1_using_static_ip": false,
            "wan1_vlan": null,
            "wan1_vrf_name": null,
            "wan1_wan_enabled": null,
            "wan2_static_dns": null,
            "wan2_static_gateway_ip": null,
            "wan2_static_ip": null,
            "wan2_static_subnet_mask": null,
            "wan2_using_static_ip": null,
            "wan2_vlan": null,
            "wan2_vrf_name": null,
            "wan2_wan_enabled": null
          },
          "sensitive_attributes": [],
          "private": "eyJpbXBvcnRpbmciOiJNQT09In0=",
          "dependencies": [
            "module.meraki.data.meraki_network.organizations_networks",
            "module.meraki.data.meraki_organization.organizations",
            "module.meraki.meraki_device.devices",
            "module.meraki.meraki_network.organizations_networks",
            "module.meraki.meraki_network_device_claim.networks_devices_claim",
            "module.meraki.meraki_network_floor_plan.networks_floor_plans",
            "module.meraki.meraki_organization.organizations",
            "module.meraki.meraki_organization_inventory_claim.organizations_inventory"
          ]
        },
        {
          "index_key": "DOMAIN_NAME/lsudduth@gmail.com/142 Mantis/Office",
          "schema_version": 0,
          "attributes": {
            "id": "Q4AC-VFHK-PNYD",
            "serial": "Q4AC-VFHK-PNYD",
            "wan1_static_dns": null,
            "wan1_static_gateway_ip": null,
            "wan1_static_ip": null,
            "wan1_static_subnet_mask": null,
            "wan1_using_static_ip": false,
            "wan1_vlan": null,
            "wan1_vrf_name": null,
            "wan1_wan_enabled": null,
            "wan2_static_dns": null,
            "wan2_static_gateway_ip": null,
            "wan2_static_ip": null,
            "wan2_static_subnet_mask": null,
            "wan2_using_static_ip": null,
            "wan2_vlan": null,
            "wan2_vrf_name": null,
            "wan2_wan_enabled": null
          },
          "sensitive_attributes": [],
          "private": "eyJpbXBvcnRpbmciOiJNQT09In0=",
          "dependencies": [
            "module.meraki.data.meraki_network.organizations_networks",
            "module.meraki.data.meraki_organization.organizations",
            "module.meraki.meraki_device.devices",
            "module.meraki.meraki_network.organizations_networks",
            "module.meraki.meraki_network_device_claim.networks_devices_claim",
            "module.meraki.meraki_network_floor_plan.networks_floor_plans",
            "module.meraki.meraki_organization.organizations",
            "module.meraki.meraki_organization_inventory_claim.organizations_inventory"
          ]
        },
        {
          "index_key": "DOMAIN_NAME/lsudduth@gmail.com/142 Mantis/Office AP",
          "schema_version": 0,
          "attributes": {
            "id": "Q3AJ-YZ65-2CPX",
            "serial": "Q3AJ-YZ65-2CPX",
            "wan1_static_dns": null,
            "wan1_static_gateway_ip": null,
            "wan1_static_ip": null,
            "wan1_static_subnet_mask": null,
            "wan1_using_static_ip": false,
            "wan1_vlan": null,
            "wan1_vrf_name": null,
            "wan1_wan_enabled": null,
            "wan2_static_dns": null,
            "wan2_static_gateway_ip": null,
            "wan2_static_ip": null,
            "wan2_static_subnet_mask": null,
            "wan2_using_static_ip": null,
            "wan2_vlan": null,
            "wan2_vrf_name": null,
            "wan2_wan_enabled": null
          },
          "sensitive_attributes": [],
          "private": "eyJpbXBvcnRpbmciOiJNQT09In0=",
          "dependencies": [
            "module.meraki.data.meraki_network.organizations_networks",
            "module.meraki.data.meraki_organization.organizations",
            "module.meraki.meraki_device.devices",
            "module.meraki.meraki_network.organizations_networks",
            "module.meraki.meraki_network_device_claim.networks_devices_claim",
            "module.meraki.meraki_network_floor_plan.networks_floor_plans",
            "module.meraki.meraki_organization.organizations",
            "module.meraki.meraki_organization_inventory_claim.organizations_inventory"
          ]
        },
        {
          "index_key": "DOMAIN_NAME/lsudduth@gmail.com/142 Mantis/Office Sensor",
          "schema_version": 0,
          "attributes": {
            "id": "Q3CA-TWK7-HDVN",
            "serial": "Q3CA-TWK7-HDVN",
            "wan1_static_dns": null,
            "wan1_static_gateway_ip": null,
            "wan1_static_ip": null,
            "wan1_static_subnet_mask": null,
            "wan1_using_static_ip": false,
            "wan1_vlan": null,
            "wan1_vrf_name": null,
            "wan1_wan_enabled": null,
            "wan2_static_dns": null,
            "wan2_static_gateway_ip": null,
            "wan2_static_ip": null,
            "wan2_static_subnet_mask": null,
            "wan2_using_static_ip": null,
            "wan2_vlan": null,
            "wan2_vrf_name": null,
            "wan2_wan_enabled": null
          },
          "sensitive_attributes": [],
          "private": "eyJpbXBvcnRpbmciOiJNQT09In0=",
          "dependencies": [
            "module.meraki.data.meraki_network.organizations_networks",
            "module.meraki.data.meraki_organization.organizations",
            "module.meraki.meraki_device.devices",
            "module.meraki.meraki_network.organizations_networks",
            "module.meraki.meraki_network_device_claim.networks_devices_claim",
            "module.meraki.meraki_network_floor_plan.networks_floor_plans",
            "module.meraki.meraki_organization.organizations",
            "module.meraki.meraki_organization_inventory_claim.organizations_inventory"
          ]
        },
        {
          "index_key": "DOMAIN_NAME/lsudduth@gmail.com/142 Mantis/Server Room",
          "schema_version": 0,
          "attributes": {
            "id": "Q2KP-TYDT-Q4SS",
            "serial": "Q2KP-TYDT-Q4SS",
            "wan1_static_dns": null,
            "wan1_static_gateway_ip": null,
            "wan1_static_ip": null,
            "wan1_static_subnet_mask": null,
            "wan1_using_static_ip": false,
            "wan1_vlan": null,
            "wan1_vrf_name": null,
            "wan1_wan_enabled": null,
            "wan2_static_dns": null,
            "wan2_static_gateway_ip": null,
            "wan2_static_ip": null,
            "wan2_static_subnet_mask": null,
            "wan2_using_static_ip": null,
            "wan2_vlan": null,
            "wan2_vrf_name": null,
            "wan2_wan_enabled": null
          },
          "sensitive_attributes": [],
          "private": "eyJpbXBvcnRpbmciOiJNQT09In0=",
          "dependencies": [
            "module.meraki.data.meraki_network.organizations_networks",
            "module.meraki.data.meraki_organization.organizations",
            "module.meraki.meraki_device.devices",
            "module.meraki.meraki_network.organizations_networks",
            "module.meraki.meraki_network_device_claim.networks_devices_claim",
            "module.meraki.meraki_network_floor_plan.networks_floor_plans",
            "module.meraki.meraki_organization.organizations",
            "module.meraki.meraki_organization_inventory_claim.organizations_inventory"
          ]
        },
        {
          "index_key": "DOMAIN_NAME/lsudduth@gmail.com/142 Mantis/Servers",
          "schema_version": 0,
          "attributes": {
            "id": "Q4CA-HL5D-6V36",
            "serial": "Q4CA-HL5D-6V36",
            "wan1_static_dns": null,
            "wan1_static_gateway_ip": null,
            "wan1_static_ip": null,
            "wan1_static_subnet_mask": null,
            "wan1_using_static_ip": false,
            "wan1_vlan": null,
            "wan1_vrf_name": null,
            "wan1_wan_enabled": null,
            "wan2_static_dns": null,
            "wan2_static_gateway_ip": null,
            "wan2_static_ip": null,
            "wan2_static_subnet_mask": null,
            "wan2_using_static_ip": null,
            "wan2_vlan": null,
            "wan2_vrf_name": null,
            "wan2_wan_enabled": null
          },
          "sensitive_attributes": [],
          "private": "eyJpbXBvcnRpbmciOiJNQT09In0=",
          "dependencies": [
            "module.meraki.data.meraki_network.organizations_networks",
            "module.meraki.data.meraki_organization.organizations",
            "module.meraki.meraki_device.devices",
            "module.meraki.meraki_network.organizations_networks",
            "module.meraki.meraki_network_device_claim.networks_devices_claim",
            "module.meraki.meraki_network_floor_plan.networks_floor_plans",
            "module.meraki.meraki_organization.organizations",
            "module.meraki.meraki_organization_inventory_claim.organizations_inventory"
          ]
        }
      ]
    },
    {
      "module": "module.meraki",
      "mode": "managed",
      "type": "meraki_network",
      "name": "organizations_networks",
      "provider": "provider[\"registry.terraform.io/ciscodevnet/meraki\"]",
      "instances": [
        {
          "index_key": "DOMAIN_NAME/lsudduth@gmail.com/142 Mantis",
          "schema_version": 0,
          "attributes": {
            "id": "L_658088495549515100",
            "name": "142 Mantis",
            "notes": null,
            "organization_id": "490906",
            "product_types": [
              "appliance",
              "camera",
              "sensor",
              "switch",
              "wireless"
            ],
            "tags": null,
            "time_zone": "America/New_York"
          },
          "sensitive_attributes": [],
          "private": "eyJpbXBvcnRpbmciOiJNQT09In0=",
          "dependencies": [
            "module.meraki.data.meraki_organization.organizations",
            "module.meraki.meraki_organization.organizations",
            "module.meraki.meraki_organization_inventory_claim.organizations_inventory"
          ]
        },
        {
          "index_key": "DOMAIN_NAME/lsudduth@gmail.com/Systems Manager",
          "schema_version": 0,
          "attributes": {
            "id": "N_658088495549526248",
            "name": "Systems Manager",
            "notes": null,
            "organization_id": "490906",
            "product_types": [
              "systemsManager"
            ],
            "tags": null,
            "time_zone": "America/New_York"
          },
          "sensitive_attributes": [],
          "private": "eyJpbXBvcnRpbmciOiJNQT09In0=",
          "dependencies": [
            "module.meraki.data.meraki_organization.organizations",
            "module.meraki.meraki_organization.organizations",
            "module.meraki.meraki_organization_inventory_claim.organizations_inventory"
          ]
        }
      ]
    },
    {
      "module": "module.meraki",
      "mode": "managed",
      "type": "meraki_network_device_claim",
      "name": "networks_devices_claim",
      "provider": "provider[\"registry.terraform.io/ciscodevnet/meraki\"]",
      "instances": [
        {
          "index_key": "DOMAIN_NAME/lsudduth@gmail.com/142 Mantis",
          "schema_version": 0,
          "attributes": {
            "details_by_device": null,
            "id": "L_658088495549515100",
            "network_id": "L_658088495549515100",
            "serials": [
              "Q2JD-BN8D-48YJ",
              "Q2JD-UPWR-A7L2",
              "Q2JV-8EJZ-XQEX",
              "Q2KP-TYDT-Q4SS",
              "Q2KP-WJS2-XUCV",
              "Q2YD-QDFX-TZAT",
              "Q2YN-G2WJ-2BHX",
              "Q3AJ-355Y-W5TT",
              "Q3AJ-N8NU-8L2K",
              "Q3AJ-YZ65-2CPX",
              "Q3CA-TWK7-HDVN",
              "Q3DD-QCD5-25YL",
              "Q4AC-VFHK-PNYD",
              "Q4CA-HL5D-6V36"
            ]
          },
          "sensitive_attributes": [],
          "private": "eyJpbXBvcnRpbmciOiJNQT09In0=",
          "dependencies": [
            "module.meraki.data.meraki_network.organizations_networks",
            "module.meraki.data.meraki_organization.organizations",
            "module.meraki.meraki_network.organizations_networks",
            "module.meraki.meraki_organization.organizations",
            "module.meraki.meraki_organization_inventory_claim.organizations_inventory"
          ]
        }
      ]
    },
    {
      "module": "module.meraki",
      "mode": "managed",
      "type": "meraki_network_floor_plan",
      "name": "networks_floor_plans",
      "provider": "provider[\"registry.terraform.io/ciscodevnet/meraki\"]",
      "instances": []
    },
    {
      "module": "module.meraki",
      "mode": "managed",
      "type": "meraki_network_group_policy",
      "name": "networks_group_policies",
      "provider": "provider[\"registry.terraform.io/ciscodevnet/meraki\"]",
      "instances": [
        {
          "index_key": "DOMAIN_NAME/lsudduth@gmail.com/142 Mantis/Cisco-VPN",
          "schema_version": 0,
          "attributes": {
            "bandwidth_limit_down": null,
            "bandwidth_limit_up": null,
            "bandwidth_settings": "ignore",
            "bonjour_forwarding_rules": null,
            "bonjour_forwarding_settings": "network default",
            "content_filtering_allowed_url_patterns": null,
            "content_filtering_allowed_url_patterns_settings": "network default",
            "content_filtering_blocked_url_categories": null,
            "content_filtering_blocked_url_categories_settings": "network default",
            "content_filtering_blocked_url_patterns": null,
            "content_filtering_blocked_url_patterns_settings": "network default",
            "firewall_and_traffic_shaping_settings": "custom",
            "force_delete": null,
            "id": "103",
            "l3_firewall_rules": null,
            "l7_firewall_rules": null,
            "name": "Cisco-VPN",
            "network_id": "L_658088495549515100",
            "scheduling_enabled": false,
            "scheduling_friday_active": true,
            "scheduling_friday_from": "00:00",
            "scheduling_friday_to": "24:00",
            "scheduling_monday_active": true,
            "scheduling_monday_from": "00:00",
            "scheduling_monday_to": "24:00",
            "scheduling_saturday_active": true,
            "scheduling_saturday_from": "00:00",
            "scheduling_saturday_to": "24:00",
            "scheduling_sunday_active": true,
            "scheduling_sunday_from": "00:00",
            "scheduling_sunday_to": "24:00",
            "scheduling_thursday_active": true,
            "scheduling_thursday_from": "00:00",
            "scheduling_thursday_to": "24:00",
            "scheduling_tuesday_active": true,
            "scheduling_tuesday_from": "00:00",
            "scheduling_tuesday_to": "24:00",
            "scheduling_wednesday_active": true,
            "scheduling_wednesday_from": "00:00",
            "scheduling_wednesday_to": "24:00",
            "splash_auth_settings": "network default",
            "traffic_shaping_rules": [
              {
                "definitions": [
                  {
                    "type": "host",
                    "value": "any"
                  }
                ],
                "dscp_tag_value": 46,
                "pcp_tag_value": 7,
                "per_client_bandwidth_limits_bandwidth_limits_limit_down": null,
                "per_client_bandwidth_limits_bandwidth_limits_limit_up": null,
                "per_client_bandwidth_limits_settings": "ignore",
                "priority": "normal"
              }
            ],
            "vlan_tagging_settings": "network default",
            "vlan_tagging_vlan_id": null
          },
          "sensitive_attributes": [],
          "private": "eyJpbXBvcnRpbmciOiJNQT09In0=",
          "dependencies": [
            "module.meraki.data.meraki_network.organizations_networks",
            "module.meraki.data.meraki_organization.organizations",
            "module.meraki.meraki_network.organizations_networks",
            "module.meraki.meraki_organization.organizations",
            "module.meraki.meraki_organization_inventory_claim.organizations_inventory"
          ]
        },
        {
          "index_key": "DOMAIN_NAME/lsudduth@gmail.com/142 Mantis/Default",
          "schema_version": 0,
          "attributes": {
            "bandwidth_limit_down": null,
            "bandwidth_limit_up": null,
            "bandwidth_settings": "network default",
            "bonjour_forwarding_rules": null,
            "bonjour_forwarding_settings": "network default",
            "content_filtering_allowed_url_patterns": null,
            "content_filtering_allowed_url_patterns_settings": "network default",
            "content_filtering_blocked_url_categories": null,
            "content_filtering_blocked_url_categories_settings": "network default",
            "content_filtering_blocked_url_patterns": null,
            "content_filtering_blocked_url_patterns_settings": "network default",
            "firewall_and_traffic_shaping_settings": "custom",
            "force_delete": null,
            "id": "100",
            "l3_firewall_rules": null,
            "l7_firewall_rules": null,
            "name": "Default",
            "network_id": "L_658088495549515100",
            "scheduling_enabled": false,
            "scheduling_friday_active": true,
            "scheduling_friday_from": "00:00",
            "scheduling_friday_to": "24:00",
            "scheduling_monday_active": true,
            "scheduling_monday_from": "00:00",
            "scheduling_monday_to": "24:00",
            "scheduling_saturday_active": true,
            "scheduling_saturday_from": "00:00",
            "scheduling_saturday_to": "24:00",
            "scheduling_sunday_active": true,
            "scheduling_sunday_from": "00:00",
            "scheduling_sunday_to": "24:00",
            "scheduling_thursday_active": true,
            "scheduling_thursday_from": "00:00",
            "scheduling_thursday_to": "24:00",
            "scheduling_tuesday_active": true,
            "scheduling_tuesday_from": "00:00",
            "scheduling_tuesday_to": "24:00",
            "scheduling_wednesday_active": true,
            "scheduling_wednesday_from": "00:00",
            "scheduling_wednesday_to": "24:00",
            "splash_auth_settings": "network default",
            "traffic_shaping_rules": null,
            "vlan_tagging_settings": "network default",
            "vlan_tagging_vlan_id": null
          },
          "sensitive_attributes": [],
          "private": "eyJpbXBvcnRpbmciOiJNQT09In0=",
          "dependencies": [
            "module.meraki.data.meraki_network.organizations_networks",
            "module.meraki.data.meraki_organization.organizations",
            "module.meraki.meraki_network.organizations_networks",
            "module.meraki.meraki_organization.organizations",
            "module.meraki.meraki_organization_inventory_claim.organizations_inventory"
          ]
        },
        {
          "index_key": "DOMAIN_NAME/lsudduth@gmail.com/142 Mantis/P2Pool",
          "schema_version": 0,
          "attributes": {
            "bandwidth_limit_down": null,
            "bandwidth_limit_up": null,
            "bandwidth_settings": "ignore",
            "bonjour_forwarding_rules": null,
            "bonjour_forwarding_settings": "network default",
            "content_filtering_allowed_url_patterns": null,
            "content_filtering_allowed_url_patterns_settings": "network default",
            "content_filtering_blocked_url_categories": null,
            "content_filtering_blocked_url_categories_settings": "network default",
            "content_filtering_blocked_url_patterns": null,
            "content_filtering_blocked_url_patterns_settings": "network default",
            "firewall_and_traffic_shaping_settings": "custom",
            "force_delete": null,
            "id": "105",
            "l3_firewall_rules": null,
            "l7_firewall_rules": null,
            "name": "P2Pool",
            "network_id": "L_658088495549515100",
            "scheduling_enabled": false,
            "scheduling_friday_active": true,
            "scheduling_friday_from": "00:00",
            "scheduling_friday_to": "24:00",
            "scheduling_monday_active": true,
            "scheduling_monday_from": "00:00",
            "scheduling_monday_to": "24:00",
            "scheduling_saturday_active": true,
            "scheduling_saturday_from": "00:00",
            "scheduling_saturday_to": "24:00",
            "scheduling_sunday_active": true,
            "scheduling_sunday_from": "00:00",
            "scheduling_sunday_to": "24:00",
            "scheduling_thursday_active": true,
            "scheduling_thursday_from": "00:00",
            "scheduling_thursday_to": "24:00",
            "scheduling_tuesday_active": true,
            "scheduling_tuesday_from": "00:00",
            "scheduling_tuesday_to": "24:00",
            "scheduling_wednesday_active": true,
            "scheduling_wednesday_from": "00:00",
            "scheduling_wednesday_to": "24:00",
            "splash_auth_settings": "network default",
            "traffic_shaping_rules": [
              {
                "definitions": [
                  {
                    "type": "host",
                    "value": "any"
                  }
                ],
                "dscp_tag_value": 46,
                "pcp_tag_value": 7,
                "per_client_bandwidth_limits_bandwidth_limits_limit_down": null,
                "per_client_bandwidth_limits_bandwidth_limits_limit_up": null,
                "per_client_bandwidth_limits_settings": "ignore",
                "priority": "normal"
              }
            ],
            "vlan_tagging_settings": "network default",
            "vlan_tagging_vlan_id": null
          },
          "sensitive_attributes": [],
          "private": "eyJpbXBvcnRpbmciOiJNQT09In0=",
          "dependencies": [
            "module.meraki.data.meraki_network.organizations_networks",
            "module.meraki.data.meraki_organization.organizations",
            "module.meraki.meraki_network.organizations_networks",
            "module.meraki.meraki_organization.organizations",
            "module.meraki.meraki_organization_inventory_claim.organizations_inventory"
          ]
        }
      ]
    },
    {
      "module": "module.meraki",
      "mode": "managed",
      "type": "meraki_network_netflow",
      "name": "networks_netflow",
      "provider": "provider[\"registry.terraform.io/ciscodevnet/meraki\"]",
      "instances": [
        {
          "index_key": "DOMAIN_NAME/lsudduth@gmail.com/142 Mantis",
          "schema_version": 0,
          "attributes": {
            "collector_ip": null,
            "collector_port": null,
            "eta_dst_port": null,
            "eta_enabled": null,
            "id": "L_658088495549515100",
            "network_id": "L_658088495549515100",
            "reporting_enabled": false
          },
          "sensitive_attributes": [],
          "private": "eyJpbXBvcnRpbmciOiJNQT09In0=",
          "dependencies": [
            "module.meraki.data.meraki_network.organizations_networks",
            "module.meraki.data.meraki_organization.organizations",
            "module.meraki.meraki_network.organizations_networks",
            "module.meraki.meraki_organization.organizations",
            "module.meraki.meraki_organization_inventory_claim.organizations_inventory"
          ]
        }
      ]
    },
    {
      "module": "module.meraki",
      "mode": "managed",
      "type": "meraki_network_settings",
      "name": "networks_settings",
      "provider": "provider[\"registry.terraform.io/ciscodevnet/meraki\"]",
      "instances": [
        {
          "index_key": "DOMAIN_NAME/lsudduth@gmail.com/142 Mantis",
          "schema_version": 0,
          "attributes": {
            "id": "L_658088495549515100",
            "local_status_page_authentication_enabled": true,
            "local_status_page_authentication_password": null,
            "local_status_page_authentication_password_wo": null,
            "local_status_page_authentication_password_wo_version": null,
            "local_status_page_authentication_username": "admin",
            "local_status_page_enabled": true,
            "named_vlans_enabled": false,
            "network_id": "L_658088495549515100",
            "remote_status_page_enabled": false,
            "secure_port_enabled": false
          },
          "sensitive_attributes": [
            [
              {
                "type": "get_attr",
                "value": "local_status_page_authentication_password"
              }
            ]
          ],
          "private": "eyJpbXBvcnRpbmciOiJNQT09In0=",
          "dependencies": [
            "module.meraki.data.meraki_network.organizations_networks",
            "module.meraki.data.meraki_organization.organizations",
            "module.meraki.meraki_network.organizations_networks",
            "module.meraki.meraki_organization.organizations",
            "module.meraki.meraki_organization_inventory_claim.organizations_inventory"
          ]
        },
        {
          "index_key": "DOMAIN_NAME/lsudduth@gmail.com/Systems Manager",
          "schema_version": 0,
          "attributes": {
            "id": "N_658088495549526248",
            "local_status_page_authentication_enabled": true,
            "local_status_page_authentication_password": null,
            "local_status_page_authentication_password_wo": null,
            "local_status_page_authentication_password_wo_version": null,
            "local_status_page_authentication_username": "admin",
            "local_status_page_enabled": true,
            "named_vlans_enabled": null,
            "network_id": "N_658088495549526248",
            "remote_status_page_enabled": false,
            "secure_port_enabled": false
          },
          "sensitive_attributes": [
            [
              {
                "type": "get_attr",
                "value": "local_status_page_authentication_password"
              }
            ]
          ],
          "private": "eyJpbXBvcnRpbmciOiJNQT09In0=",
          "dependencies": [
            "module.meraki.data.meraki_network.organizations_networks",
            "module.meraki.data.meraki_organization.organizations",
            "module.meraki.meraki_network.organizations_networks",
            "module.meraki.meraki_organization.organizations",
            "module.meraki.meraki_organization_inventory_claim.organizations_inventory"
          ]
        }
      ]
    },
    {
      "module": "module.meraki",
      "mode": "managed",
      "type": "meraki_network_snmp",
      "name": "networks_snmp",
      "provider": "provider[\"registry.terraform.io/ciscodevnet/meraki\"]",
      "instances": [
        {
          "index_key": "DOMAIN_NAME/lsudduth@gmail.com/142 Mantis",
          "schema_version": 0,
          "attributes": {
            "access": "none",
            "community_string": null,
            "community_string_wo": null,
            "community_string_wo_version": null,
            "id": "L_658088495549515100",
            "network_id": "L_658088495549515100",
            "users": null
          },
          "sensitive_attributes": [
            [
              {
                "type": "get_attr",
                "value": "community_string"
              }
            ]
          ],
          "private": "eyJpbXBvcnRpbmciOiJNQT09In0=",
          "dependencies": [
            "module.meraki.data.meraki_network.organizations_networks",
            "module.meraki.data.meraki_organization.organizations",
            "module.meraki.meraki_network.organizations_networks",
            "module.meraki.meraki_organization.organizations",
            "module.meraki.meraki_organization_inventory_claim.organizations_inventory"
          ]
        }
      ]
    },
    {
      "module": "module.meraki",
      "mode": "managed",
      "type": "meraki_network_vlan_profile",
      "name": "networks_vlan_profiles",
      "provider": "provider[\"registry.terraform.io/ciscodevnet/meraki\"]",
      "instances": [
        {
          "index_key": "DOMAIN_NAME/lsudduth@gmail.com/142 Mantis/Default Profile",
          "schema_version": 0,
          "attributes": {
            "id": "Default",
            "iname": "Default",
            "name": "Default Profile",
            "network_id": "L_658088495549515100",
            "vlan_groups": [],
            "vlan_names": [
              {
                "adaptive_policy_group_id": null,
                "name": "default",
                "vlan_id": "1"
              }
            ]
          },
          "sensitive_attributes": [],
          "private": "eyJpbXBvcnRpbmciOiJNQT09In0=",
          "dependencies": [
            "module.meraki.data.meraki_network.organizations_networks",
            "module.meraki.data.meraki_organization.organizations",
            "module.meraki.meraki_network.organizations_networks",
            "module.meraki.meraki_organization.organizations",
            "module.meraki.meraki_organization_inventory_claim.organizations_inventory"
          ]
        }
      ]
    },
    {
      "module": "module.meraki",
      "mode": "managed",
      "type": "meraki_organization",
      "name": "organizations",
      "provider": "provider[\"registry.terraform.io/ciscodevnet/meraki\"]",
      "instances": []
    },
    {
      "module": "module.meraki",
      "mode": "managed",
      "type": "meraki_organization_adaptive_policy_group",
      "name": "organizations_adaptive_policy_groups",
      "provider": "provider[\"registry.terraform.io/ciscodevnet/meraki\"]",
      "instances": [
        {
          "index_key": "DOMAIN_NAME/lsudduth@gmail.com/Infrastructure",
          "schema_version": 0,
          "attributes": {
            "description": "Created by Meraki, the Infrastructure group is used by Meraki devices for internal and dashboard communication",
            "id": "800514833765106009",
            "name": "Infrastructure",
            "organization_id": "490906",
            "policy_objects": [],
            "sgt": 2
          },
          "sensitive_attributes": [],
          "private": "eyJpbXBvcnRpbmciOiJNQT09In0=",
          "dependencies": [
            "module.meraki.data.meraki_organization.organizations",
            "module.meraki.meraki_organization.organizations"
          ]
        },
        {
          "index_key": "DOMAIN_NAME/lsudduth@gmail.com/Unknown",
          "schema_version": 0,
          "attributes": {
            "description": "Created by Meraki, the Unknown group applies when a policy is specified for unsuccessful group classification",
            "id": "800514833765106008",
            "name": "Unknown",
            "organization_id": "490906",
            "policy_objects": [],
            "sgt": 0
          },
          "sensitive_attributes": [],
          "private": "eyJpbXBvcnRpbmciOiJNQT09In0=",
          "dependencies": [
            "module.meraki.data.meraki_organization.organizations",
            "module.meraki.meraki_organization.organizations"
          ]
        }
      ]
    },
    {
      "module": "module.meraki",
      "mode": "managed",
      "type": "meraki_organization_adaptive_policy_settings",
      "name": "organizations_adaptive_policy_settings_enabled_networks",
      "provider": "provider[\"registry.terraform.io/ciscodevnet/meraki\"]",
      "instances": []
    },
    {
      "module": "module.meraki",
      "mode": "managed",
      "type": "meraki_organization_admin",
      "name": "organizations_admins",
      "provider": "provider[\"registry.terraform.io/ciscodevnet/meraki\"]",
      "instances": [
        {
          "index_key": "DOMAIN_NAME/lsudduth@gmail.com/Elijah Sudduth",
          "schema_version": 0,
          "attributes": {
            "authentication_method": null,
            "email": "the.ess.home@gmail.com",
            "id": "658088495549618075",
            "name": "Elijah Sudduth",
            "networks": null,
            "org_access": "none",
            "organization_id": "490906",
            "tags": null
          },
          "sensitive_attributes": [],
          "private": "eyJpbXBvcnRpbmciOiJNQT09In0=",
          "dependencies": [
            "module.meraki.data.meraki_network.organizations_networks",
            "module.meraki.data.meraki_organization.organizations",
            "module.meraki.meraki_network.organizations_networks",
            "module.meraki.meraki_organization.organizations",
            "module.meraki.meraki_organization_inventory_claim.organizations_inventory"
          ]
        },
        {
          "index_key": "DOMAIN_NAME/lsudduth@gmail.com/Emmett Sudduth",
          "schema_version": 0,
          "attributes": {
            "authentication_method": null,
            "email": "emmsudduth@gmail.com",
            "id": "658088495549618076",
            "name": "Emmett Sudduth",
            "networks": null,
            "org_access": "none",
            "organization_id": "490906",
            "tags": null
          },
          "sensitive_attributes": [],
          "private": "eyJpbXBvcnRpbmciOiJNQT09In0=",
          "dependencies": [
            "module.meraki.data.meraki_network.organizations_networks",
            "module.meraki.data.meraki_organization.organizations",
            "module.meraki.meraki_network.organizations_networks",
            "module.meraki.meraki_organization.organizations",
            "module.meraki.meraki_organization_inventory_claim.organizations_inventory"
          ]
        },
        {
          "index_key": "DOMAIN_NAME/lsudduth@gmail.com/Katrina Berry Sudduth",
          "schema_version": 0,
          "attributes": {
            "authentication_method": null,
            "email": "katrinaberry@gmail.com",
            "id": "658088495549618074",
            "name": "Katrina Berry Sudduth",
            "networks": null,
            "org_access": "full",
            "organization_id": "490906",
            "tags": null
          },
          "sensitive_attributes": [],
          "private": "eyJpbXBvcnRpbmciOiJNQT09In0=",
          "dependencies": [
            "module.meraki.data.meraki_network.organizations_networks",
            "module.meraki.data.meraki_organization.organizations",
            "module.meraki.meraki_network.organizations_networks",
            "module.meraki.meraki_organization.organizations",
            "module.meraki.meraki_organization_inventory_claim.organizations_inventory"
          ]
        },
        {
          "index_key": "DOMAIN_NAME/lsudduth@gmail.com/lsudduth@gmail.com",
          "schema_version": 0,
          "attributes": {
            "authentication_method": "Email",
            "email": "lsudduth@gmail.com",
            "id": "689136",
            "name": "lsudduth@gmail.com",
            "networks": [],
            "org_access": "full",
            "organization_id": "490906",
            "tags": []
          },
          "sensitive_attributes": [],
          "private": "eyJpbXBvcnRpbmciOiJNQT09In0=",
          "dependencies": [
            "module.meraki.data.meraki_network.organizations_networks",
            "module.meraki.data.meraki_organization.organizations",
            "module.meraki.meraki_network.organizations_networks",
            "module.meraki.meraki_organization.organizations",
            "module.meraki.meraki_organization_inventory_claim.organizations_inventory"
          ]
        }
      ]
    },
    {
      "module": "module.meraki",
      "mode": "managed",
      "type": "meraki_organization_early_access_features_opt_in",
      "name": "organizations_early_access_features_opt_ins",
      "provider": "provider[\"registry.terraform.io/ciscodevnet/meraki\"]",
      "instances": [
        {
          "index_key": "DOMAIN_NAME/lsudduth@gmail.com/has_anyconnect_settings2",
          "schema_version": 0,
          "attributes": {
            "id": "800514833765111126",
            "limit_scope_to_networks": [],
            "organization_id": "490906",
            "short_name": "has_anyconnect_settings2"
          },
          "sensitive_attributes": [],
          "private": "eyJpbXBvcnRpbmciOiJNQT09In0=",
          "dependencies": [
            "module.meraki.data.meraki_network.organizations_networks",
            "module.meraki.data.meraki_organization.organizations",
            "module.meraki.meraki_network.organizations_networks",
            "module.meraki.meraki_organization.organizations",
            "module.meraki.meraki_organization_inventory_claim.organizations_inventory"
          ]
        },
        {
          "index_key": "DOMAIN_NAME/lsudduth@gmail.com/has_ap_autolocation",
          "schema_version": 0,
          "attributes": {
            "id": "800514833765111127",
            "limit_scope_to_networks": [],
            "organization_id": "490906",
            "short_name": "has_ap_autolocation"
          },
          "sensitive_attributes": [],
          "private": "eyJpbXBvcnRpbmciOiJNQT09In0=",
          "dependencies": [
            "module.meraki.data.meraki_network.organizations_networks",
            "module.meraki.data.meraki_organization.organizations",
            "module.meraki.meraki_network.organizations_networks",
            "module.meraki.meraki_organization.organizations",
            "module.meraki.meraki_organization_inventory_claim.organizations_inventory"
          ]
        },
        {
          "index_key": "DOMAIN_NAME/lsudduth@gmail.com/has_beta_api",
          "schema_version": 0,
          "attributes": {
            "id": "800514833765107865",
            "limit_scope_to_networks": [],
            "organization_id": "490906",
            "short_name": "has_beta_api"
          },
          "sensitive_attributes": [],
          "private": "eyJpbXBvcnRpbmciOiJNQT09In0=",
          "dependencies": [
            "module.meraki.data.meraki_network.organizations_networks",
            "module.meraki.data.meraki_organization.organizations",
            "module.meraki.meraki_network.organizations_networks",
            "module.meraki.meraki_organization.organizations",
            "module.meraki.meraki_organization_inventory_claim.organizations_inventory"
          ]
        },
        {
          "index_key": "DOMAIN_NAME/lsudduth@gmail.com/has_camera_proton_pack",
          "schema_version": 0,
          "attributes": {
            "id": "800514833765107863",
            "limit_scope_to_networks": [],
            "organization_id": "490906",
            "short_name": "has_camera_proton_pack"
          },
          "sensitive_attributes": [],
          "private": "eyJpbXBvcnRpbmciOiJNQT09In0=",
          "dependencies": [
            "module.meraki.data.meraki_network.organizations_networks",
            "module.meraki.data.meraki_organization.organizations",
            "module.meraki.meraki_network.organizations_networks",
            "module.meraki.meraki_organization.organizations",
            "module.meraki.meraki_organization_inventory_claim.organizations_inventory"
          ]
        },
        {
          "index_key": "DOMAIN_NAME/lsudduth@gmail.com/has_enhanced_topology",
          "schema_version": 0,
          "attributes": {
            "id": "800514833765110645",
            "limit_scope_to_networks": [],
            "organization_id": "490906",
            "short_name": "has_enhanced_topology"
          },
          "sensitive_attributes": [],
          "private": "eyJpbXBvcnRpbmciOiJNQT09In0=",
          "dependencies": [
            "module.meraki.data.meraki_network.organizations_networks",
            "module.meraki.data.meraki_organization.organizations",
            "module.meraki.meraki_network.organizations_networks",
            "module.meraki.meraki_organization.organizations",
            "module.meraki.meraki_organization_inventory_claim.organizations_inventory"
          ]
        },
        {
          "index_key": "DOMAIN_NAME/lsudduth@gmail.com/has_magnetic_beta",
          "schema_version": 0,
          "attributes": {
            "id": "800514833765107268",
            "limit_scope_to_networks": [],
            "organization_id": "490906",
            "short_name": "has_magnetic_beta"
          },
          "sensitive_attributes": [],
          "private": "eyJpbXBvcnRpbmciOiJNQT09In0=",
          "dependencies": [
            "module.meraki.data.meraki_network.organizations_networks",
            "module.meraki.data.meraki_organization.organizations",
            "module.meraki.meraki_network.organizations_networks",
            "module.meraki.meraki_organization.organizations",
            "module.meraki.meraki_organization_inventory_claim.organizations_inventory"
          ]
        },
        {
          "index_key": "DOMAIN_NAME/lsudduth@gmail.com/has_mr_insight_ap_neighbors_page",
          "schema_version": 0,
          "attributes": {
            "id": "800514833765107864",
            "limit_scope_to_networks": [],
            "organization_id": "490906",
            "short_name": "has_mr_insight_ap_neighbors_page"
          },
          "sensitive_attributes": [],
          "private": "eyJpbXBvcnRpbmciOiJNQT09In0=",
          "dependencies": [
            "module.meraki.data.meraki_network.organizations_networks",
            "module.meraki.data.meraki_organization.organizations",
            "module.meraki.meraki_network.organizations_networks",
            "module.meraki.meraki_organization.organizations",
            "module.meraki.meraki_organization_inventory_claim.organizations_inventory"
          ]
        },
        {
          "index_key": "DOMAIN_NAME/lsudduth@gmail.com/has_ms_dynamic_port_profiles",
          "schema_version": 0,
          "attributes": {
            "id": "800514833765111128",
            "limit_scope_to_networks": [],
            "organization_id": "490906",
            "short_name": "has_ms_dynamic_port_profiles"
          },
          "sensitive_attributes": [],
          "private": "eyJpbXBvcnRpbmciOiJNQT09In0=",
          "dependencies": [
            "module.meraki.data.meraki_network.organizations_networks",
            "module.meraki.data.meraki_organization.organizations",
            "module.meraki.meraki_network.organizations_networks",
            "module.meraki.meraki_organization.organizations",
            "module.meraki.meraki_organization_inventory_claim.organizations_inventory"
          ]
        }
      ]
    },
    {
      "module": "module.meraki",
      "mode": "managed",
      "type": "meraki_organization_inventory_claim",
      "name": "organizations_inventory",
      "provider": "provider[\"registry.terraform.io/ciscodevnet/meraki\"]",
      "instances": [
        {
          "index_key": "DOMAIN_NAME/lsudduth@gmail.com",
          "schema_version": 0,
          "attributes": {
            "id": "490906",
            "licenses": null,
            "orders": [],
            "organization_id": "490906",
            "serials": [
              "Q2EZ-ASHV-GJMD",
              "Q2EZ-JQMH-3WVT",
              "Q2JD-BN8D-48YJ",
              "Q2JD-SANZ-RAAN",
              "Q2JD-UPWR-A7L2",
              "Q2JV-8EJZ-XQEX",
              "Q2KN-DZQE-RN7L",
              "Q2KN-GMD3-HMSZ",
              "Q2KP-TYDT-Q4SS",
              "Q2KP-WJS2-XUCV",
              "Q2MN-6HFS-W87F",
              "Q2YD-QDFX-TZAT",
              "Q2YN-G2WJ-2BHX",
              "Q3AJ-355Y-W5TT",
              "Q3AJ-N8NU-8L2K",
              "Q3AJ-YZ65-2CPX",
              "Q3CA-TWK7-HDVN",
              "Q3DD-QCD5-25YL",
              "Q4AC-VFHK-PNYD",
              "Q4CA-HL5D-6V36"
            ]
          },
          "sensitive_attributes": [],
          "private": "eyJpbXBvcnRpbmciOiJNQT09In0=",
          "dependencies": [
            "module.meraki.data.meraki_organization.organizations",
            "module.meraki.meraki_organization.organizations"
          ]
        }
      ]
    },
    {
      "module": "module.meraki",
      "mode": "managed",
      "type": "meraki_organization_login_security",
      "name": "organizations_login_security",
      "provider": "provider[\"registry.terraform.io/ciscodevnet/meraki\"]",
      "instances": [
        {
          "index_key": "DOMAIN_NAME/lsudduth@gmail.com",
          "schema_version": 0,
          "attributes": {
            "account_lockout_attempts": null,
            "api_authentication_ip_restrictions_for_keys_enabled": false,
            "api_authentication_ip_restrictions_for_keys_ranges": null,
            "enforce_account_lockout": false,
            "enforce_different_passwords": true,
            "enforce_idle_timeout": false,
            "enforce_login_ip_ranges": false,
            "enforce_password_expiration": false,
            "enforce_strong_passwords": true,
            "enforce_two_factor_auth": false,
            "id": "490906",
            "idle_timeout_minutes": null,
            "login_ip_ranges": null,
            "minimum_password_length": null,
            "num_different_passwords": 2,
            "organization_id": "490906",
            "password_expiration_days": null
          },
          "sensitive_attributes": [],
          "private": "eyJpbXBvcnRpbmciOiJNQT09In0=",
          "dependencies": [
            "module.meraki.data.meraki_organization.organizations",
            "module.meraki.meraki_organization.organizations"
          ]
        }
      ]
    },
    {
      "module": "module.meraki",
      "mode": "managed",
      "type": "meraki_organization_snmp",
      "name": "organizations_snmp",
      "provider": "provider[\"registry.terraform.io/ciscodevnet/meraki\"]",
      "instances": [
        {
          "index_key": "DOMAIN_NAME/lsudduth@gmail.com",
          "schema_version": 0,
          "attributes": {
            "id": "490906",
            "organization_id": "490906",
            "peer_ips": null,
            "v2c_enabled": false,
            "v3_auth_mode": null,
            "v3_auth_pass": null,
            "v3_auth_pass_wo": null,
            "v3_auth_pass_wo_version": null,
            "v3_enabled": false,
            "v3_priv_mode": null,
            "v3_priv_pass": null,
            "v3_priv_pass_wo": null,
            "v3_priv_pass_wo_version": null
          },
          "sensitive_attributes": [
            [
              {
                "type": "get_attr",
                "value": "v3_auth_pass"
              }
            ],
            [
              {
                "type": "get_attr",
                "value": "v3_priv_pass"
              }
            ]
          ],
          "private": "eyJpbXBvcnRpbmciOiJNQT09In0=",
          "dependencies": [
            "module.meraki.data.meraki_organization.organizations",
            "module.meraki.meraki_organization.organizations"
          ]
        }
      ]
    },
    {
      "module": "module.meraki",
      "mode": "managed",
      "type": "meraki_switch_access_policy",
      "name": "networks_switch_access_policies",
      "provider": "provider[\"registry.terraform.io/ciscodevnet/meraki\"]",
      "instances": []
    },
    {
      "module": "module.meraki",
      "mode": "managed",
      "type": "meraki_switch_dhcp_server_policy",
      "name": "networks_switch_dhcp_server_policy",
      "provider": "provider[\"registry.terraform.io/ciscodevnet/meraki\"]",
      "instances": [
        {
          "index_key": "DOMAIN_NAME/lsudduth@gmail.com/142 Mantis",
          "schema_version": 0,
          "attributes": {
            "alerts_email_enabled": true,
            "allowed_servers": null,
            "arp_inspection_enabled": false,
            "blocked_servers": null,
            "default_policy": "allow",
            "id": "L_658088495549515100",
            "network_id": "L_658088495549515100"
          },
          "sensitive_attributes": [],
          "private": "eyJpbXBvcnRpbmciOiJNQT09In0=",
          "dependencies": [
            "module.meraki.data.meraki_network.organizations_networks",
            "module.meraki.data.meraki_organization.organizations",
            "module.meraki.meraki_network.organizations_networks",
            "module.meraki.meraki_organization.organizations",
            "module.meraki.meraki_organization_inventory_claim.organizations_inventory"
          ]
        }
      ]
    },
    {
      "module": "module.meraki",
      "mode": "managed",
      "type": "meraki_switch_dscp_to_cos_mappings",
      "name": "networks_switch_dscp_to_cos_mappings",
      "provider": "provider[\"registry.terraform.io/ciscodevnet/meraki\"]",
      "instances": [
        {
          "index_key": "DOMAIN_NAME/lsudduth@gmail.com/142 Mantis",
          "schema_version": 0,
          "attributes": {
            "id": "L_658088495549515100",
            "mappings": [
              {
                "cos": 0,
                "dscp": 0,
                "title": "default"
              },
              {
                "cos": 0,
                "dscp": 10,
                "title": "AF11"
              },
              {
                "cos": 1,
                "dscp": 18,
                "title": "AF21"
              },
              {
                "cos": 2,
                "dscp": 26,
                "title": "AF31"
              },
              {
                "cos": 3,
                "dscp": 34,
                "title": "AF41"
              },
              {
                "cos": 3,
                "dscp": 46,
                "title": "EF voice"
              }
            ],
            "network_id": "L_658088495549515100"
          },
          "sensitive_attributes": [],
          "private": "eyJpbXBvcnRpbmciOiJNQT09In0=",
          "dependencies": [
            "module.meraki.data.meraki_network.organizations_networks",
            "module.meraki.data.meraki_organization.organizations",
            "module.meraki.meraki_network.organizations_networks",
            "module.meraki.meraki_network_device_claim.networks_devices_claim",
            "module.meraki.meraki_organization.organizations",
            "module.meraki.meraki_organization_inventory_claim.organizations_inventory"
          ]
        }
      ]
    },
    {
      "module": "module.meraki",
      "mode": "managed",
      "type": "meraki_switch_mtu",
      "name": "networks_switch_mtu",
      "provider": "provider[\"registry.terraform.io/ciscodevnet/meraki\"]",
      "instances": [
        {
          "index_key": "DOMAIN_NAME/lsudduth@gmail.com/142 Mantis",
          "schema_version": 0,
          "attributes": {
            "default_mtu_size": 9578,
            "id": "L_658088495549515100",
            "network_id": "L_658088495549515100",
            "overrides": null
          },
          "sensitive_attributes": [],
          "private": "eyJpbXBvcnRpbmciOiJNQT09In0=",
          "dependencies": [
            "module.meraki.data.meraki_network.organizations_networks",
            "module.meraki.data.meraki_organization.organizations",
            "module.meraki.meraki_network.organizations_networks",
            "module.meraki.meraki_network_device_claim.networks_devices_claim",
            "module.meraki.meraki_organization.organizations",
            "module.meraki.meraki_organization_inventory_claim.organizations_inventory"
          ]
        }
      ]
    },
    {
      "module": "module.meraki",
      "mode": "managed",
      "type": "meraki_switch_port_schedule",
      "name": "networks_switch_port_schedules",
      "provider": "provider[\"registry.terraform.io/ciscodevnet/meraki\"]",
      "instances": []
    },
    {
      "module": "module.meraki",
      "mode": "managed",
      "type": "meraki_switch_ports",
      "name": "devices_switch_ports",
      "provider": "provider[\"registry.terraform.io/ciscodevnet/meraki\"]",
      "instances": [
        {
          "index_key": "DOMAIN_NAME/lsudduth@gmail.com/142 Mantis/Crawl Space",
          "schema_version": 0,
          "attributes": {
            "id": "490906",
            "items": [
              {
                "access_policy_number": null,
                "access_policy_type": "Open",
                "adaptive_policy_group_id": null,
                "allowed_vlans": "all",
                "dai_trusted": false,
                "dot3az_enabled": null,
                "enabled": true,
                "flexible_stacking_enabled": null,
                "high_speed_enabled": null,
                "isolation_enabled": false,
                "link_negotiation": "100 Megabit full duplex (forced)",
                "mac_allow_list": null,
                "mac_whitelist_limit": null,
                "name": null,
                "peer_sgt_capable": null,
                "poe_enabled": true,
                "port_id": "8",
                "port_schedule_id": null,
                "profile_enabled": false,
                "profile_id": "",
                "profile_iname": null,
                "rstp_enabled": true,
                "sticky_mac_allow_list": null,
                "sticky_mac_allow_list_limit": null,
                "storm_control_enabled": null,
                "stp_guard": "disabled",
                "stp_port_fast_trunk": null,
                "tags": [],
                "type": "trunk",
                "udld": "Alert only",
                "vlan": 2,
                "voice_vlan": null
              },
              {
                "access_policy_number": null,
                "access_policy_type": "Open",
                "adaptive_policy_group_id": null,
                "allowed_vlans": "all",
                "dai_trusted": false,
                "dot3az_enabled": null,
                "enabled": true,
                "flexible_stacking_enabled": null,
                "high_speed_enabled": null,
                "isolation_enabled": false,
                "link_negotiation": "Auto negotiate",
                "mac_allow_list": null,
                "mac_whitelist_limit": null,
                "name": null,
                "peer_sgt_capable": null,
                "poe_enabled": true,
                "port_id": "1",
                "port_schedule_id": null,
                "profile_enabled": false,
                "profile_id": "",
                "profile_iname": null,
                "rstp_enabled": true,
                "sticky_mac_allow_list": null,
                "sticky_mac_allow_list_limit": null,
                "storm_control_enabled": null,
                "stp_guard": "disabled",
                "stp_port_fast_trunk": null,
                "tags": [],
                "type": "trunk",
                "udld": "Alert only",
                "vlan": 2,
                "voice_vlan": null
              },
              {
                "access_policy_number": null,
                "access_policy_type": "Open",
                "adaptive_policy_group_id": null,
                "allowed_vlans": "all",
                "dai_trusted": false,
                "dot3az_enabled": null,
                "enabled": true,
                "flexible_stacking_enabled": null,
                "high_speed_enabled": null,
                "isolation_enabled": false,
                "link_negotiation": "Auto negotiate",
                "mac_allow_list": null,
                "mac_whitelist_limit": null,
                "name": null,
                "peer_sgt_capable": null,
                "poe_enabled": true,
                "port_id": "10",
                "port_schedule_id": null,
                "profile_enabled": false,
                "profile_id": "",
                "profile_iname": null,
                "rstp_enabled": true,
                "sticky_mac_allow_list": null,
                "sticky_mac_allow_list_limit": null,
                "storm_control_enabled": null,
                "stp_guard": "disabled",
                "stp_port_fast_trunk": null,
                "tags": [],
                "type": "trunk",
                "udld": "Alert only",
                "vlan": 2,
                "voice_vlan": null
              },
              {
                "access_policy_number": null,
                "access_policy_type": "Open",
                "adaptive_policy_group_id": null,
                "allowed_vlans": "all",
                "dai_trusted": false,
                "dot3az_enabled": null,
                "enabled": true,
                "flexible_stacking_enabled": null,
                "high_speed_enabled": null,
                "isolation_enabled": false,
                "link_negotiation": "Auto negotiate",
                "mac_allow_list": null,
                "mac_whitelist_limit": null,
                "name": null,
                "peer_sgt_capable": null,
                "poe_enabled": true,
                "port_id": "11",
                "port_schedule_id": null,
                "profile_enabled": false,
                "profile_id": "",
                "profile_iname": null,
                "rstp_enabled": true,
                "sticky_mac_allow_list": null,
                "sticky_mac_allow_list_limit": null,
                "storm_control_enabled": null,
                "stp_guard": "disabled",
                "stp_port_fast_trunk": null,
                "tags": [],
                "type": "trunk",
                "udld": "Alert only",
                "vlan": 2,
                "voice_vlan": null
              },
              {
                "access_policy_number": null,
                "access_policy_type": "Open",
                "adaptive_policy_group_id": null,
                "allowed_vlans": "all",
                "dai_trusted": false,
                "dot3az_enabled": null,
                "enabled": true,
                "flexible_stacking_enabled": null,
                "high_speed_enabled": null,
                "isolation_enabled": false,
                "link_negotiation": "Auto negotiate",
                "mac_allow_list": null,
                "mac_whitelist_limit": null,
                "name": null,
                "peer_sgt_capable": null,
                "poe_enabled": true,
                "port_id": "12",
                "port_schedule_id": null,
                "profile_enabled": false,
                "profile_id": "",
                "profile_iname": null,
                "rstp_enabled": true,
                "sticky_mac_allow_list": null,
                "sticky_mac_allow_list_limit": null,
                "storm_control_enabled": null,
                "stp_guard": "disabled",
                "stp_port_fast_trunk": null,
                "tags": [],
                "type": "trunk",
                "udld": "Alert only",
                "vlan": 2,
                "voice_vlan": null
              },
              {
                "access_policy_number": null,
                "access_policy_type": "Open",
                "adaptive_policy_group_id": null,
                "allowed_vlans": "all",
                "dai_trusted": false,
                "dot3az_enabled": null,
                "enabled": true,
                "flexible_stacking_enabled": null,
                "high_speed_enabled": null,
                "isolation_enabled": false,
                "link_negotiation": "Auto negotiate",
                "mac_allow_list": null,
                "mac_whitelist_limit": null,
                "name": null,
                "peer_sgt_capable": null,
                "poe_enabled": true,
                "port_id": "13",
                "port_schedule_id": null,
                "profile_enabled": false,
                "profile_id": "",
                "profile_iname": null,
                "rstp_enabled": true,
                "sticky_mac_allow_list": null,
                "sticky_mac_allow_list_limit": null,
                "storm_control_enabled": null,
                "stp_guard": "disabled",
                "stp_port_fast_trunk": null,
                "tags": [],
                "type": "trunk",
                "udld": "Alert only",
                "vlan": 2,
                "voice_vlan": null
              },
              {
                "access_policy_number": null,
                "access_policy_type": "Open",
                "adaptive_policy_group_id": null,
                "allowed_vlans": "all",
                "dai_trusted": false,
                "dot3az_enabled": null,
                "enabled": true,
                "flexible_stacking_enabled": null,
                "high_speed_enabled": null,
                "isolation_enabled": false,
                "link_negotiation": "Auto negotiate",
                "mac_allow_list": null,
                "mac_whitelist_limit": null,
                "name": null,
                "peer_sgt_capable": null,
                "poe_enabled": true,
                "port_id": "14",
                "port_schedule_id": null,
                "profile_enabled": false,
                "profile_id": "",
                "profile_iname": null,
                "rstp_enabled": true,
                "sticky_mac_allow_list": null,
                "sticky_mac_allow_list_limit": null,
                "storm_control_enabled": null,
                "stp_guard": "disabled",
                "stp_port_fast_trunk": null,
                "tags": [],
                "type": "trunk",
                "udld": "Alert only",
                "vlan": 2,
                "voice_vlan": null
              },
              {
                "access_policy_number": null,
                "access_policy_type": "Open",
                "adaptive_policy_group_id": null,
                "allowed_vlans": "all",
                "dai_trusted": false,
                "dot3az_enabled": null,
                "enabled": true,
                "flexible_stacking_enabled": null,
                "high_speed_enabled": null,
                "isolation_enabled": false,
                "link_negotiation": "Auto negotiate",
                "mac_allow_list": null,
                "mac_whitelist_limit": null,
                "name": null,
                "peer_sgt_capable": null,
                "poe_enabled": true,
                "port_id": "15",
                "port_schedule_id": null,
                "profile_enabled": false,
                "profile_id": "",
                "profile_iname": null,
                "rstp_enabled": true,
                "sticky_mac_allow_list": null,
                "sticky_mac_allow_list_limit": null,
                "storm_control_enabled": null,
                "stp_guard": "disabled",
                "stp_port_fast_trunk": null,
                "tags": [],
                "type": "trunk",
                "udld": "Alert only",
                "vlan": 2,
                "voice_vlan": null
              },
              {
                "access_policy_number": null,
                "access_policy_type": "Open",
                "adaptive_policy_group_id": null,
                "allowed_vlans": "all",
                "dai_trusted": false,
                "dot3az_enabled": null,
                "enabled": true,
                "flexible_stacking_enabled": null,
                "high_speed_enabled": null,
                "isolation_enabled": false,
                "link_negotiation": "Auto negotiate",
                "mac_allow_list": null,
                "mac_whitelist_limit": null,
                "name": null,
                "peer_sgt_capable": null,
                "poe_enabled": true,
                "port_id": "16",
                "port_schedule_id": null,
                "profile_enabled": false,
                "profile_id": "",
                "profile_iname": null,
                "rstp_enabled": true,
                "sticky_mac_allow_list": null,
                "sticky_mac_allow_list_limit": null,
                "storm_control_enabled": null,
                "stp_guard": "disabled",
                "stp_port_fast_trunk": null,
                "tags": [],
                "type": "trunk",
                "udld": "Alert only",
                "vlan": 2,
                "voice_vlan": null
              },
              {
                "access_policy_number": null,
                "access_policy_type": "Open",
                "adaptive_policy_group_id": null,
                "allowed_vlans": "all",
                "dai_trusted": false,
                "dot3az_enabled": null,
                "enabled": true,
                "flexible_stacking_enabled": null,
                "high_speed_enabled": null,
                "isolation_enabled": false,
                "link_negotiation": "Auto negotiate",
                "mac_allow_list": null,
                "mac_whitelist_limit": null,
                "name": null,
                "peer_sgt_capable": null,
                "poe_enabled": true,
                "port_id": "17",
                "port_schedule_id": null,
                "profile_enabled": false,
                "profile_id": "",
                "profile_iname": null,
                "rstp_enabled": true,
                "sticky_mac_allow_list": null,
                "sticky_mac_allow_list_limit": null,
                "storm_control_enabled": null,
                "stp_guard": "disabled",
                "stp_port_fast_trunk": null,
                "tags": [],
                "type": "trunk",
                "udld": "Alert only",
                "vlan": 2,
                "voice_vlan": null
              },
              {
                "access_policy_number": null,
                "access_policy_type": "Open",
                "adaptive_policy_group_id": null,
                "allowed_vlans": "all",
                "dai_trusted": false,
                "dot3az_enabled": null,
                "enabled": true,
                "flexible_stacking_enabled": null,
                "high_speed_enabled": null,
                "isolation_enabled": false,
                "link_negotiation": "Auto negotiate",
                "mac_allow_list": null,
                "mac_whitelist_limit": null,
                "name": null,
                "peer_sgt_capable": null,
                "poe_enabled": true,
                "port_id": "18",
                "port_schedule_id": null,
                "profile_enabled": false,
                "profile_id": "",
                "profile_iname": null,
                "rstp_enabled": true,
                "sticky_mac_allow_list": null,
                "sticky_mac_allow_list_limit": null,
                "storm_control_enabled": null,
                "stp_guard": "disabled",
                "stp_port_fast_trunk": null,
                "tags": [],
                "type": "trunk",
                "udld": "Alert only",
                "vlan": 2,
                "voice_vlan": null
              },
              {
                "access_policy_number": null,
                "access_policy_type": "Open",
                "adaptive_policy_group_id": null,
                "allowed_vlans": "all",
                "dai_trusted": false,
                "dot3az_enabled": null,
                "enabled": true,
                "flexible_stacking_enabled": null,
                "high_speed_enabled": null,
                "isolation_enabled": false,
                "link_negotiation": "Auto negotiate",
                "mac_allow_list": null,
                "mac_whitelist_limit": null,
                "name": null,
                "peer_sgt_capable": null,
                "poe_enabled": true,
                "port_id": "19",
                "port_schedule_id": null,
                "profile_enabled": false,
                "profile_id": "",
                "profile_iname": null,
                "rstp_enabled": true,
                "sticky_mac_allow_list": null,
                "sticky_mac_allow_list_limit": null,
                "storm_control_enabled": null,
                "stp_guard": "disabled",
                "stp_port_fast_trunk": null,
                "tags": [],
                "type": "trunk",
                "udld": "Alert only",
                "vlan": 2,
                "voice_vlan": null
              },
              {
                "access_policy_number": null,
                "access_policy_type": "Open",
                "adaptive_policy_group_id": null,
                "allowed_vlans": "all",
                "dai_trusted": false,
                "dot3az_enabled": null,
                "enabled": true,
                "flexible_stacking_enabled": null,
                "high_speed_enabled": null,
                "isolation_enabled": false,
                "link_negotiation": "Auto negotiate",
                "mac_allow_list": null,
                "mac_whitelist_limit": null,
                "name": null,
                "peer_sgt_capable": null,
                "poe_enabled": true,
                "port_id": "2",
                "port_schedule_id": null,
                "profile_enabled": false,
                "profile_id": "",
                "profile_iname": null,
                "rstp_enabled": true,
                "sticky_mac_allow_list": null,
                "sticky_mac_allow_list_limit": null,
                "storm_control_enabled": null,
                "stp_guard": "disabled",
                "stp_port_fast_trunk": null,
                "tags": [],
                "type": "trunk",
                "udld": "Alert only",
                "vlan": 2,
                "voice_vlan": null
              },
              {
                "access_policy_number": null,
                "access_policy_type": "Open",
                "adaptive_policy_group_id": null,
                "allowed_vlans": "all",
                "dai_trusted": false,
                "dot3az_enabled": null,
                "enabled": true,
                "flexible_stacking_enabled": null,
                "high_speed_enabled": null,
                "isolation_enabled": false,
                "link_negotiation": "Auto negotiate",
                "mac_allow_list": null,
                "mac_whitelist_limit": null,
                "name": null,
                "peer_sgt_capable": null,
                "poe_enabled": true,
                "port_id": "20",
                "port_schedule_id": null,
                "profile_enabled": false,
                "profile_id": "",
                "profile_iname": null,
                "rstp_enabled": true,
                "sticky_mac_allow_list": null,
                "sticky_mac_allow_list_limit": null,
                "storm_control_enabled": null,
                "stp_guard": "disabled",
                "stp_port_fast_trunk": null,
                "tags": [],
                "type": "trunk",
                "udld": "Alert only",
                "vlan": 2,
                "voice_vlan": null
              },
              {
                "access_policy_number": null,
                "access_policy_type": "Open",
                "adaptive_policy_group_id": null,
                "allowed_vlans": "all",
                "dai_trusted": false,
                "dot3az_enabled": null,
                "enabled": true,
                "flexible_stacking_enabled": null,
                "high_speed_enabled": null,
                "isolation_enabled": false,
                "link_negotiation": "Auto negotiate",
                "mac_allow_list": null,
                "mac_whitelist_limit": null,
                "name": null,
                "peer_sgt_capable": null,
                "poe_enabled": true,
                "port_id": "21",
                "port_schedule_id": null,
                "profile_enabled": false,
                "profile_id": "",
                "profile_iname": null,
                "rstp_enabled": true,
                "sticky_mac_allow_list": null,
                "sticky_mac_allow_list_limit": null,
                "storm_control_enabled": null,
                "stp_guard": "disabled",
                "stp_port_fast_trunk": null,
                "tags": [],
                "type": "trunk",
                "udld": "Alert only",
                "vlan": 2,
                "voice_vlan": null
              },
              {
                "access_policy_number": null,
                "access_policy_type": "Open",
                "adaptive_policy_group_id": null,
                "allowed_vlans": "all",
                "dai_trusted": false,
                "dot3az_enabled": null,
                "enabled": true,
                "flexible_stacking_enabled": null,
                "high_speed_enabled": null,
                "isolation_enabled": false,
                "link_negotiation": "Auto negotiate",
                "mac_allow_list": null,
                "mac_whitelist_limit": null,
                "name": null,
                "peer_sgt_capable": null,
                "poe_enabled": true,
                "port_id": "22",
                "port_schedule_id": null,
                "profile_enabled": false,
                "profile_id": "",
                "profile_iname": null,
                "rstp_enabled": true,
                "sticky_mac_allow_list": null,
                "sticky_mac_allow_list_limit": null,
                "storm_control_enabled": null,
                "stp_guard": "disabled",
                "stp_port_fast_trunk": null,
                "tags": [],
                "type": "trunk",
                "udld": "Alert only",
                "vlan": 2,
                "voice_vlan": null
              },
              {
                "access_policy_number": null,
                "access_policy_type": "Open",
                "adaptive_policy_group_id": null,
                "allowed_vlans": "all",
                "dai_trusted": false,
                "dot3az_enabled": null,
                "enabled": true,
                "flexible_stacking_enabled": null,
                "high_speed_enabled": null,
                "isolation_enabled": false,
                "link_negotiation": "Auto negotiate",
                "mac_allow_list": null,
                "mac_whitelist_limit": null,
                "name": null,
                "peer_sgt_capable": null,
                "poe_enabled": true,
                "port_id": "23",
                "port_schedule_id": null,
                "profile_enabled": false,
                "profile_id": "",
                "profile_iname": null,
                "rstp_enabled": true,
                "sticky_mac_allow_list": null,
                "sticky_mac_allow_list_limit": null,
                "storm_control_enabled": null,
                "stp_guard": "disabled",
                "stp_port_fast_trunk": null,
                "tags": [],
                "type": "trunk",
                "udld": "Alert only",
                "vlan": 2,
                "voice_vlan": null
              },
              {
                "access_policy_number": null,
                "access_policy_type": "Open",
                "adaptive_policy_group_id": null,
                "allowed_vlans": "all",
                "dai_trusted": false,
                "dot3az_enabled": null,
                "enabled": true,
                "flexible_stacking_enabled": null,
                "high_speed_enabled": null,
                "isolation_enabled": false,
                "link_negotiation": "Auto negotiate",
                "mac_allow_list": null,
                "mac_whitelist_limit": null,
                "name": null,
                "peer_sgt_capable": null,
                "poe_enabled": true,
                "port_id": "24",
                "port_schedule_id": null,
                "profile_enabled": false,
                "profile_id": "",
                "profile_iname": null,
                "rstp_enabled": true,
                "sticky_mac_allow_list": null,
                "sticky_mac_allow_list_limit": null,
                "storm_control_enabled": null,
                "stp_guard": "disabled",
                "stp_port_fast_trunk": null,
                "tags": [],
                "type": "trunk",
                "udld": "Alert only",
                "vlan": 1,
                "voice_vlan": null
              },
              {
                "access_policy_number": null,
                "access_policy_type": "Open",
                "adaptive_policy_group_id": null,
                "allowed_vlans": "all",
                "dai_trusted": false,
                "dot3az_enabled": null,
                "enabled": true,
                "flexible_stacking_enabled": null,
                "high_speed_enabled": null,
                "isolation_enabled": false,
                "link_negotiation": "Auto negotiate",
                "mac_allow_list": null,
                "mac_whitelist_limit": null,
                "name": null,
                "peer_sgt_capable": null,
                "poe_enabled": true,
                "port_id": "3",
                "port_schedule_id": null,
                "profile_enabled": false,
                "profile_id": "",
                "profile_iname": null,
                "rstp_enabled": true,
                "sticky_mac_allow_list": null,
                "sticky_mac_allow_list_limit": null,
                "storm_control_enabled": null,
                "stp_guard": "disabled",
                "stp_port_fast_trunk": null,
                "tags": [],
                "type": "trunk",
                "udld": "Alert only",
                "vlan": 2,
                "voice_vlan": null
              },
              {
                "access_policy_number": null,
                "access_policy_type": "Open",
                "adaptive_policy_group_id": null,
                "allowed_vlans": "all",
                "dai_trusted": false,
                "dot3az_enabled": null,
                "enabled": true,
                "flexible_stacking_enabled": null,
                "high_speed_enabled": null,
                "isolation_enabled": false,
                "link_negotiation": "Auto negotiate",
                "mac_allow_list": null,
                "mac_whitelist_limit": null,
                "name": null,
                "peer_sgt_capable": null,
                "poe_enabled": true,
                "port_id": "4",
                "port_schedule_id": null,
                "profile_enabled": false,
                "profile_id": "",
                "profile_iname": null,
                "rstp_enabled": true,
                "sticky_mac_allow_list": null,
                "sticky_mac_allow_list_limit": null,
                "storm_control_enabled": null,
                "stp_guard": "disabled",
                "stp_port_fast_trunk": null,
                "tags": [],
                "type": "trunk",
                "udld": "Alert only",
                "vlan": 2,
                "voice_vlan": null
              },
              {
                "access_policy_number": null,
                "access_policy_type": "Open",
                "adaptive_policy_group_id": null,
                "allowed_vlans": "all",
                "dai_trusted": false,
                "dot3az_enabled": null,
                "enabled": true,
                "flexible_stacking_enabled": null,
                "high_speed_enabled": null,
                "isolation_enabled": false,
                "link_negotiation": "Auto negotiate",
                "mac_allow_list": null,
                "mac_whitelist_limit": null,
                "name": null,
                "peer_sgt_capable": null,
                "poe_enabled": true,
                "port_id": "5",
                "port_schedule_id": null,
                "profile_enabled": false,
                "profile_id": "",
                "profile_iname": null,
                "rstp_enabled": true,
                "sticky_mac_allow_list": null,
                "sticky_mac_allow_list_limit": null,
                "storm_control_enabled": null,
                "stp_guard": "disabled",
                "stp_port_fast_trunk": null,
                "tags": [],
                "type": "trunk",
                "udld": "Alert only",
                "vlan": 2,
                "voice_vlan": null
              },
              {
                "access_policy_number": null,
                "access_policy_type": "Open",
                "adaptive_policy_group_id": null,
                "allowed_vlans": "all",
                "dai_trusted": false,
                "dot3az_enabled": null,
                "enabled": true,
                "flexible_stacking_enabled": null,
                "high_speed_enabled": null,
                "isolation_enabled": false,
                "link_negotiation": "Auto negotiate",
                "mac_allow_list": null,
                "mac_whitelist_limit": null,
                "name": null,
                "peer_sgt_capable": null,
                "poe_enabled": true,
                "port_id": "6",
                "port_schedule_id": null,
                "profile_enabled": false,
                "profile_id": "",
                "profile_iname": null,
                "rstp_enabled": true,
                "sticky_mac_allow_list": null,
                "sticky_mac_allow_list_limit": null,
                "storm_control_enabled": null,
                "stp_guard": "disabled",
                "stp_port_fast_trunk": null,
                "tags": [],
                "type": "trunk",
                "udld": "Alert only",
                "vlan": 2,
                "voice_vlan": null
              },
              {
                "access_policy_number": null,
                "access_policy_type": "Open",
                "adaptive_policy_group_id": null,
                "allowed_vlans": "all",
                "dai_trusted": false,
                "dot3az_enabled": null,
                "enabled": true,
                "flexible_stacking_enabled": null,
                "high_speed_enabled": null,
                "isolation_enabled": false,
                "link_negotiation": "Auto negotiate",
                "mac_allow_list": null,
                "mac_whitelist_limit": null,
                "name": null,
                "peer_sgt_capable": null,
                "poe_enabled": true,
                "port_id": "7",
                "port_schedule_id": null,
                "profile_enabled": false,
                "profile_id": "",
                "profile_iname": null,
                "rstp_enabled": true,
                "sticky_mac_allow_list": null,
                "sticky_mac_allow_list_limit": null,
                "storm_control_enabled": null,
                "stp_guard": "disabled",
                "stp_port_fast_trunk": null,
                "tags": [],
                "type": "trunk",
                "udld": "Alert only",
                "vlan": 2,
                "voice_vlan": null
              },
              {
                "access_policy_number": null,
                "access_policy_type": "Open",
                "adaptive_policy_group_id": null,
                "allowed_vlans": "all",
                "dai_trusted": false,
                "dot3az_enabled": null,
                "enabled": true,
                "flexible_stacking_enabled": null,
                "high_speed_enabled": null,
                "isolation_enabled": false,
                "link_negotiation": "Auto negotiate",
                "mac_allow_list": null,
                "mac_whitelist_limit": null,
                "name": null,
                "peer_sgt_capable": null,
                "poe_enabled": true,
                "port_id": "9",
                "port_schedule_id": null,
                "profile_enabled": false,
                "profile_id": "",
                "profile_iname": null,
                "rstp_enabled": true,
                "sticky_mac_allow_list": null,
                "sticky_mac_allow_list_limit": null,
                "storm_control_enabled": null,
                "stp_guard": "disabled",
                "stp_port_fast_trunk": null,
                "tags": [],
                "type": "trunk",
                "udld": "Alert only",
                "vlan": 2,
                "voice_vlan": null
              }
            ],
            "organization_id": "490906",
            "serial": "Q2KP-WJS2-XUCV"
          },
          "sensitive_attributes": [],
          "private": "eyJpbXBvcnRpbmciOiJNQT09In0=",
          "dependencies": [
            "module.meraki.data.meraki_network.organizations_networks",
            "module.meraki.data.meraki_organization.organizations",
            "module.meraki.meraki_device.devices",
            "module.meraki.meraki_network.organizations_networks",
            "module.meraki.meraki_network_device_claim.networks_devices_claim",
            "module.meraki.meraki_network_floor_plan.networks_floor_plans",
            "module.meraki.meraki_organization.organizations",
            "module.meraki.meraki_organization_adaptive_policy_group.organizations_adaptive_policy_groups",
            "module.meraki.meraki_organization_adaptive_policy_settings.organizations_adaptive_policy_settings_enabled_networks",
            "module.meraki.meraki_organization_inventory_claim.organizations_inventory",
            "module.meraki.meraki_switch_access_policy.networks_switch_access_policies",
            "module.meraki.meraki_switch_port_schedule.networks_switch_port_schedules"
          ]
        },
        {
          "index_key": "DOMAIN_NAME/lsudduth@gmail.com/142 Mantis/Garage",
          "schema_version": 0,
          "attributes": {
            "id": "490906",
            "items": [
              {
                "access_policy_number": null,
                "access_policy_type": "Open",
                "adaptive_policy_group_id": null,
                "allowed_vlans": "1",
                "dai_trusted": false,
                "dot3az_enabled": null,
                "enabled": true,
                "flexible_stacking_enabled": null,
                "high_speed_enabled": null,
                "isolation_enabled": false,
                "link_negotiation": "Auto negotiate",
                "mac_allow_list": null,
                "mac_whitelist_limit": null,
                "name": "VLAN 1 Uplink",
                "peer_sgt_capable": null,
                "poe_enabled": true,
                "port_id": "1",
                "port_schedule_id": null,
                "profile_enabled": false,
                "profile_id": "",
                "profile_iname": null,
                "rstp_enabled": false,
                "sticky_mac_allow_list": null,
                "sticky_mac_allow_list_limit": null,
                "storm_control_enabled": true,
                "stp_guard": "disabled",
                "stp_port_fast_trunk": null,
                "tags": [],
                "type": "access",
                "udld": "Alert only",
                "vlan": 1,
                "voice_vlan": null
              },
              {
                "access_policy_number": null,
                "access_policy_type": "Open",
                "adaptive_policy_group_id": null,
                "allowed_vlans": "2",
                "dai_trusted": false,
                "dot3az_enabled": null,
                "enabled": true,
                "flexible_stacking_enabled": null,
                "high_speed_enabled": null,
                "isolation_enabled": false,
                "link_negotiation": "Auto negotiate",
                "mac_allow_list": null,
                "mac_whitelist_limit": null,
                "name": "VLAN 2 Uplink",
                "peer_sgt_capable": null,
                "poe_enabled": true,
                "port_id": "2",
                "port_schedule_id": null,
                "profile_enabled": false,
                "profile_id": "",
                "profile_iname": null,
                "rstp_enabled": false,
                "sticky_mac_allow_list": null,
                "sticky_mac_allow_list_limit": null,
                "storm_control_enabled": true,
                "stp_guard": "disabled",
                "stp_port_fast_trunk": null,
                "tags": [],
                "type": "access",
                "udld": "Alert only",
                "vlan": 2,
                "voice_vlan": null
              },
              {
                "access_policy_number": null,
                "access_policy_type": "Open",
                "adaptive_policy_group_id": null,
                "allowed_vlans": "3",
                "dai_trusted": false,
                "dot3az_enabled": null,
                "enabled": true,
                "flexible_stacking_enabled": null,
                "high_speed_enabled": null,
                "isolation_enabled": false,
                "link_negotiation": "Auto negotiate",
                "mac_allow_list": null,
                "mac_whitelist_limit": null,
                "name": "VLAN 3 Uplink",
                "peer_sgt_capable": null,
                "poe_enabled": true,
                "port_id": "3",
                "port_schedule_id": null,
                "profile_enabled": false,
                "profile_id": "",
                "profile_iname": null,
                "rstp_enabled": false,
                "sticky_mac_allow_list": null,
                "sticky_mac_allow_list_limit": null,
                "storm_control_enabled": true,
                "stp_guard": "disabled",
                "stp_port_fast_trunk": null,
                "tags": [],
                "type": "access",
                "udld": "Alert only",
                "vlan": 3,
                "voice_vlan": null
              },
              {
                "access_policy_number": null,
                "access_policy_type": "Open",
                "adaptive_policy_group_id": null,
                "allowed_vlans": "4",
                "dai_trusted": false,
                "dot3az_enabled": null,
                "enabled": true,
                "flexible_stacking_enabled": null,
                "high_speed_enabled": null,
                "isolation_enabled": false,
                "link_negotiation": "Auto negotiate",
                "mac_allow_list": null,
                "mac_whitelist_limit": null,
                "name": "VLAN 4 Uplink",
                "peer_sgt_capable": null,
                "poe_enabled": true,
                "port_id": "4",
                "port_schedule_id": null,
                "profile_enabled": false,
                "profile_id": "",
                "profile_iname": null,
                "rstp_enabled": false,
                "sticky_mac_allow_list": null,
                "sticky_mac_allow_list_limit": null,
                "storm_control_enabled": true,
                "stp_guard": "disabled",
                "stp_port_fast_trunk": null,
                "tags": [],
                "type": "access",
                "udld": "Alert only",
                "vlan": 4,
                "voice_vlan": null
              },
              {
                "access_policy_number": null,
                "access_policy_type": "Open",
                "adaptive_policy_group_id": null,
                "allowed_vlans": "5",
                "dai_trusted": false,
                "dot3az_enabled": null,
                "enabled": true,
                "flexible_stacking_enabled": null,
                "high_speed_enabled": null,
                "isolation_enabled": false,
                "link_negotiation": "Auto negotiate",
                "mac_allow_list": null,
                "mac_whitelist_limit": null,
                "name": "VLAN 5 Uplink",
                "peer_sgt_capable": null,
                "poe_enabled": true,
                "port_id": "5",
                "port_schedule_id": null,
                "profile_enabled": false,
                "profile_id": "",
                "profile_iname": null,
                "rstp_enabled": false,
                "sticky_mac_allow_list": null,
                "sticky_mac_allow_list_limit": null,
                "storm_control_enabled": true,
                "stp_guard": "disabled",
                "stp_port_fast_trunk": null,
                "tags": [],
                "type": "access",
                "udld": "Alert only",
                "vlan": 5,
                "voice_vlan": null
              },
              {
                "access_policy_number": null,
                "access_policy_type": "Open",
                "adaptive_policy_group_id": null,
                "allowed_vlans": "all",
                "dai_trusted": false,
                "dot3az_enabled": null,
                "enabled": true,
                "flexible_stacking_enabled": null,
                "high_speed_enabled": null,
                "isolation_enabled": false,
                "link_negotiation": "1 Gigabit full duplex (forced)",
                "mac_allow_list": null,
                "mac_whitelist_limit": null,
                "name": null,
                "peer_sgt_capable": null,
                "poe_enabled": true,
                "port_id": "45",
                "port_schedule_id": null,
                "profile_enabled": false,
                "profile_id": "",
                "profile_iname": null,
                "rstp_enabled": true,
                "sticky_mac_allow_list": null,
                "sticky_mac_allow_list_limit": null,
                "storm_control_enabled": true,
                "stp_guard": "disabled",
                "stp_port_fast_trunk": null,
                "tags": [],
                "type": "trunk",
                "udld": "Alert only",
                "vlan": 1,
                "voice_vlan": null
              },
              {
                "access_policy_number": null,
                "access_policy_type": "Open",
                "adaptive_policy_group_id": null,
                "allowed_vlans": "all",
                "dai_trusted": false,
                "dot3az_enabled": null,
                "enabled": true,
                "flexible_stacking_enabled": null,
                "high_speed_enabled": null,
                "isolation_enabled": false,
                "link_negotiation": "Auto negotiate",
                "mac_allow_list": null,
                "mac_whitelist_limit": null,
                "name": "Crawl Space Link",
                "peer_sgt_capable": null,
                "poe_enabled": true,
                "port_id": "7",
                "port_schedule_id": null,
                "profile_enabled": false,
                "profile_id": "",
                "profile_iname": null,
                "rstp_enabled": true,
                "sticky_mac_allow_list": null,
                "sticky_mac_allow_list_limit": null,
                "storm_control_enabled": true,
                "stp_guard": "disabled",
                "stp_port_fast_trunk": null,
                "tags": [],
                "type": "trunk",
                "udld": "Alert only",
                "vlan": 1,
                "voice_vlan": null
              },
              {
                "access_policy_number": null,
                "access_policy_type": "Open",
                "adaptive_policy_group_id": null,
                "allowed_vlans": "all",
                "dai_trusted": false,
                "dot3az_enabled": null,
                "enabled": true,
                "flexible_stacking_enabled": null,
                "high_speed_enabled": null,
                "isolation_enabled": false,
                "link_negotiation": "Auto negotiate",
                "mac_allow_list": null,
                "mac_whitelist_limit": null,
                "name": null,
                "peer_sgt_capable": null,
                "poe_enabled": false,
                "port_id": "49",
                "port_schedule_id": null,
                "profile_enabled": false,
                "profile_id": "",
                "profile_iname": null,
                "rstp_enabled": true,
                "sticky_mac_allow_list": null,
                "sticky_mac_allow_list_limit": null,
                "storm_control_enabled": true,
                "stp_guard": "disabled",
                "stp_port_fast_trunk": null,
                "tags": [],
                "type": "trunk",
                "udld": "Alert only",
                "vlan": 1,
                "voice_vlan": null
              },
              {
                "access_policy_number": null,
                "access_policy_type": "Open",
                "adaptive_policy_group_id": null,
                "allowed_vlans": "all",
                "dai_trusted": false,
                "dot3az_enabled": null,
                "enabled": true,
                "flexible_stacking_enabled": null,
                "high_speed_enabled": null,
                "isolation_enabled": false,
                "link_negotiation": "Auto negotiate",
                "mac_allow_list": null,
                "mac_whitelist_limit": null,
                "name": null,
                "peer_sgt_capable": null,
                "poe_enabled": false,
                "port_id": "50",
                "port_schedule_id": null,
                "profile_enabled": false,
                "profile_id": "",
                "profile_iname": null,
                "rstp_enabled": true,
                "sticky_mac_allow_list": null,
                "sticky_mac_allow_list_limit": null,
                "storm_control_enabled": true,
                "stp_guard": "disabled",
                "stp_port_fast_trunk": null,
                "tags": [],
                "type": "trunk",
                "udld": "Alert only",
                "vlan": 1,
                "voice_vlan": null
              },
              {
                "access_policy_number": null,
                "access_policy_type": "Open",
                "adaptive_policy_group_id": null,
                "allowed_vlans": "all",
                "dai_trusted": false,
                "dot3az_enabled": null,
                "enabled": true,
                "flexible_stacking_enabled": null,
                "high_speed_enabled": null,
                "isolation_enabled": false,
                "link_negotiation": "Auto negotiate",
                "mac_allow_list": null,
                "mac_whitelist_limit": null,
                "name": null,
                "peer_sgt_capable": null,
                "poe_enabled": false,
                "port_id": "51",
                "port_schedule_id": null,
                "profile_enabled": false,
                "profile_id": "",
                "profile_iname": null,
                "rstp_enabled": true,
                "sticky_mac_allow_list": null,
                "sticky_mac_allow_list_limit": null,
                "storm_control_enabled": true,
                "stp_guard": "disabled",
                "stp_port_fast_trunk": null,
                "tags": [],
                "type": "trunk",
                "udld": "Alert only",
                "vlan": 1,
                "voice_vlan": null
              },
              {
                "access_policy_number": null,
                "access_policy_type": "Open",
                "adaptive_policy_group_id": null,
                "allowed_vlans": "all",
                "dai_trusted": false,
                "dot3az_enabled": null,
                "enabled": true,
                "flexible_stacking_enabled": null,
                "high_speed_enabled": null,
                "isolation_enabled": false,
                "link_negotiation": "Auto negotiate",
                "mac_allow_list": null,
                "mac_whitelist_limit": null,
                "name": null,
                "peer_sgt_capable": null,
                "poe_enabled": false,
                "port_id": "52",
                "port_schedule_id": null,
                "profile_enabled": false,
                "profile_id": "",
                "profile_iname": null,
                "rstp_enabled": true,
                "sticky_mac_allow_list": null,
                "sticky_mac_allow_list_limit": null,
                "storm_control_enabled": true,
                "stp_guard": "disabled",
                "stp_port_fast_trunk": null,
                "tags": [],
                "type": "trunk",
                "udld": "Alert only",
                "vlan": 1,
                "voice_vlan": null
              },
              {
                "access_policy_number": null,
                "access_policy_type": "Open",
                "adaptive_policy_group_id": null,
                "allowed_vlans": "all",
                "dai_trusted": false,
                "dot3az_enabled": null,
                "enabled": true,
                "flexible_stacking_enabled": null,
                "high_speed_enabled": null,
                "isolation_enabled": false,
                "link_negotiation": "Auto negotiate",
                "mac_allow_list": null,
                "mac_whitelist_limit": null,
                "name": null,
                "peer_sgt_capable": null,
                "poe_enabled": true,
                "port_id": "10",
                "port_schedule_id": null,
                "profile_enabled": false,
                "profile_id": "",
                "profile_iname": null,
                "rstp_enabled": true,
                "sticky_mac_allow_list": null,
                "sticky_mac_allow_list_limit": null,
                "storm_control_enabled": true,
                "stp_guard": "disabled",
                "stp_port_fast_trunk": null,
                "tags": [],
                "type": "trunk",
                "udld": "Alert only",
                "vlan": 1,
                "voice_vlan": null
              },
              {
                "access_policy_number": null,
                "access_policy_type": "Open",
                "adaptive_policy_group_id": null,
                "allowed_vlans": "all",
                "dai_trusted": false,
                "dot3az_enabled": null,
                "enabled": true,
                "flexible_stacking_enabled": null,
                "high_speed_enabled": null,
                "isolation_enabled": false,
                "link_negotiation": "Auto negotiate",
                "mac_allow_list": null,
                "mac_whitelist_limit": null,
                "name": null,
                "peer_sgt_capable": null,
                "poe_enabled": true,
                "port_id": "11",
                "port_schedule_id": null,
                "profile_enabled": false,
                "profile_id": "",
                "profile_iname": null,
                "rstp_enabled": true,
                "sticky_mac_allow_list": null,
                "sticky_mac_allow_list_limit": null,
                "storm_control_enabled": true,
                "stp_guard": "disabled",
                "stp_port_fast_trunk": null,
                "tags": [],
                "type": "access",
                "udld": "Alert only",
                "vlan": 5,
                "voice_vlan": null
              },
              {
                "access_policy_number": null,
                "access_policy_type": "Open",
                "adaptive_policy_group_id": null,
                "allowed_vlans": "all",
                "dai_trusted": false,
                "dot3az_enabled": null,
                "enabled": true,
                "flexible_stacking_enabled": null,
                "high_speed_enabled": null,
                "isolation_enabled": false,
                "link_negotiation": "Auto negotiate",
                "mac_allow_list": null,
                "mac_whitelist_limit": null,
                "name": null,
                "peer_sgt_capable": null,
                "poe_enabled": true,
                "port_id": "12",
                "port_schedule_id": null,
                "profile_enabled": false,
                "profile_id": "",
                "profile_iname": null,
                "rstp_enabled": true,
                "sticky_mac_allow_list": null,
                "sticky_mac_allow_list_limit": null,
                "storm_control_enabled": true,
                "stp_guard": "disabled",
                "stp_port_fast_trunk": null,
                "tags": [],
                "type": "trunk",
                "udld": "Alert only",
                "vlan": 1,
                "voice_vlan": null
              },
              {
                "access_policy_number": null,
                "access_policy_type": "Open",
                "adaptive_policy_group_id": null,
                "allowed_vlans": "all",
                "dai_trusted": false,
                "dot3az_enabled": null,
                "enabled": true,
                "flexible_stacking_enabled": null,
                "high_speed_enabled": null,
                "isolation_enabled": false,
                "link_negotiation": "Auto negotiate",
                "mac_allow_list": null,
                "mac_whitelist_limit": null,
                "name": null,
                "peer_sgt_capable": null,
                "poe_enabled": true,
                "port_id": "13",
                "port_schedule_id": null,
                "profile_enabled": false,
                "profile_id": "",
                "profile_iname": null,
                "rstp_enabled": true,
                "sticky_mac_allow_list": null,
                "sticky_mac_allow_list_limit": null,
                "storm_control_enabled": true,
                "stp_guard": "disabled",
                "stp_port_fast_trunk": null,
                "tags": [],
                "type": "trunk",
                "udld": "Alert only",
                "vlan": 1,
                "voice_vlan": null
              },
              {
                "access_policy_number": null,
                "access_policy_type": "Open",
                "adaptive_policy_group_id": null,
                "allowed_vlans": "all",
                "dai_trusted": false,
                "dot3az_enabled": null,
                "enabled": true,
                "flexible_stacking_enabled": null,
                "high_speed_enabled": null,
                "isolation_enabled": false,
                "link_negotiation": "Auto negotiate",
                "mac_allow_list": null,
                "mac_whitelist_limit": null,
                "name": null,
                "peer_sgt_capable": null,
                "poe_enabled": true,
                "port_id": "14",
                "port_schedule_id": null,
                "profile_enabled": false,
                "profile_id": "",
                "profile_iname": null,
                "rstp_enabled": true,
                "sticky_mac_allow_list": null,
                "sticky_mac_allow_list_limit": null,
                "storm_control_enabled": true,
                "stp_guard": "disabled",
                "stp_port_fast_trunk": null,
                "tags": [],
                "type": "trunk",
                "udld": "Alert only",
                "vlan": 1,
                "voice_vlan": null
              },
              {
                "access_policy_number": null,
                "access_policy_type": "Open",
                "adaptive_policy_group_id": null,
                "allowed_vlans": "all",
                "dai_trusted": false,
                "dot3az_enabled": null,
                "enabled": true,
                "flexible_stacking_enabled": null,
                "high_speed_enabled": null,
                "isolation_enabled": false,
                "link_negotiation": "Auto negotiate",
                "mac_allow_list": null,
                "mac_whitelist_limit": null,
                "name": null,
                "peer_sgt_capable": null,
                "poe_enabled": true,
                "port_id": "15",
                "port_schedule_id": null,
                "profile_enabled": false,
                "profile_id": "",
                "profile_iname": null,
                "rstp_enabled": true,
                "sticky_mac_allow_list": null,
                "sticky_mac_allow_list_limit": null,
                "storm_control_enabled": true,
                "stp_guard": "disabled",
                "stp_port_fast_trunk": null,
                "tags": [],
                "type": "access",
                "udld": "Alert only",
                "vlan": 2,
                "voice_vlan": null
              },
              {
                "access_policy_number": null,
                "access_policy_type": "Open",
                "adaptive_policy_group_id": null,
                "allowed_vlans": "all",
                "dai_trusted": false,
                "dot3az_enabled": null,
                "enabled": true,
                "flexible_stacking_enabled": null,
                "high_speed_enabled": null,
                "isolation_enabled": false,
                "link_negotiation": "Auto negotiate",
                "mac_allow_list": null,
                "mac_whitelist_limit": null,
                "name": null,
                "peer_sgt_capable": null,
                "poe_enabled": true,
                "port_id": "16",
                "port_schedule_id": null,
                "profile_enabled": false,
                "profile_id": "",
                "profile_iname": null,
                "rstp_enabled": true,
                "sticky_mac_allow_list": null,
                "sticky_mac_allow_list_limit": null,
                "storm_control_enabled": true,
                "stp_guard": "disabled",
                "stp_port_fast_trunk": null,
                "tags": [],
                "type": "access",
                "udld": "Alert only",
                "vlan": 3,
                "voice_vlan": null
              },
              {
                "access_policy_number": null,
                "access_policy_type": "Open",
                "adaptive_policy_group_id": null,
                "allowed_vlans": "all",
                "dai_trusted": false,
                "dot3az_enabled": null,
                "enabled": true,
                "flexible_stacking_enabled": null,
                "high_speed_enabled": null,
                "isolation_enabled": false,
                "link_negotiation": "Auto negotiate",
                "mac_allow_list": null,
                "mac_whitelist_limit": null,
                "name": null,
                "peer_sgt_capable": null,
                "poe_enabled": true,
                "port_id": "17",
                "port_schedule_id": null,
                "profile_enabled": false,
                "profile_id": "",
                "profile_iname": null,
                "rstp_enabled": true,
                "sticky_mac_allow_list": null,
                "sticky_mac_allow_list_limit": null,
                "storm_control_enabled": true,
                "stp_guard": "disabled",
                "stp_port_fast_trunk": null,
                "tags": [],
                "type": "access",
                "udld": "Alert only",
                "vlan": 5,
                "voice_vlan": null
              },
              {
                "access_policy_number": null,
                "access_policy_type": "Open",
                "adaptive_policy_group_id": null,
                "allowed_vlans": "all",
                "dai_trusted": false,
                "dot3az_enabled": null,
                "enabled": true,
                "flexible_stacking_enabled": null,
                "high_speed_enabled": null,
                "isolation_enabled": false,
                "link_negotiation": "Auto negotiate",
                "mac_allow_list": null,
                "mac_whitelist_limit": null,
                "name": null,
                "peer_sgt_capable": null,
                "poe_enabled": true,
                "port_id": "18",
                "port_schedule_id": null,
                "profile_enabled": false,
                "profile_id": "",
                "profile_iname": null,
                "rstp_enabled": true,
                "sticky_mac_allow_list": null,
                "sticky_mac_allow_list_limit": null,
                "storm_control_enabled": true,
                "stp_guard": "disabled",
                "stp_port_fast_trunk": null,
                "tags": [],
                "type": "access",
                "udld": "Alert only",
                "vlan": 2,
                "voice_vlan": null
              },
              {
                "access_policy_number": null,
                "access_policy_type": "Open",
                "adaptive_policy_group_id": null,
                "allowed_vlans": "all",
                "dai_trusted": false,
                "dot3az_enabled": null,
                "enabled": true,
                "flexible_stacking_enabled": null,
                "high_speed_enabled": null,
                "isolation_enabled": false,
                "link_negotiation": "Auto negotiate",
                "mac_allow_list": null,
                "mac_whitelist_limit": null,
                "name": null,
                "peer_sgt_capable": null,
                "poe_enabled": true,
                "port_id": "19",
                "port_schedule_id": null,
                "profile_enabled": false,
                "profile_id": "",
                "profile_iname": null,
                "rstp_enabled": false,
                "sticky_mac_allow_list": null,
                "sticky_mac_allow_list_limit": null,
                "storm_control_enabled": true,
                "stp_guard": "disabled",
                "stp_port_fast_trunk": null,
                "tags": [],
                "type": "access",
                "udld": "Alert only",
                "vlan": 5,
                "voice_vlan": null
              },
              {
                "access_policy_number": null,
                "access_policy_type": "Open",
                "adaptive_policy_group_id": null,
                "allowed_vlans": "all",
                "dai_trusted": false,
                "dot3az_enabled": null,
                "enabled": true,
                "flexible_stacking_enabled": null,
                "high_speed_enabled": null,
                "isolation_enabled": false,
                "link_negotiation": "Auto negotiate",
                "mac_allow_list": null,
                "mac_whitelist_limit": null,
                "name": null,
                "peer_sgt_capable": null,
                "poe_enabled": true,
                "port_id": "20",
                "port_schedule_id": null,
                "profile_enabled": false,
                "profile_id": "",
                "profile_iname": null,
                "rstp_enabled": true,
                "sticky_mac_allow_list": null,
                "sticky_mac_allow_list_limit": null,
                "storm_control_enabled": true,
                "stp_guard": "disabled",
                "stp_port_fast_trunk": null,
                "tags": [],
                "type": "trunk",
                "udld": "Alert only",
                "vlan": 1,
                "voice_vlan": null
              },
              {
                "access_policy_number": null,
                "access_policy_type": "Open",
                "adaptive_policy_group_id": null,
                "allowed_vlans": "all",
                "dai_trusted": false,
                "dot3az_enabled": null,
                "enabled": true,
                "flexible_stacking_enabled": null,
                "high_speed_enabled": null,
                "isolation_enabled": false,
                "link_negotiation": "Auto negotiate",
                "mac_allow_list": null,
                "mac_whitelist_limit": null,
                "name": null,
                "peer_sgt_capable": null,
                "poe_enabled": true,
                "port_id": "21",
                "port_schedule_id": null,
                "profile_enabled": false,
                "profile_id": "",
                "profile_iname": null,
                "rstp_enabled": true,
                "sticky_mac_allow_list": null,
                "sticky_mac_allow_list_limit": null,
                "storm_control_enabled": true,
                "stp_guard": "disabled",
                "stp_port_fast_trunk": null,
                "tags": [],
                "type": "trunk",
                "udld": "Alert only",
                "vlan": 1,
                "voice_vlan": null
              },
              {
                "access_policy_number": null,
                "access_policy_type": "Open",
                "adaptive_policy_group_id": null,
                "allowed_vlans": "all",
                "dai_trusted": false,
                "dot3az_enabled": null,
                "enabled": true,
                "flexible_stacking_enabled": null,
                "high_speed_enabled": null,
                "isolation_enabled": false,
                "link_negotiation": "Auto negotiate",
                "mac_allow_list": null,
                "mac_whitelist_limit": null,
                "name": null,
                "peer_sgt_capable": null,
                "poe_enabled": true,
                "port_id": "22",
                "port_schedule_id": null,
                "profile_enabled": false,
                "profile_id": "",
                "profile_iname": null,
                "rstp_enabled": true,
                "sticky_mac_allow_list": null,
                "sticky_mac_allow_list_limit": null,
                "storm_control_enabled": true,
                "stp_guard": "disabled",
                "stp_port_fast_trunk": null,
                "tags": [],
                "type": "trunk",
                "udld": "Alert only",
                "vlan": 1,
                "voice_vlan": null
              },
              {
                "access_policy_number": null,
                "access_policy_type": "Open",
                "adaptive_policy_group_id": null,
                "allowed_vlans": "all",
                "dai_trusted": false,
                "dot3az_enabled": null,
                "enabled": true,
                "flexible_stacking_enabled": null,
                "high_speed_enabled": null,
                "isolation_enabled": false,
                "link_negotiation": "Auto negotiate",
                "mac_allow_list": null,
                "mac_whitelist_limit": null,
                "name": null,
                "peer_sgt_capable": null,
                "poe_enabled": true,
                "port_id": "23",
                "port_schedule_id": null,
                "profile_enabled": false,
                "profile_id": "",
                "profile_iname": null,
                "rstp_enabled": true,
                "sticky_mac_allow_list": null,
                "sticky_mac_allow_list_limit": null,
                "storm_control_enabled": true,
                "stp_guard": "disabled",
                "stp_port_fast_trunk": null,
                "tags": [],
                "type": "access",
                "udld": "Alert only",
                "vlan": 5,
                "voice_vlan": null
              },
              {
                "access_policy_number": null,
                "access_policy_type": "Open",
                "adaptive_policy_group_id": null,
                "allowed_vlans": "all",
                "dai_trusted": false,
                "dot3az_enabled": null,
                "enabled": true,
                "flexible_stacking_enabled": null,
                "high_speed_enabled": null,
                "isolation_enabled": false,
                "link_negotiation": "Auto negotiate",
                "mac_allow_list": null,
                "mac_whitelist_limit": null,
                "name": null,
                "peer_sgt_capable": null,
                "poe_enabled": true,
                "port_id": "24",
                "port_schedule_id": null,
                "profile_enabled": false,
                "profile_id": "",
                "profile_iname": null,
                "rstp_enabled": true,
                "sticky_mac_allow_list": null,
                "sticky_mac_allow_list_limit": null,
                "storm_control_enabled": true,
                "stp_guard": "disabled",
                "stp_port_fast_trunk": null,
                "tags": [],
                "type": "trunk",
                "udld": "Alert only",
                "vlan": 1,
                "voice_vlan": null
              },
              {
                "access_policy_number": null,
                "access_policy_type": "Open",
                "adaptive_policy_group_id": null,
                "allowed_vlans": "all",
                "dai_trusted": false,
                "dot3az_enabled": null,
                "enabled": true,
                "flexible_stacking_enabled": null,
                "high_speed_enabled": null,
                "isolation_enabled": false,
                "link_negotiation": "Auto negotiate",
                "mac_allow_list": null,
                "mac_whitelist_limit": null,
                "name": null,
                "peer_sgt_capable": null,
                "poe_enabled": true,
                "port_id": "25",
                "port_schedule_id": null,
                "profile_enabled": false,
                "profile_id": "",
                "profile_iname": null,
                "rstp_enabled": true,
                "sticky_mac_allow_list": null,
                "sticky_mac_allow_list_limit": null,
                "storm_control_enabled": true,
                "stp_guard": "disabled",
                "stp_port_fast_trunk": null,
                "tags": [],
                "type": "access",
                "udld": "Alert only",
                "vlan": 5,
                "voice_vlan": null
              },
              {
                "access_policy_number": null,
                "access_policy_type": "Open",
                "adaptive_policy_group_id": null,
                "allowed_vlans": "all",
                "dai_trusted": false,
                "dot3az_enabled": null,
                "enabled": true,
                "flexible_stacking_enabled": null,
                "high_speed_enabled": null,
                "isolation_enabled": false,
                "link_negotiation": "Auto negotiate",
                "mac_allow_list": null,
                "mac_whitelist_limit": null,
                "name": null,
                "peer_sgt_capable": null,
                "poe_enabled": true,
                "port_id": "26",
                "port_schedule_id": null,
                "profile_enabled": false,
                "profile_id": "",
                "profile_iname": null,
                "rstp_enabled": true,
                "sticky_mac_allow_list": null,
                "sticky_mac_allow_list_limit": null,
                "storm_control_enabled": true,
                "stp_guard": "disabled",
                "stp_port_fast_trunk": null,
                "tags": [],
                "type": "access",
                "udld": "Alert only",
                "vlan": 4,
                "voice_vlan": null
              },
              {
                "access_policy_number": null,
                "access_policy_type": "Open",
                "adaptive_policy_group_id": null,
                "allowed_vlans": "all",
                "dai_trusted": false,
                "dot3az_enabled": null,
                "enabled": true,
                "flexible_stacking_enabled": null,
                "high_speed_enabled": null,
                "isolation_enabled": false,
                "link_negotiation": "Auto negotiate",
                "mac_allow_list": null,
                "mac_whitelist_limit": null,
                "name": null,
                "peer_sgt_capable": null,
                "poe_enabled": true,
                "port_id": "27",
                "port_schedule_id": null,
                "profile_enabled": false,
                "profile_id": "",
                "profile_iname": null,
                "rstp_enabled": true,
                "sticky_mac_allow_list": null,
                "sticky_mac_allow_list_limit": null,
                "storm_control_enabled": true,
                "stp_guard": "disabled",
                "stp_port_fast_trunk": null,
                "tags": [],
                "type": "access",
                "udld": "Alert only",
                "vlan": 5,
                "voice_vlan": null
              },
              {
                "access_policy_number": null,
                "access_policy_type": "Open",
                "adaptive_policy_group_id": null,
                "allowed_vlans": "all",
                "dai_trusted": false,
                "dot3az_enabled": null,
                "enabled": true,
                "flexible_stacking_enabled": null,
                "high_speed_enabled": null,
                "isolation_enabled": false,
                "link_negotiation": "Auto negotiate",
                "mac_allow_list": null,
                "mac_whitelist_limit": null,
                "name": null,
                "peer_sgt_capable": null,
                "poe_enabled": true,
                "port_id": "28",
                "port_schedule_id": null,
                "profile_enabled": false,
                "profile_id": "",
                "profile_iname": null,
                "rstp_enabled": true,
                "sticky_mac_allow_list": null,
                "sticky_mac_allow_list_limit": null,
                "storm_control_enabled": true,
                "stp_guard": "disabled",
                "stp_port_fast_trunk": null,
                "tags": [],
                "type": "access",
                "udld": "Alert only",
                "vlan": 5,
                "voice_vlan": null
              },
              {
                "access_policy_number": null,
                "access_policy_type": "Open",
                "adaptive_policy_group_id": null,
                "allowed_vlans": "all",
                "dai_trusted": false,
                "dot3az_enabled": null,
                "enabled": true,
                "flexible_stacking_enabled": null,
                "high_speed_enabled": null,
                "isolation_enabled": false,
                "link_negotiation": "Auto negotiate",
                "mac_allow_list": null,
                "mac_whitelist_limit": null,
                "name": null,
                "peer_sgt_capable": null,
                "poe_enabled": true,
                "port_id": "29",
                "port_schedule_id": null,
                "profile_enabled": false,
                "profile_id": "",
                "profile_iname": null,
                "rstp_enabled": true,
                "sticky_mac_allow_list": null,
                "sticky_mac_allow_list_limit": null,
                "storm_control_enabled": true,
                "stp_guard": "disabled",
                "stp_port_fast_trunk": null,
                "tags": [],
                "type": "trunk",
                "udld": "Alert only",
                "vlan": 1,
                "voice_vlan": null
              },
              {
                "access_policy_number": null,
                "access_policy_type": "Open",
                "adaptive_policy_group_id": null,
                "allowed_vlans": "all",
                "dai_trusted": false,
                "dot3az_enabled": null,
                "enabled": true,
                "flexible_stacking_enabled": null,
                "high_speed_enabled": null,
                "isolation_enabled": false,
                "link_negotiation": "Auto negotiate",
                "mac_allow_list": null,
                "mac_whitelist_limit": null,
                "name": null,
                "peer_sgt_capable": null,
                "poe_enabled": true,
                "port_id": "30",
                "port_schedule_id": null,
                "profile_enabled": false,
                "profile_id": "",
                "profile_iname": null,
                "rstp_enabled": true,
                "sticky_mac_allow_list": null,
                "sticky_mac_allow_list_limit": null,
                "storm_control_enabled": true,
                "stp_guard": "disabled",
                "stp_port_fast_trunk": null,
                "tags": [],
                "type": "trunk",
                "udld": "Alert only",
                "vlan": 1,
                "voice_vlan": null
              },
              {
                "access_policy_number": null,
                "access_policy_type": "Open",
                "adaptive_policy_group_id": null,
                "allowed_vlans": "all",
                "dai_trusted": false,
                "dot3az_enabled": null,
                "enabled": true,
                "flexible_stacking_enabled": null,
                "high_speed_enabled": null,
                "isolation_enabled": false,
                "link_negotiation": "Auto negotiate",
                "mac_allow_list": null,
                "mac_whitelist_limit": null,
                "name": null,
                "peer_sgt_capable": null,
                "poe_enabled": true,
                "port_id": "31",
                "port_schedule_id": null,
                "profile_enabled": true,
                "profile_id": "800514833765105672",
                "profile_iname": "Beatles_N_658088495549527368",
                "rstp_enabled": true,
                "sticky_mac_allow_list": null,
                "sticky_mac_allow_list_limit": null,
                "storm_control_enabled": true,
                "stp_guard": "disabled",
                "stp_port_fast_trunk": null,
                "tags": [],
                "type": "trunk",
                "udld": "Alert only",
                "vlan": 1,
                "voice_vlan": null
              },
              {
                "access_policy_number": null,
                "access_policy_type": "Open",
                "adaptive_policy_group_id": null,
                "allowed_vlans": "all",
                "dai_trusted": false,
                "dot3az_enabled": null,
                "enabled": true,
                "flexible_stacking_enabled": null,
                "high_speed_enabled": null,
                "isolation_enabled": false,
                "link_negotiation": "Auto negotiate",
                "mac_allow_list": null,
                "mac_whitelist_limit": null,
                "name": null,
                "peer_sgt_capable": null,
                "poe_enabled": true,
                "port_id": "32",
                "port_schedule_id": null,
                "profile_enabled": true,
                "profile_id": "800514833765105672",
                "profile_iname": "Beatles_N_658088495549527368",
                "rstp_enabled": true,
                "sticky_mac_allow_list": null,
                "sticky_mac_allow_list_limit": null,
                "storm_control_enabled": true,
                "stp_guard": "disabled",
                "stp_port_fast_trunk": null,
                "tags": [],
                "type": "trunk",
                "udld": "Alert only",
                "vlan": 1,
                "voice_vlan": null
              },
              {
                "access_policy_number": null,
                "access_policy_type": "Open",
                "adaptive_policy_group_id": null,
                "allowed_vlans": "all",
                "dai_trusted": false,
                "dot3az_enabled": null,
                "enabled": true,
                "flexible_stacking_enabled": null,
                "high_speed_enabled": null,
                "isolation_enabled": false,
                "link_negotiation": "Auto negotiate",
                "mac_allow_list": null,
                "mac_whitelist_limit": null,
                "name": null,
                "peer_sgt_capable": null,
                "poe_enabled": true,
                "port_id": "33",
                "port_schedule_id": null,
                "profile_enabled": true,
                "profile_id": "800514833765105672",
                "profile_iname": "Beatles_N_658088495549527368",
                "rstp_enabled": true,
                "sticky_mac_allow_list": null,
                "sticky_mac_allow_list_limit": null,
                "storm_control_enabled": true,
                "stp_guard": "disabled",
                "stp_port_fast_trunk": null,
                "tags": [],
                "type": "trunk",
                "udld": "Alert only",
                "vlan": 1,
                "voice_vlan": null
              },
              {
                "access_policy_number": null,
                "access_policy_type": "Open",
                "adaptive_policy_group_id": null,
                "allowed_vlans": "all",
                "dai_trusted": false,
                "dot3az_enabled": null,
                "enabled": true,
                "flexible_stacking_enabled": null,
                "high_speed_enabled": null,
                "isolation_enabled": false,
                "link_negotiation": "Auto negotiate",
                "mac_allow_list": null,
                "mac_whitelist_limit": null,
                "name": null,
                "peer_sgt_capable": null,
                "poe_enabled": true,
                "port_id": "34",
                "port_schedule_id": null,
                "profile_enabled": true,
                "profile_id": "800514833765105672",
                "profile_iname": "Beatles_N_658088495549527368",
                "rstp_enabled": true,
                "sticky_mac_allow_list": null,
                "sticky_mac_allow_list_limit": null,
                "storm_control_enabled": true,
                "stp_guard": "disabled",
                "stp_port_fast_trunk": null,
                "tags": [],
                "type": "trunk",
                "udld": "Alert only",
                "vlan": 1,
                "voice_vlan": null
              },
              {
                "access_policy_number": null,
                "access_policy_type": "Open",
                "adaptive_policy_group_id": null,
                "allowed_vlans": "all",
                "dai_trusted": false,
                "dot3az_enabled": null,
                "enabled": true,
                "flexible_stacking_enabled": null,
                "high_speed_enabled": null,
                "isolation_enabled": false,
                "link_negotiation": "Auto negotiate",
                "mac_allow_list": null,
                "mac_whitelist_limit": null,
                "name": null,
                "peer_sgt_capable": null,
                "poe_enabled": true,
                "port_id": "35",
                "port_schedule_id": null,
                "profile_enabled": true,
                "profile_id": "800514833765105672",
                "profile_iname": "Beatles_N_658088495549527368",
                "rstp_enabled": true,
                "sticky_mac_allow_list": null,
                "sticky_mac_allow_list_limit": null,
                "storm_control_enabled": true,
                "stp_guard": "disabled",
                "stp_port_fast_trunk": null,
                "tags": [],
                "type": "trunk",
                "udld": "Alert only",
                "vlan": 1,
                "voice_vlan": null
              },
              {
                "access_policy_number": null,
                "access_policy_type": "Open",
                "adaptive_policy_group_id": null,
                "allowed_vlans": "all",
                "dai_trusted": false,
                "dot3az_enabled": null,
                "enabled": true,
                "flexible_stacking_enabled": null,
                "high_speed_enabled": null,
                "isolation_enabled": false,
                "link_negotiation": "Auto negotiate",
                "mac_allow_list": null,
                "mac_whitelist_limit": null,
                "name": null,
                "peer_sgt_capable": null,
                "poe_enabled": true,
                "port_id": "36",
                "port_schedule_id": null,
                "profile_enabled": true,
                "profile_id": "800514833765105672",
                "profile_iname": "Beatles_N_658088495549527368",
                "rstp_enabled": true,
                "sticky_mac_allow_list": null,
                "sticky_mac_allow_list_limit": null,
                "storm_control_enabled": true,
                "stp_guard": "disabled",
                "stp_port_fast_trunk": null,
                "tags": [],
                "type": "trunk",
                "udld": "Alert only",
                "vlan": 1,
                "voice_vlan": null
              },
              {
                "access_policy_number": null,
                "access_policy_type": "Open",
                "adaptive_policy_group_id": null,
                "allowed_vlans": "all",
                "dai_trusted": false,
                "dot3az_enabled": null,
                "enabled": true,
                "flexible_stacking_enabled": null,
                "high_speed_enabled": null,
                "isolation_enabled": false,
                "link_negotiation": "Auto negotiate",
                "mac_allow_list": null,
                "mac_whitelist_limit": null,
                "name": null,
                "peer_sgt_capable": null,
                "poe_enabled": true,
                "port_id": "37",
                "port_schedule_id": null,
                "profile_enabled": true,
                "profile_id": "800514833765105672",
                "profile_iname": "Beatles_N_658088495549527368",
                "rstp_enabled": true,
                "sticky_mac_allow_list": null,
                "sticky_mac_allow_list_limit": null,
                "storm_control_enabled": true,
                "stp_guard": "disabled",
                "stp_port_fast_trunk": null,
                "tags": [],
                "type": "trunk",
                "udld": "Alert only",
                "vlan": 1,
                "voice_vlan": null
              },
              {
                "access_policy_number": null,
                "access_policy_type": "Open",
                "adaptive_policy_group_id": null,
                "allowed_vlans": "all",
                "dai_trusted": false,
                "dot3az_enabled": null,
                "enabled": true,
                "flexible_stacking_enabled": null,
                "high_speed_enabled": null,
                "isolation_enabled": false,
                "link_negotiation": "Auto negotiate",
                "mac_allow_list": null,
                "mac_whitelist_limit": null,
                "name": null,
                "peer_sgt_capable": null,
                "poe_enabled": true,
                "port_id": "38",
                "port_schedule_id": null,
                "profile_enabled": true,
                "profile_id": "800514833765105672",
                "profile_iname": "Beatles_N_658088495549527368",
                "rstp_enabled": true,
                "sticky_mac_allow_list": null,
                "sticky_mac_allow_list_limit": null,
                "storm_control_enabled": true,
                "stp_guard": "disabled",
                "stp_port_fast_trunk": null,
                "tags": [],
                "type": "trunk",
                "udld": "Alert only",
                "vlan": 1,
                "voice_vlan": null
              },
              {
                "access_policy_number": null,
                "access_policy_type": "Open",
                "adaptive_policy_group_id": null,
                "allowed_vlans": "all",
                "dai_trusted": false,
                "dot3az_enabled": null,
                "enabled": true,
                "flexible_stacking_enabled": null,
                "high_speed_enabled": null,
                "isolation_enabled": false,
                "link_negotiation": "Auto negotiate",
                "mac_allow_list": null,
                "mac_whitelist_limit": null,
                "name": null,
                "peer_sgt_capable": null,
                "poe_enabled": true,
                "port_id": "39",
                "port_schedule_id": null,
                "profile_enabled": true,
                "profile_id": "800514833765105672",
                "profile_iname": "Beatles_N_658088495549527368",
                "rstp_enabled": true,
                "sticky_mac_allow_list": null,
                "sticky_mac_allow_list_limit": null,
                "storm_control_enabled": true,
                "stp_guard": "disabled",
                "stp_port_fast_trunk": null,
                "tags": [],
                "type": "trunk",
                "udld": "Alert only",
                "vlan": 1,
                "voice_vlan": null
              },
              {
                "access_policy_number": null,
                "access_policy_type": "Open",
                "adaptive_policy_group_id": null,
                "allowed_vlans": "all",
                "dai_trusted": false,
                "dot3az_enabled": null,
                "enabled": true,
                "flexible_stacking_enabled": null,
                "high_speed_enabled": null,
                "isolation_enabled": false,
                "link_negotiation": "Auto negotiate",
                "mac_allow_list": null,
                "mac_whitelist_limit": null,
                "name": null,
                "peer_sgt_capable": null,
                "poe_enabled": true,
                "port_id": "40",
                "port_schedule_id": null,
                "profile_enabled": false,
                "profile_id": "",
                "profile_iname": null,
                "rstp_enabled": true,
                "sticky_mac_allow_list": null,
                "sticky_mac_allow_list_limit": null,
                "storm_control_enabled": true,
                "stp_guard": "disabled",
                "stp_port_fast_trunk": null,
                "tags": [],
                "type": "access",
                "udld": "Alert only",
                "vlan": 5,
                "voice_vlan": null
              },
              {
                "access_policy_number": null,
                "access_policy_type": "Open",
                "adaptive_policy_group_id": null,
                "allowed_vlans": "all",
                "dai_trusted": false,
                "dot3az_enabled": null,
                "enabled": true,
                "flexible_stacking_enabled": null,
                "high_speed_enabled": null,
                "isolation_enabled": false,
                "link_negotiation": "Auto negotiate",
                "mac_allow_list": null,
                "mac_whitelist_limit": null,
                "name": null,
                "peer_sgt_capable": null,
                "poe_enabled": true,
                "port_id": "41",
                "port_schedule_id": null,
                "profile_enabled": false,
                "profile_id": "",
                "profile_iname": null,
                "rstp_enabled": true,
                "sticky_mac_allow_list": null,
                "sticky_mac_allow_list_limit": null,
                "storm_control_enabled": true,
                "stp_guard": "disabled",
                "stp_port_fast_trunk": null,
                "tags": [],
                "type": "trunk",
                "udld": "Alert only",
                "vlan": 1,
                "voice_vlan": null
              },
              {
                "access_policy_number": null,
                "access_policy_type": "Open",
                "adaptive_policy_group_id": null,
                "allowed_vlans": "all",
                "dai_trusted": false,
                "dot3az_enabled": null,
                "enabled": true,
                "flexible_stacking_enabled": null,
                "high_speed_enabled": null,
                "isolation_enabled": false,
                "link_negotiation": "Auto negotiate",
                "mac_allow_list": null,
                "mac_whitelist_limit": null,
                "name": null,
                "peer_sgt_capable": null,
                "poe_enabled": true,
                "port_id": "42",
                "port_schedule_id": null,
                "profile_enabled": false,
                "profile_id": "",
                "profile_iname": null,
                "rstp_enabled": true,
                "sticky_mac_allow_list": null,
                "sticky_mac_allow_list_limit": null,
                "storm_control_enabled": true,
                "stp_guard": "disabled",
                "stp_port_fast_trunk": null,
                "tags": [],
                "type": "access",
                "udld": "Alert only",
                "vlan": 5,
                "voice_vlan": null
              },
              {
                "access_policy_number": null,
                "access_policy_type": "Open",
                "adaptive_policy_group_id": null,
                "allowed_vlans": "all",
                "dai_trusted": false,
                "dot3az_enabled": null,
                "enabled": true,
                "flexible_stacking_enabled": null,
                "high_speed_enabled": null,
                "isolation_enabled": false,
                "link_negotiation": "Auto negotiate",
                "mac_allow_list": null,
                "mac_whitelist_limit": null,
                "name": null,
                "peer_sgt_capable": null,
                "poe_enabled": true,
                "port_id": "43",
                "port_schedule_id": null,
                "profile_enabled": false,
                "profile_id": "",
                "profile_iname": null,
                "rstp_enabled": true,
                "sticky_mac_allow_list": null,
                "sticky_mac_allow_list_limit": null,
                "storm_control_enabled": true,
                "stp_guard": "disabled",
                "stp_port_fast_trunk": null,
                "tags": [],
                "type": "access",
                "udld": "Alert only",
                "vlan": 5,
                "voice_vlan": null
              },
              {
                "access_policy_number": null,
                "access_policy_type": "Open",
                "adaptive_policy_group_id": null,
                "allowed_vlans": "all",
                "dai_trusted": false,
                "dot3az_enabled": null,
                "enabled": true,
                "flexible_stacking_enabled": null,
                "high_speed_enabled": null,
                "isolation_enabled": false,
                "link_negotiation": "Auto negotiate",
                "mac_allow_list": null,
                "mac_whitelist_limit": null,
                "name": null,
                "peer_sgt_capable": null,
                "poe_enabled": true,
                "port_id": "44",
                "port_schedule_id": null,
                "profile_enabled": false,
                "profile_id": "",
                "profile_iname": null,
                "rstp_enabled": true,
                "sticky_mac_allow_list": null,
                "sticky_mac_allow_list_limit": null,
                "storm_control_enabled": true,
                "stp_guard": "disabled",
                "stp_port_fast_trunk": null,
                "tags": [],
                "type": "access",
                "udld": "Alert only",
                "vlan": 5,
                "voice_vlan": null
              },
              {
                "access_policy_number": null,
                "access_policy_type": "Open",
                "adaptive_policy_group_id": null,
                "allowed_vlans": "all",
                "dai_trusted": false,
                "dot3az_enabled": null,
                "enabled": true,
                "flexible_stacking_enabled": null,
                "high_speed_enabled": null,
                "isolation_enabled": false,
                "link_negotiation": "Auto negotiate",
                "mac_allow_list": null,
                "mac_whitelist_limit": null,
                "name": null,
                "peer_sgt_capable": null,
                "poe_enabled": true,
                "port_id": "46",
                "port_schedule_id": null,
                "profile_enabled": false,
                "profile_id": "",
                "profile_iname": null,
                "rstp_enabled": true,
                "sticky_mac_allow_list": null,
                "sticky_mac_allow_list_limit": null,
                "storm_control_enabled": true,
                "stp_guard": "disabled",
                "stp_port_fast_trunk": null,
                "tags": [],
                "type": "access",
                "udld": "Alert only",
                "vlan": 5,
                "voice_vlan": null
              },
              {
                "access_policy_number": null,
                "access_policy_type": "Open",
                "adaptive_policy_group_id": null,
                "allowed_vlans": "all",
                "dai_trusted": false,
                "dot3az_enabled": null,
                "enabled": true,
                "flexible_stacking_enabled": null,
                "high_speed_enabled": null,
                "isolation_enabled": false,
                "link_negotiation": "Auto negotiate",
                "mac_allow_list": null,
                "mac_whitelist_limit": null,
                "name": null,
                "peer_sgt_capable": null,
                "poe_enabled": true,
                "port_id": "47",
                "port_schedule_id": null,
                "profile_enabled": false,
                "profile_id": "",
                "profile_iname": null,
                "rstp_enabled": true,
                "sticky_mac_allow_list": null,
                "sticky_mac_allow_list_limit": null,
                "storm_control_enabled": true,
                "stp_guard": "disabled",
                "stp_port_fast_trunk": null,
                "tags": [],
                "type": "trunk",
                "udld": "Alert only",
                "vlan": 1,
                "voice_vlan": null
              },
              {
                "access_policy_number": null,
                "access_policy_type": "Open",
                "adaptive_policy_group_id": null,
                "allowed_vlans": "all",
                "dai_trusted": false,
                "dot3az_enabled": null,
                "enabled": true,
                "flexible_stacking_enabled": null,
                "high_speed_enabled": null,
                "isolation_enabled": false,
                "link_negotiation": "Auto negotiate",
                "mac_allow_list": null,
                "mac_whitelist_limit": null,
                "name": null,
                "peer_sgt_capable": null,
                "poe_enabled": true,
                "port_id": "48",
                "port_schedule_id": null,
                "profile_enabled": false,
                "profile_id": "",
                "profile_iname": null,
                "rstp_enabled": true,
                "sticky_mac_allow_list": null,
                "sticky_mac_allow_list_limit": null,
                "storm_control_enabled": true,
                "stp_guard": "disabled",
                "stp_port_fast_trunk": null,
                "tags": [],
                "type": "trunk",
                "udld": "Alert only",
                "vlan": 1,
                "voice_vlan": null
              },
              {
                "access_policy_number": null,
                "access_policy_type": "Open",
                "adaptive_policy_group_id": null,
                "allowed_vlans": "all",
                "dai_trusted": false,
                "dot3az_enabled": null,
                "enabled": true,
                "flexible_stacking_enabled": null,
                "high_speed_enabled": null,
                "isolation_enabled": false,
                "link_negotiation": "Auto negotiate",
                "mac_allow_list": null,
                "mac_whitelist_limit": null,
                "name": null,
                "peer_sgt_capable": null,
                "poe_enabled": true,
                "port_id": "6",
                "port_schedule_id": null,
                "profile_enabled": false,
                "profile_id": "",
                "profile_iname": null,
                "rstp_enabled": true,
                "sticky_mac_allow_list": null,
                "sticky_mac_allow_list_limit": null,
                "storm_control_enabled": true,
                "stp_guard": "disabled",
                "stp_port_fast_trunk": null,
                "tags": [],
                "type": "trunk",
                "udld": "Alert only",
                "vlan": 1,
                "voice_vlan": null
              },
              {
                "access_policy_number": null,
                "access_policy_type": "Open",
                "adaptive_policy_group_id": null,
                "allowed_vlans": "all",
                "dai_trusted": false,
                "dot3az_enabled": null,
                "enabled": true,
                "flexible_stacking_enabled": null,
                "high_speed_enabled": null,
                "isolation_enabled": false,
                "link_negotiation": "Auto negotiate",
                "mac_allow_list": null,
                "mac_whitelist_limit": null,
                "name": null,
                "peer_sgt_capable": null,
                "poe_enabled": true,
                "port_id": "8",
                "port_schedule_id": null,
                "profile_enabled": false,
                "profile_id": "",
                "profile_iname": null,
                "rstp_enabled": true,
                "sticky_mac_allow_list": null,
                "sticky_mac_allow_list_limit": null,
                "storm_control_enabled": true,
                "stp_guard": "disabled",
                "stp_port_fast_trunk": null,
                "tags": [],
                "type": "trunk",
                "udld": "Alert only",
                "vlan": 1,
                "voice_vlan": null
              },
              {
                "access_policy_number": null,
                "access_policy_type": "Open",
                "adaptive_policy_group_id": null,
                "allowed_vlans": "all",
                "dai_trusted": false,
                "dot3az_enabled": null,
                "enabled": true,
                "flexible_stacking_enabled": null,
                "high_speed_enabled": null,
                "isolation_enabled": false,
                "link_negotiation": "Auto negotiate",
                "mac_allow_list": null,
                "mac_whitelist_limit": null,
                "name": null,
                "peer_sgt_capable": null,
                "poe_enabled": true,
                "port_id": "9",
                "port_schedule_id": null,
                "profile_enabled": false,
                "profile_id": "",
                "profile_iname": null,
                "rstp_enabled": true,
                "sticky_mac_allow_list": null,
                "sticky_mac_allow_list_limit": null,
                "storm_control_enabled": true,
                "stp_guard": "disabled",
                "stp_port_fast_trunk": null,
                "tags": [],
                "type": "trunk",
                "udld": "Alert only",
                "vlan": 1,
                "voice_vlan": null
              }
            ],
            "organization_id": "490906",
            "serial": "Q3DD-QCD5-25YL"
          },
          "sensitive_attributes": [],
          "private": "eyJpbXBvcnRpbmciOiJNQT09In0=",
          "dependencies": [
            "module.meraki.data.meraki_network.organizations_networks",
            "module.meraki.data.meraki_organization.organizations",
            "module.meraki.meraki_device.devices",
            "module.meraki.meraki_network.organizations_networks",
            "module.meraki.meraki_network_device_claim.networks_devices_claim",
            "module.meraki.meraki_network_floor_plan.networks_floor_plans",
            "module.meraki.meraki_organization.organizations",
            "module.meraki.meraki_organization_adaptive_policy_group.organizations_adaptive_policy_groups",
            "module.meraki.meraki_organization_adaptive_policy_settings.organizations_adaptive_policy_settings_enabled_networks",
            "module.meraki.meraki_organization_inventory_claim.organizations_inventory",
            "module.meraki.meraki_switch_access_policy.networks_switch_access_policies",
            "module.meraki.meraki_switch_port_schedule.networks_switch_port_schedules"
          ]
        },
        {
          "index_key": "DOMAIN_NAME/lsudduth@gmail.com/142 Mantis/Office",
          "schema_version": 0,
          "attributes": {
            "id": "490906",
            "items": [
              {
                "access_policy_number": null,
                "access_policy_type": "Open",
                "adaptive_policy_group_id": null,
                "allowed_vlans": "all",
                "dai_trusted": false,
                "dot3az_enabled": null,
                "enabled": true,
                "flexible_stacking_enabled": null,
                "high_speed_enabled": null,
                "isolation_enabled": false,
                "link_negotiation": "Auto negotiate",
                "mac_allow_list": null,
                "mac_whitelist_limit": null,
                "name": null,
                "peer_sgt_capable": null,
                "poe_enabled": false,
                "port_id": "10",
                "port_schedule_id": null,
                "profile_enabled": false,
                "profile_id": "",
                "profile_iname": null,
                "rstp_enabled": true,
                "sticky_mac_allow_list": null,
                "sticky_mac_allow_list_limit": null,
                "storm_control_enabled": true,
                "stp_guard": "disabled",
                "stp_port_fast_trunk": null,
                "tags": [],
                "type": "trunk",
                "udld": "Alert only",
                "vlan": 1,
                "voice_vlan": null
              },
              {
                "access_policy_number": null,
                "access_policy_type": "Open",
                "adaptive_policy_group_id": null,
                "allowed_vlans": "all",
                "dai_trusted": false,
                "dot3az_enabled": null,
                "enabled": true,
                "flexible_stacking_enabled": null,
                "high_speed_enabled": null,
                "isolation_enabled": false,
                "link_negotiation": "Auto negotiate",
                "mac_allow_list": null,
                "mac_whitelist_limit": null,
                "name": null,
                "peer_sgt_capable": null,
                "poe_enabled": false,
                "port_id": "9",
                "port_schedule_id": null,
                "profile_enabled": false,
                "profile_id": "",
                "profile_iname": null,
                "rstp_enabled": true,
                "sticky_mac_allow_list": null,
                "sticky_mac_allow_list_limit": null,
                "storm_control_enabled": true,
                "stp_guard": "disabled",
                "stp_port_fast_trunk": null,
                "tags": [],
                "type": "trunk",
                "udld": "Alert only",
                "vlan": 1,
                "voice_vlan": null
              },
              {
                "access_policy_number": null,
                "access_policy_type": "Open",
                "adaptive_policy_group_id": null,
                "allowed_vlans": "all",
                "dai_trusted": false,
                "dot3az_enabled": null,
                "enabled": true,
                "flexible_stacking_enabled": null,
                "high_speed_enabled": null,
                "isolation_enabled": false,
                "link_negotiation": "Auto negotiate",
                "mac_allow_list": null,
                "mac_whitelist_limit": null,
                "name": null,
                "peer_sgt_capable": null,
                "poe_enabled": true,
                "port_id": "1",
                "port_schedule_id": null,
                "profile_enabled": false,
                "profile_id": "",
                "profile_iname": null,
                "rstp_enabled": true,
                "sticky_mac_allow_list": null,
                "sticky_mac_allow_list_limit": null,
                "storm_control_enabled": true,
                "stp_guard": "disabled",
                "stp_port_fast_trunk": null,
                "tags": [],
                "type": "trunk",
                "udld": "Alert only",
                "vlan": 1,
                "voice_vlan": null
              },
              {
                "access_policy_number": null,
                "access_policy_type": "Open",
                "adaptive_policy_group_id": null,
                "allowed_vlans": "all",
                "dai_trusted": false,
                "dot3az_enabled": null,
                "enabled": true,
                "flexible_stacking_enabled": null,
                "high_speed_enabled": null,
                "isolation_enabled": false,
                "link_negotiation": "Auto negotiate",
                "mac_allow_list": null,
                "mac_whitelist_limit": null,
                "name": null,
                "peer_sgt_capable": null,
                "poe_enabled": true,
                "port_id": "2",
                "port_schedule_id": null,
                "profile_enabled": true,
                "profile_id": "800514833765105672",
                "profile_iname": "Beatles_N_658088495549527368",
                "rstp_enabled": true,
                "sticky_mac_allow_list": null,
                "sticky_mac_allow_list_limit": null,
                "storm_control_enabled": true,
                "stp_guard": "disabled",
                "stp_port_fast_trunk": null,
                "tags": [],
                "type": "trunk",
                "udld": "Alert only",
                "vlan": 1,
                "voice_vlan": null
              },
              {
                "access_policy_number": null,
                "access_policy_type": "Open",
                "adaptive_policy_group_id": null,
                "allowed_vlans": "all",
                "dai_trusted": false,
                "dot3az_enabled": null,
                "enabled": true,
                "flexible_stacking_enabled": null,
                "high_speed_enabled": null,
                "isolation_enabled": false,
                "link_negotiation": "Auto negotiate",
                "mac_allow_list": null,
                "mac_whitelist_limit": null,
                "name": null,
                "peer_sgt_capable": null,
                "poe_enabled": true,
                "port_id": "3",
                "port_schedule_id": null,
                "profile_enabled": false,
                "profile_id": "",
                "profile_iname": null,
                "rstp_enabled": true,
                "sticky_mac_allow_list": null,
                "sticky_mac_allow_list_limit": null,
                "storm_control_enabled": true,
                "stp_guard": "disabled",
                "stp_port_fast_trunk": null,
                "tags": [],
                "type": "access",
                "udld": "Alert only",
                "vlan": 2,
                "voice_vlan": null
              },
              {
                "access_policy_number": null,
                "access_policy_type": "Open",
                "adaptive_policy_group_id": null,
                "allowed_vlans": "all",
                "dai_trusted": false,
                "dot3az_enabled": null,
                "enabled": true,
                "flexible_stacking_enabled": null,
                "high_speed_enabled": null,
                "isolation_enabled": false,
                "link_negotiation": "Auto negotiate",
                "mac_allow_list": null,
                "mac_whitelist_limit": null,
                "name": null,
                "peer_sgt_capable": null,
                "poe_enabled": true,
                "port_id": "4",
                "port_schedule_id": null,
                "profile_enabled": false,
                "profile_id": "",
                "profile_iname": null,
                "rstp_enabled": true,
                "sticky_mac_allow_list": null,
                "sticky_mac_allow_list_limit": null,
                "storm_control_enabled": true,
                "stp_guard": "disabled",
                "stp_port_fast_trunk": null,
                "tags": [],
                "type": "access",
                "udld": "Alert only",
                "vlan": 2,
                "voice_vlan": null
              },
              {
                "access_policy_number": null,
                "access_policy_type": "Open",
                "adaptive_policy_group_id": null,
                "allowed_vlans": "all",
                "dai_trusted": false,
                "dot3az_enabled": null,
                "enabled": true,
                "flexible_stacking_enabled": null,
                "high_speed_enabled": null,
                "isolation_enabled": false,
                "link_negotiation": "Auto negotiate",
                "mac_allow_list": null,
                "mac_whitelist_limit": null,
                "name": null,
                "peer_sgt_capable": null,
                "poe_enabled": true,
                "port_id": "5",
                "port_schedule_id": null,
                "profile_enabled": false,
                "profile_id": "",
                "profile_iname": null,
                "rstp_enabled": true,
                "sticky_mac_allow_list": null,
                "sticky_mac_allow_list_limit": null,
                "storm_control_enabled": true,
                "stp_guard": "disabled",
                "stp_port_fast_trunk": null,
                "tags": [],
                "type": "access",
                "udld": "Alert only",
                "vlan": 5,
                "voice_vlan": null
              },
              {
                "access_policy_number": null,
                "access_policy_type": "Open",
                "adaptive_policy_group_id": null,
                "allowed_vlans": "all",
                "dai_trusted": false,
                "dot3az_enabled": null,
                "enabled": true,
                "flexible_stacking_enabled": null,
                "high_speed_enabled": null,
                "isolation_enabled": false,
                "link_negotiation": "Auto negotiate",
                "mac_allow_list": null,
                "mac_whitelist_limit": null,
                "name": null,
                "peer_sgt_capable": null,
                "poe_enabled": true,
                "port_id": "6",
                "port_schedule_id": null,
                "profile_enabled": false,
                "profile_id": "",
                "profile_iname": null,
                "rstp_enabled": true,
                "sticky_mac_allow_list": null,
                "sticky_mac_allow_list_limit": null,
                "storm_control_enabled": true,
                "stp_guard": "disabled",
                "stp_port_fast_trunk": null,
                "tags": [],
                "type": "trunk",
                "udld": "Alert only",
                "vlan": 1,
                "voice_vlan": null
              },
              {
                "access_policy_number": null,
                "access_policy_type": "Open",
                "adaptive_policy_group_id": null,
                "allowed_vlans": "all",
                "dai_trusted": false,
                "dot3az_enabled": null,
                "enabled": true,
                "flexible_stacking_enabled": null,
                "high_speed_enabled": null,
                "isolation_enabled": false,
                "link_negotiation": "Auto negotiate",
                "mac_allow_list": null,
                "mac_whitelist_limit": null,
                "name": null,
                "peer_sgt_capable": null,
                "poe_enabled": true,
                "port_id": "7",
                "port_schedule_id": null,
                "profile_enabled": false,
                "profile_id": "",
                "profile_iname": null,
                "rstp_enabled": true,
                "sticky_mac_allow_list": null,
                "sticky_mac_allow_list_limit": null,
                "storm_control_enabled": true,
                "stp_guard": "disabled",
                "stp_port_fast_trunk": null,
                "tags": [],
                "type": "trunk",
                "udld": "Alert only",
                "vlan": 1,
                "voice_vlan": null
              },
              {
                "access_policy_number": null,
                "access_policy_type": "Open",
                "adaptive_policy_group_id": null,
                "allowed_vlans": "all",
                "dai_trusted": false,
                "dot3az_enabled": null,
                "enabled": true,
                "flexible_stacking_enabled": null,
                "high_speed_enabled": null,
                "isolation_enabled": false,
                "link_negotiation": "Auto negotiate",
                "mac_allow_list": null,
                "mac_whitelist_limit": null,
                "name": null,
                "peer_sgt_capable": null,
                "poe_enabled": true,
                "port_id": "8",
                "port_schedule_id": null,
                "profile_enabled": false,
                "profile_id": "",
                "profile_iname": null,
                "rstp_enabled": true,
                "sticky_mac_allow_list": null,
                "sticky_mac_allow_list_limit": null,
                "storm_control_enabled": true,
                "stp_guard": "disabled",
                "stp_port_fast_trunk": null,
                "tags": [],
                "type": "trunk",
                "udld": "Alert only",
                "vlan": 1,
                "voice_vlan": null
              }
            ],
            "organization_id": "490906",
            "serial": "Q4AC-VFHK-PNYD"
          },
          "sensitive_attributes": [],
          "private": "eyJpbXBvcnRpbmciOiJNQT09In0=",
          "dependencies": [
            "module.meraki.data.meraki_network.organizations_networks",
            "module.meraki.data.meraki_organization.organizations",
            "module.meraki.meraki_device.devices",
            "module.meraki.meraki_network.organizations_networks",
            "module.meraki.meraki_network_device_claim.networks_devices_claim",
            "module.meraki.meraki_network_floor_plan.networks_floor_plans",
            "module.meraki.meraki_organization.organizations",
            "module.meraki.meraki_organization_adaptive_policy_group.organizations_adaptive_policy_groups",
            "module.meraki.meraki_organization_adaptive_policy_settings.organizations_adaptive_policy_settings_enabled_networks",
            "module.meraki.meraki_organization_inventory_claim.organizations_inventory",
            "module.meraki.meraki_switch_access_policy.networks_switch_access_policies",
            "module.meraki.meraki_switch_port_schedule.networks_switch_port_schedules"
          ]
        },
        {
          "index_key": "DOMAIN_NAME/lsudduth@gmail.com/142 Mantis/Server Room",
          "schema_version": 0,
          "attributes": {
            "id": "490906",
            "items": [
              {
                "access_policy_number": null,
                "access_policy_type": "Open",
                "adaptive_policy_group_id": null,
                "allowed_vlans": "all",
                "dai_trusted": false,
                "dot3az_enabled": null,
                "enabled": true,
                "flexible_stacking_enabled": null,
                "high_speed_enabled": null,
                "isolation_enabled": false,
                "link_negotiation": "Auto negotiate",
                "mac_allow_list": null,
                "mac_whitelist_limit": null,
                "name": null,
                "peer_sgt_capable": null,
                "poe_enabled": true,
                "port_id": "1",
                "port_schedule_id": null,
                "profile_enabled": false,
                "profile_id": "",
                "profile_iname": null,
                "rstp_enabled": true,
                "sticky_mac_allow_list": null,
                "sticky_mac_allow_list_limit": null,
                "storm_control_enabled": null,
                "stp_guard": "disabled",
                "stp_port_fast_trunk": null,
                "tags": [],
                "type": "access",
                "udld": "Alert only",
                "vlan": 5,
                "voice_vlan": null
              },
              {
                "access_policy_number": null,
                "access_policy_type": "Open",
                "adaptive_policy_group_id": null,
                "allowed_vlans": "all",
                "dai_trusted": false,
                "dot3az_enabled": null,
                "enabled": true,
                "flexible_stacking_enabled": null,
                "high_speed_enabled": null,
                "isolation_enabled": false,
                "link_negotiation": "Auto negotiate",
                "mac_allow_list": null,
                "mac_whitelist_limit": null,
                "name": null,
                "peer_sgt_capable": null,
                "poe_enabled": true,
                "port_id": "10",
                "port_schedule_id": null,
                "profile_enabled": true,
                "profile_id": "800514833765105673",
                "profile_iname": "Office_N_658088495549527368",
                "rstp_enabled": true,
                "sticky_mac_allow_list": null,
                "sticky_mac_allow_list_limit": null,
                "storm_control_enabled": null,
                "stp_guard": "disabled",
                "stp_port_fast_trunk": null,
                "tags": [],
                "type": "access",
                "udld": "Alert only",
                "vlan": 4,
                "voice_vlan": null
              },
              {
                "access_policy_number": null,
                "access_policy_type": "Open",
                "adaptive_policy_group_id": null,
                "allowed_vlans": "all",
                "dai_trusted": false,
                "dot3az_enabled": null,
                "enabled": true,
                "flexible_stacking_enabled": null,
                "high_speed_enabled": null,
                "isolation_enabled": false,
                "link_negotiation": "Auto negotiate",
                "mac_allow_list": null,
                "mac_whitelist_limit": null,
                "name": null,
                "peer_sgt_capable": null,
                "poe_enabled": true,
                "port_id": "11",
                "port_schedule_id": null,
                "profile_enabled": false,
                "profile_id": "",
                "profile_iname": null,
                "rstp_enabled": true,
                "sticky_mac_allow_list": null,
                "sticky_mac_allow_list_limit": null,
                "storm_control_enabled": null,
                "stp_guard": "disabled",
                "stp_port_fast_trunk": null,
                "tags": [],
                "type": "access",
                "udld": "Alert only",
                "vlan": 2,
                "voice_vlan": null
              },
              {
                "access_policy_number": null,
                "access_policy_type": "Open",
                "adaptive_policy_group_id": null,
                "allowed_vlans": "all",
                "dai_trusted": false,
                "dot3az_enabled": null,
                "enabled": true,
                "flexible_stacking_enabled": null,
                "high_speed_enabled": null,
                "isolation_enabled": false,
                "link_negotiation": "Auto negotiate",
                "mac_allow_list": null,
                "mac_whitelist_limit": null,
                "name": null,
                "peer_sgt_capable": null,
                "poe_enabled": true,
                "port_id": "12",
                "port_schedule_id": null,
                "profile_enabled": true,
                "profile_id": "800514833765105673",
                "profile_iname": "Office_N_658088495549527368",
                "rstp_enabled": true,
                "sticky_mac_allow_list": null,
                "sticky_mac_allow_list_limit": null,
                "storm_control_enabled": null,
                "stp_guard": "disabled",
                "stp_port_fast_trunk": null,
                "tags": [],
                "type": "trunk",
                "udld": "Alert only",
                "vlan": 1,
                "voice_vlan": null
              },
              {
                "access_policy_number": null,
                "access_policy_type": "Open",
                "adaptive_policy_group_id": null,
                "allowed_vlans": "all",
                "dai_trusted": false,
                "dot3az_enabled": null,
                "enabled": true,
                "flexible_stacking_enabled": null,
                "high_speed_enabled": null,
                "isolation_enabled": false,
                "link_negotiation": "Auto negotiate",
                "mac_allow_list": null,
                "mac_whitelist_limit": null,
                "name": null,
                "peer_sgt_capable": null,
                "poe_enabled": true,
                "port_id": "13",
                "port_schedule_id": null,
                "profile_enabled": false,
                "profile_id": "",
                "profile_iname": null,
                "rstp_enabled": true,
                "sticky_mac_allow_list": null,
                "sticky_mac_allow_list_limit": null,
                "storm_control_enabled": null,
                "stp_guard": "disabled",
                "stp_port_fast_trunk": null,
                "tags": [],
                "type": "access",
                "udld": "Alert only",
                "vlan": 2,
                "voice_vlan": null
              },
              {
                "access_policy_number": null,
                "access_policy_type": "Open",
                "adaptive_policy_group_id": null,
                "allowed_vlans": "all",
                "dai_trusted": false,
                "dot3az_enabled": null,
                "enabled": true,
                "flexible_stacking_enabled": null,
                "high_speed_enabled": null,
                "isolation_enabled": false,
                "link_negotiation": "Auto negotiate",
                "mac_allow_list": null,
                "mac_whitelist_limit": null,
                "name": null,
                "peer_sgt_capable": null,
                "poe_enabled": true,
                "port_id": "14",
                "port_schedule_id": null,
                "profile_enabled": false,
                "profile_id": "",
                "profile_iname": null,
                "rstp_enabled": true,
                "sticky_mac_allow_list": null,
                "sticky_mac_allow_list_limit": null,
                "storm_control_enabled": null,
                "stp_guard": "disabled",
                "stp_port_fast_trunk": null,
                "tags": [],
                "type": "access",
                "udld": "Alert only",
                "vlan": 2,
                "voice_vlan": null
              },
              {
                "access_policy_number": null,
                "access_policy_type": "Open",
                "adaptive_policy_group_id": null,
                "allowed_vlans": "all",
                "dai_trusted": false,
                "dot3az_enabled": null,
                "enabled": true,
                "flexible_stacking_enabled": null,
                "high_speed_enabled": null,
                "isolation_enabled": false,
                "link_negotiation": "Auto negotiate",
                "mac_allow_list": null,
                "mac_whitelist_limit": null,
                "name": null,
                "peer_sgt_capable": null,
                "poe_enabled": true,
                "port_id": "15",
                "port_schedule_id": null,
                "profile_enabled": false,
                "profile_id": "",
                "profile_iname": null,
                "rstp_enabled": true,
                "sticky_mac_allow_list": null,
                "sticky_mac_allow_list_limit": null,
                "storm_control_enabled": null,
                "stp_guard": "disabled",
                "stp_port_fast_trunk": null,
                "tags": [],
                "type": "access",
                "udld": "Alert only",
                "vlan": 2,
                "voice_vlan": null
              },
              {
                "access_policy_number": null,
                "access_policy_type": "Open",
                "adaptive_policy_group_id": null,
                "allowed_vlans": "all",
                "dai_trusted": false,
                "dot3az_enabled": null,
                "enabled": true,
                "flexible_stacking_enabled": null,
                "high_speed_enabled": null,
                "isolation_enabled": false,
                "link_negotiation": "Auto negotiate",
                "mac_allow_list": null,
                "mac_whitelist_limit": null,
                "name": null,
                "peer_sgt_capable": null,
                "poe_enabled": true,
                "port_id": "16",
                "port_schedule_id": null,
                "profile_enabled": false,
                "profile_id": "",
                "profile_iname": null,
                "rstp_enabled": true,
                "sticky_mac_allow_list": null,
                "sticky_mac_allow_list_limit": null,
                "storm_control_enabled": null,
                "stp_guard": "disabled",
                "stp_port_fast_trunk": null,
                "tags": [],
                "type": "access",
                "udld": "Alert only",
                "vlan": 2,
                "voice_vlan": null
              },
              {
                "access_policy_number": null,
                "access_policy_type": "Open",
                "adaptive_policy_group_id": null,
                "allowed_vlans": "all",
                "dai_trusted": false,
                "dot3az_enabled": null,
                "enabled": true,
                "flexible_stacking_enabled": null,
                "high_speed_enabled": null,
                "isolation_enabled": false,
                "link_negotiation": "Auto negotiate",
                "mac_allow_list": null,
                "mac_whitelist_limit": null,
                "name": null,
                "peer_sgt_capable": null,
                "poe_enabled": true,
                "port_id": "17",
                "port_schedule_id": null,
                "profile_enabled": true,
                "profile_id": "800514833765105673",
                "profile_iname": "Office_N_658088495549527368",
                "rstp_enabled": true,
                "sticky_mac_allow_list": null,
                "sticky_mac_allow_list_limit": null,
                "storm_control_enabled": null,
                "stp_guard": "disabled",
                "stp_port_fast_trunk": null,
                "tags": [],
                "type": "trunk",
                "udld": "Alert only",
                "vlan": 1,
                "voice_vlan": null
              },
              {
                "access_policy_number": null,
                "access_policy_type": "Open",
                "adaptive_policy_group_id": null,
                "allowed_vlans": "all",
                "dai_trusted": false,
                "dot3az_enabled": null,
                "enabled": true,
                "flexible_stacking_enabled": null,
                "high_speed_enabled": null,
                "isolation_enabled": false,
                "link_negotiation": "Auto negotiate",
                "mac_allow_list": null,
                "mac_whitelist_limit": null,
                "name": null,
                "peer_sgt_capable": null,
                "poe_enabled": true,
                "port_id": "18",
                "port_schedule_id": null,
                "profile_enabled": true,
                "profile_id": "800514833765105673",
                "profile_iname": "Office_N_658088495549527368",
                "rstp_enabled": true,
                "sticky_mac_allow_list": null,
                "sticky_mac_allow_list_limit": null,
                "storm_control_enabled": null,
                "stp_guard": "disabled",
                "stp_port_fast_trunk": null,
                "tags": [],
                "type": "trunk",
                "udld": "Alert only",
                "vlan": 1,
                "voice_vlan": null
              },
              {
                "access_policy_number": null,
                "access_policy_type": "Open",
                "adaptive_policy_group_id": null,
                "allowed_vlans": "all",
                "dai_trusted": false,
                "dot3az_enabled": null,
                "enabled": true,
                "flexible_stacking_enabled": null,
                "high_speed_enabled": null,
                "isolation_enabled": false,
                "link_negotiation": "Auto negotiate",
                "mac_allow_list": null,
                "mac_whitelist_limit": null,
                "name": null,
                "peer_sgt_capable": null,
                "poe_enabled": true,
                "port_id": "19",
                "port_schedule_id": null,
                "profile_enabled": false,
                "profile_id": "",
                "profile_iname": null,
                "rstp_enabled": true,
                "sticky_mac_allow_list": null,
                "sticky_mac_allow_list_limit": null,
                "storm_control_enabled": null,
                "stp_guard": "disabled",
                "stp_port_fast_trunk": null,
                "tags": [],
                "type": "access",
                "udld": "Alert only",
                "vlan": 5,
                "voice_vlan": null
              },
              {
                "access_policy_number": null,
                "access_policy_type": "Open",
                "adaptive_policy_group_id": null,
                "allowed_vlans": "all",
                "dai_trusted": false,
                "dot3az_enabled": null,
                "enabled": true,
                "flexible_stacking_enabled": null,
                "high_speed_enabled": null,
                "isolation_enabled": false,
                "link_negotiation": "Auto negotiate",
                "mac_allow_list": null,
                "mac_whitelist_limit": null,
                "name": null,
                "peer_sgt_capable": null,
                "poe_enabled": true,
                "port_id": "2",
                "port_schedule_id": null,
                "profile_enabled": true,
                "profile_id": "800514833765105672",
                "profile_iname": "Beatles_N_658088495549527368",
                "rstp_enabled": true,
                "sticky_mac_allow_list": null,
                "sticky_mac_allow_list_limit": null,
                "storm_control_enabled": null,
                "stp_guard": "disabled",
                "stp_port_fast_trunk": null,
                "tags": [],
                "type": "access",
                "udld": "Alert only",
                "vlan": 2,
                "voice_vlan": null
              },
              {
                "access_policy_number": null,
                "access_policy_type": "Open",
                "adaptive_policy_group_id": null,
                "allowed_vlans": "all",
                "dai_trusted": false,
                "dot3az_enabled": null,
                "enabled": true,
                "flexible_stacking_enabled": null,
                "high_speed_enabled": null,
                "isolation_enabled": false,
                "link_negotiation": "Auto negotiate",
                "mac_allow_list": null,
                "mac_whitelist_limit": null,
                "name": null,
                "peer_sgt_capable": null,
                "poe_enabled": true,
                "port_id": "20",
                "port_schedule_id": null,
                "profile_enabled": false,
                "profile_id": "",
                "profile_iname": null,
                "rstp_enabled": true,
                "sticky_mac_allow_list": null,
                "sticky_mac_allow_list_limit": null,
                "storm_control_enabled": null,
                "stp_guard": "disabled",
                "stp_port_fast_trunk": null,
                "tags": [],
                "type": "trunk",
                "udld": "Alert only",
                "vlan": 1,
                "voice_vlan": null
              },
              {
                "access_policy_number": null,
                "access_policy_type": "Open",
                "adaptive_policy_group_id": null,
                "allowed_vlans": "all",
                "dai_trusted": false,
                "dot3az_enabled": null,
                "enabled": true,
                "flexible_stacking_enabled": null,
                "high_speed_enabled": null,
                "isolation_enabled": false,
                "link_negotiation": "Auto negotiate",
                "mac_allow_list": null,
                "mac_whitelist_limit": null,
                "name": null,
                "peer_sgt_capable": null,
                "poe_enabled": true,
                "port_id": "21",
                "port_schedule_id": null,
                "profile_enabled": true,
                "profile_id": "800514833765105672",
                "profile_iname": "Beatles_N_658088495549527368",
                "rstp_enabled": true,
                "sticky_mac_allow_list": null,
                "sticky_mac_allow_list_limit": null,
                "storm_control_enabled": null,
                "stp_guard": "disabled",
                "stp_port_fast_trunk": null,
                "tags": [],
                "type": "trunk",
                "udld": "Alert only",
                "vlan": 1,
                "voice_vlan": null
              },
              {
                "access_policy_number": null,
                "access_policy_type": "Open",
                "adaptive_policy_group_id": null,
                "allowed_vlans": "all",
                "dai_trusted": false,
                "dot3az_enabled": null,
                "enabled": true,
                "flexible_stacking_enabled": null,
                "high_speed_enabled": null,
                "isolation_enabled": false,
                "link_negotiation": "Auto negotiate",
                "mac_allow_list": null,
                "mac_whitelist_limit": null,
                "name": null,
                "peer_sgt_capable": null,
                "poe_enabled": true,
                "port_id": "22",
                "port_schedule_id": null,
                "profile_enabled": true,
                "profile_id": "800514833765105673",
                "profile_iname": "Office_N_658088495549527368",
                "rstp_enabled": true,
                "sticky_mac_allow_list": null,
                "sticky_mac_allow_list_limit": null,
                "storm_control_enabled": null,
                "stp_guard": "disabled",
                "stp_port_fast_trunk": null,
                "tags": [],
                "type": "trunk",
                "udld": "Alert only",
                "vlan": 1,
                "voice_vlan": null
              },
              {
                "access_policy_number": null,
                "access_policy_type": "Open",
                "adaptive_policy_group_id": null,
                "allowed_vlans": "all",
                "dai_trusted": false,
                "dot3az_enabled": null,
                "enabled": true,
                "flexible_stacking_enabled": null,
                "high_speed_enabled": null,
                "isolation_enabled": false,
                "link_negotiation": "Auto negotiate",
                "mac_allow_list": null,
                "mac_whitelist_limit": null,
                "name": null,
                "peer_sgt_capable": null,
                "poe_enabled": true,
                "port_id": "23",
                "port_schedule_id": null,
                "profile_enabled": false,
                "profile_id": "",
                "profile_iname": null,
                "rstp_enabled": true,
                "sticky_mac_allow_list": null,
                "sticky_mac_allow_list_limit": null,
                "storm_control_enabled": null,
                "stp_guard": "disabled",
                "stp_port_fast_trunk": null,
                "tags": [],
                "type": "access",
                "udld": "Alert only",
                "vlan": 2,
                "voice_vlan": null
              },
              {
                "access_policy_number": null,
                "access_policy_type": "Open",
                "adaptive_policy_group_id": null,
                "allowed_vlans": "all",
                "dai_trusted": false,
                "dot3az_enabled": null,
                "enabled": true,
                "flexible_stacking_enabled": null,
                "high_speed_enabled": null,
                "isolation_enabled": false,
                "link_negotiation": "Auto negotiate",
                "mac_allow_list": null,
                "mac_whitelist_limit": null,
                "name": null,
                "peer_sgt_capable": null,
                "poe_enabled": true,
                "port_id": "24",
                "port_schedule_id": null,
                "profile_enabled": false,
                "profile_id": "",
                "profile_iname": null,
                "rstp_enabled": true,
                "sticky_mac_allow_list": null,
                "sticky_mac_allow_list_limit": null,
                "storm_control_enabled": null,
                "stp_guard": "disabled",
                "stp_port_fast_trunk": null,
                "tags": [],
                "type": "trunk",
                "udld": "Alert only",
                "vlan": 1,
                "voice_vlan": null
              },
              {
                "access_policy_number": null,
                "access_policy_type": "Open",
                "adaptive_policy_group_id": null,
                "allowed_vlans": "all",
                "dai_trusted": false,
                "dot3az_enabled": null,
                "enabled": true,
                "flexible_stacking_enabled": null,
                "high_speed_enabled": null,
                "isolation_enabled": false,
                "link_negotiation": "Auto negotiate",
                "mac_allow_list": null,
                "mac_whitelist_limit": null,
                "name": null,
                "peer_sgt_capable": null,
                "poe_enabled": true,
                "port_id": "3",
                "port_schedule_id": null,
                "profile_enabled": false,
                "profile_id": "",
                "profile_iname": null,
                "rstp_enabled": true,
                "sticky_mac_allow_list": null,
                "sticky_mac_allow_list_limit": null,
                "storm_control_enabled": null,
                "stp_guard": "disabled",
                "stp_port_fast_trunk": null,
                "tags": [],
                "type": "access",
                "udld": "Alert only",
                "vlan": 5,
                "voice_vlan": null
              },
              {
                "access_policy_number": null,
                "access_policy_type": "Open",
                "adaptive_policy_group_id": null,
                "allowed_vlans": "all",
                "dai_trusted": false,
                "dot3az_enabled": null,
                "enabled": true,
                "flexible_stacking_enabled": null,
                "high_speed_enabled": null,
                "isolation_enabled": false,
                "link_negotiation": "Auto negotiate",
                "mac_allow_list": null,
                "mac_whitelist_limit": null,
                "name": null,
                "peer_sgt_capable": null,
                "poe_enabled": true,
                "port_id": "4",
                "port_schedule_id": null,
                "profile_enabled": true,
                "profile_id": "800514833765105672",
                "profile_iname": "Beatles_N_658088495549527368",
                "rstp_enabled": true,
                "sticky_mac_allow_list": null,
                "sticky_mac_allow_list_limit": null,
                "storm_control_enabled": null,
                "stp_guard": "disabled",
                "stp_port_fast_trunk": null,
                "tags": [],
                "type": "access",
                "udld": "Alert only",
                "vlan": 5,
                "voice_vlan": null
              },
              {
                "access_policy_number": null,
                "access_policy_type": "Open",
                "adaptive_policy_group_id": null,
                "allowed_vlans": "all",
                "dai_trusted": false,
                "dot3az_enabled": null,
                "enabled": true,
                "flexible_stacking_enabled": null,
                "high_speed_enabled": null,
                "isolation_enabled": false,
                "link_negotiation": "Auto negotiate",
                "mac_allow_list": null,
                "mac_whitelist_limit": null,
                "name": null,
                "peer_sgt_capable": null,
                "poe_enabled": true,
                "port_id": "5",
                "port_schedule_id": null,
                "profile_enabled": true,
                "profile_id": "800514833765105672",
                "profile_iname": "Beatles_N_658088495549527368",
                "rstp_enabled": true,
                "sticky_mac_allow_list": null,
                "sticky_mac_allow_list_limit": null,
                "storm_control_enabled": null,
                "stp_guard": "disabled",
                "stp_port_fast_trunk": null,
                "tags": [],
                "type": "access",
                "udld": "Alert only",
                "vlan": 4,
                "voice_vlan": null
              },
              {
                "access_policy_number": null,
                "access_policy_type": "Open",
                "adaptive_policy_group_id": null,
                "allowed_vlans": "all",
                "dai_trusted": false,
                "dot3az_enabled": null,
                "enabled": true,
                "flexible_stacking_enabled": null,
                "high_speed_enabled": null,
                "isolation_enabled": false,
                "link_negotiation": "Auto negotiate",
                "mac_allow_list": null,
                "mac_whitelist_limit": null,
                "name": null,
                "peer_sgt_capable": null,
                "poe_enabled": true,
                "port_id": "6",
                "port_schedule_id": null,
                "profile_enabled": true,
                "profile_id": "800514833765105673",
                "profile_iname": "Office_N_658088495549527368",
                "rstp_enabled": true,
                "sticky_mac_allow_list": null,
                "sticky_mac_allow_list_limit": null,
                "storm_control_enabled": null,
                "stp_guard": "disabled",
                "stp_port_fast_trunk": null,
                "tags": [],
                "type": "trunk",
                "udld": "Alert only",
                "vlan": 1,
                "voice_vlan": null
              },
              {
                "access_policy_number": null,
                "access_policy_type": "Open",
                "adaptive_policy_group_id": null,
                "allowed_vlans": "all",
                "dai_trusted": false,
                "dot3az_enabled": null,
                "enabled": true,
                "flexible_stacking_enabled": null,
                "high_speed_enabled": null,
                "isolation_enabled": false,
                "link_negotiation": "Auto negotiate",
                "mac_allow_list": null,
                "mac_whitelist_limit": null,
                "name": null,
                "peer_sgt_capable": null,
                "poe_enabled": true,
                "port_id": "7",
                "port_schedule_id": null,
                "profile_enabled": false,
                "profile_id": "",
                "profile_iname": null,
                "rstp_enabled": true,
                "sticky_mac_allow_list": null,
                "sticky_mac_allow_list_limit": null,
                "storm_control_enabled": null,
                "stp_guard": "disabled",
                "stp_port_fast_trunk": null,
                "tags": [],
                "type": "access",
                "udld": "Alert only",
                "vlan": 2,
                "voice_vlan": null
              },
              {
                "access_policy_number": null,
                "access_policy_type": "Open",
                "adaptive_policy_group_id": null,
                "allowed_vlans": "all",
                "dai_trusted": false,
                "dot3az_enabled": null,
                "enabled": true,
                "flexible_stacking_enabled": null,
                "high_speed_enabled": null,
                "isolation_enabled": false,
                "link_negotiation": "Auto negotiate",
                "mac_allow_list": null,
                "mac_whitelist_limit": null,
                "name": null,
                "peer_sgt_capable": null,
                "poe_enabled": true,
                "port_id": "8",
                "port_schedule_id": null,
                "profile_enabled": false,
                "profile_id": "",
                "profile_iname": null,
                "rstp_enabled": true,
                "sticky_mac_allow_list": null,
                "sticky_mac_allow_list_limit": null,
                "storm_control_enabled": null,
                "stp_guard": "disabled",
                "stp_port_fast_trunk": null,
                "tags": [],
                "type": "access",
                "udld": "Alert only",
                "vlan": 3,
                "voice_vlan": null
              },
              {
                "access_policy_number": null,
                "access_policy_type": "Open",
                "adaptive_policy_group_id": null,
                "allowed_vlans": "all",
                "dai_trusted": false,
                "dot3az_enabled": null,
                "enabled": true,
                "flexible_stacking_enabled": null,
                "high_speed_enabled": null,
                "isolation_enabled": false,
                "link_negotiation": "Auto negotiate",
                "mac_allow_list": null,
                "mac_whitelist_limit": null,
                "name": null,
                "peer_sgt_capable": null,
                "poe_enabled": true,
                "port_id": "9",
                "port_schedule_id": null,
                "profile_enabled": false,
                "profile_id": "",
                "profile_iname": null,
                "rstp_enabled": true,
                "sticky_mac_allow_list": null,
                "sticky_mac_allow_list_limit": null,
                "storm_control_enabled": null,
                "stp_guard": "disabled",
                "stp_port_fast_trunk": null,
                "tags": [],
                "type": "access",
                "udld": "Alert only",
                "vlan": 2,
                "voice_vlan": null
              }
            ],
            "organization_id": "490906",
            "serial": "Q2KP-TYDT-Q4SS"
          },
          "sensitive_attributes": [],
          "private": "eyJpbXBvcnRpbmciOiJNQT09In0=",
          "dependencies": [
            "module.meraki.data.meraki_network.organizations_networks",
            "module.meraki.data.meraki_organization.organizations",
            "module.meraki.meraki_device.devices",
            "module.meraki.meraki_network.organizations_networks",
            "module.meraki.meraki_network_device_claim.networks_devices_claim",
            "module.meraki.meraki_network_floor_plan.networks_floor_plans",
            "module.meraki.meraki_organization.organizations",
            "module.meraki.meraki_organization_adaptive_policy_group.organizations_adaptive_policy_groups",
            "module.meraki.meraki_organization_adaptive_policy_settings.organizations_adaptive_policy_settings_enabled_networks",
            "module.meraki.meraki_organization_inventory_claim.organizations_inventory",
            "module.meraki.meraki_switch_access_policy.networks_switch_access_policies",
            "module.meraki.meraki_switch_port_schedule.networks_switch_port_schedules"
          ]
        },
        {
          "index_key": "DOMAIN_NAME/lsudduth@gmail.com/142 Mantis/Servers",
          "schema_version": 0,
          "attributes": {
            "id": "490906",
            "items": [
              {
                "access_policy_number": null,
                "access_policy_type": "Open",
                "adaptive_policy_group_id": null,
                "allowed_vlans": "all",
                "dai_trusted": false,
                "dot3az_enabled": null,
                "enabled": true,
                "flexible_stacking_enabled": null,
                "high_speed_enabled": null,
                "isolation_enabled": false,
                "link_negotiation": "Auto negotiate",
                "mac_allow_list": null,
                "mac_whitelist_limit": null,
                "name": null,
                "peer_sgt_capable": null,
                "poe_enabled": false,
                "port_id": "1",
                "port_schedule_id": null,
                "profile_enabled": true,
                "profile_id": "800514833765105673",
                "profile_iname": "Office_N_658088495549527368",
                "rstp_enabled": true,
                "sticky_mac_allow_list": null,
                "sticky_mac_allow_list_limit": null,
                "storm_control_enabled": true,
                "stp_guard": "disabled",
                "stp_port_fast_trunk": null,
                "tags": [],
                "type": "trunk",
                "udld": "Alert only",
                "vlan": 1,
                "voice_vlan": null
              },
              {
                "access_policy_number": null,
                "access_policy_type": "Open",
                "adaptive_policy_group_id": null,
                "allowed_vlans": "all",
                "dai_trusted": false,
                "dot3az_enabled": null,
                "enabled": true,
                "flexible_stacking_enabled": null,
                "high_speed_enabled": null,
                "isolation_enabled": false,
                "link_negotiation": "Auto negotiate",
                "mac_allow_list": null,
                "mac_whitelist_limit": null,
                "name": null,
                "peer_sgt_capable": null,
                "poe_enabled": false,
                "port_id": "10",
                "port_schedule_id": null,
                "profile_enabled": false,
                "profile_id": "",
                "profile_iname": null,
                "rstp_enabled": true,
                "sticky_mac_allow_list": null,
                "sticky_mac_allow_list_limit": null,
                "storm_control_enabled": true,
                "stp_guard": "disabled",
                "stp_port_fast_trunk": null,
                "tags": [],
                "type": "trunk",
                "udld": "Alert only",
                "vlan": 1,
                "voice_vlan": null
              },
              {
                "access_policy_number": null,
                "access_policy_type": "Open",
                "adaptive_policy_group_id": null,
                "allowed_vlans": "all",
                "dai_trusted": false,
                "dot3az_enabled": null,
                "enabled": true,
                "flexible_stacking_enabled": null,
                "high_speed_enabled": null,
                "isolation_enabled": false,
                "link_negotiation": "Auto negotiate",
                "mac_allow_list": null,
                "mac_whitelist_limit": null,
                "name": null,
                "peer_sgt_capable": null,
                "poe_enabled": false,
                "port_id": "2",
                "port_schedule_id": null,
                "profile_enabled": true,
                "profile_id": "800514833765105673",
                "profile_iname": "Office_N_658088495549527368",
                "rstp_enabled": true,
                "sticky_mac_allow_list": null,
                "sticky_mac_allow_list_limit": null,
                "storm_control_enabled": true,
                "stp_guard": "disabled",
                "stp_port_fast_trunk": null,
                "tags": [],
                "type": "trunk",
                "udld": "Alert only",
                "vlan": 1,
                "voice_vlan": null
              },
              {
                "access_policy_number": null,
                "access_policy_type": "Open",
                "adaptive_policy_group_id": null,
                "allowed_vlans": "all",
                "dai_trusted": false,
                "dot3az_enabled": null,
                "enabled": true,
                "flexible_stacking_enabled": null,
                "high_speed_enabled": null,
                "isolation_enabled": false,
                "link_negotiation": "Auto negotiate",
                "mac_allow_list": null,
                "mac_whitelist_limit": null,
                "name": null,
                "peer_sgt_capable": null,
                "poe_enabled": false,
                "port_id": "3",
                "port_schedule_id": null,
                "profile_enabled": true,
                "profile_id": "800514833765105673",
                "profile_iname": "Office_N_658088495549527368",
                "rstp_enabled": true,
                "sticky_mac_allow_list": null,
                "sticky_mac_allow_list_limit": null,
                "storm_control_enabled": true,
                "stp_guard": "disabled",
                "stp_port_fast_trunk": null,
                "tags": [],
                "type": "trunk",
                "udld": "Alert only",
                "vlan": 1,
                "voice_vlan": null
              },
              {
                "access_policy_number": null,
                "access_policy_type": "Open",
                "adaptive_policy_group_id": null,
                "allowed_vlans": "all",
                "dai_trusted": false,
                "dot3az_enabled": null,
                "enabled": true,
                "flexible_stacking_enabled": null,
                "high_speed_enabled": null,
                "isolation_enabled": false,
                "link_negotiation": "Auto negotiate",
                "mac_allow_list": null,
                "mac_whitelist_limit": null,
                "name": null,
                "peer_sgt_capable": null,
                "poe_enabled": false,
                "port_id": "4",
                "port_schedule_id": null,
                "profile_enabled": true,
                "profile_id": "800514833765105673",
                "profile_iname": "Office_N_658088495549527368",
                "rstp_enabled": true,
                "sticky_mac_allow_list": null,
                "sticky_mac_allow_list_limit": null,
                "storm_control_enabled": true,
                "stp_guard": "disabled",
                "stp_port_fast_trunk": null,
                "tags": [],
                "type": "trunk",
                "udld": "Alert only",
                "vlan": 1,
                "voice_vlan": null
              },
              {
                "access_policy_number": null,
                "access_policy_type": "Open",
                "adaptive_policy_group_id": null,
                "allowed_vlans": "all",
                "dai_trusted": false,
                "dot3az_enabled": null,
                "enabled": true,
                "flexible_stacking_enabled": null,
                "high_speed_enabled": null,
                "isolation_enabled": false,
                "link_negotiation": "Auto negotiate",
                "mac_allow_list": null,
                "mac_whitelist_limit": null,
                "name": null,
                "peer_sgt_capable": null,
                "poe_enabled": false,
                "port_id": "5",
                "port_schedule_id": null,
                "profile_enabled": true,
                "profile_id": "800514833765105673",
                "profile_iname": "Office_N_658088495549527368",
                "rstp_enabled": true,
                "sticky_mac_allow_list": null,
                "sticky_mac_allow_list_limit": null,
                "storm_control_enabled": true,
                "stp_guard": "disabled",
                "stp_port_fast_trunk": null,
                "tags": [],
                "type": "trunk",
                "udld": "Alert only",
                "vlan": 1,
                "voice_vlan": null
              },
              {
                "access_policy_number": null,
                "access_policy_type": "Open",
                "adaptive_policy_group_id": null,
                "allowed_vlans": "all",
                "dai_trusted": false,
                "dot3az_enabled": null,
                "enabled": true,
                "flexible_stacking_enabled": null,
                "high_speed_enabled": null,
                "isolation_enabled": false,
                "link_negotiation": "Auto negotiate",
                "mac_allow_list": null,
                "mac_whitelist_limit": null,
                "name": null,
                "peer_sgt_capable": null,
                "poe_enabled": false,
                "port_id": "6",
                "port_schedule_id": null,
                "profile_enabled": true,
                "profile_id": "800514833765105673",
                "profile_iname": "Office_N_658088495549527368",
                "rstp_enabled": true,
                "sticky_mac_allow_list": null,
                "sticky_mac_allow_list_limit": null,
                "storm_control_enabled": true,
                "stp_guard": "disabled",
                "stp_port_fast_trunk": null,
                "tags": [],
                "type": "trunk",
                "udld": "Alert only",
                "vlan": 1,
                "voice_vlan": null
              },
              {
                "access_policy_number": null,
                "access_policy_type": "Open",
                "adaptive_policy_group_id": null,
                "allowed_vlans": "all",
                "dai_trusted": false,
                "dot3az_enabled": null,
                "enabled": true,
                "flexible_stacking_enabled": null,
                "high_speed_enabled": null,
                "isolation_enabled": false,
                "link_negotiation": "Auto negotiate",
                "mac_allow_list": null,
                "mac_whitelist_limit": null,
                "name": null,
                "peer_sgt_capable": null,
                "poe_enabled": false,
                "port_id": "7",
                "port_schedule_id": null,
                "profile_enabled": true,
                "profile_id": "800514833765105673",
                "profile_iname": "Office_N_658088495549527368",
                "rstp_enabled": true,
                "sticky_mac_allow_list": null,
                "sticky_mac_allow_list_limit": null,
                "storm_control_enabled": true,
                "stp_guard": "disabled",
                "stp_port_fast_trunk": null,
                "tags": [],
                "type": "trunk",
                "udld": "Alert only",
                "vlan": 1,
                "voice_vlan": null
              },
              {
                "access_policy_number": null,
                "access_policy_type": "Open",
                "adaptive_policy_group_id": null,
                "allowed_vlans": "all",
                "dai_trusted": false,
                "dot3az_enabled": null,
                "enabled": true,
                "flexible_stacking_enabled": null,
                "high_speed_enabled": null,
                "isolation_enabled": false,
                "link_negotiation": "Auto negotiate",
                "mac_allow_list": null,
                "mac_whitelist_limit": null,
                "name": null,
                "peer_sgt_capable": null,
                "poe_enabled": false,
                "port_id": "8",
                "port_schedule_id": null,
                "profile_enabled": false,
                "profile_id": "",
                "profile_iname": null,
                "rstp_enabled": true,
                "sticky_mac_allow_list": null,
                "sticky_mac_allow_list_limit": null,
                "storm_control_enabled": true,
                "stp_guard": "disabled",
                "stp_port_fast_trunk": null,
                "tags": [],
                "type": "trunk",
                "udld": "Alert only",
                "vlan": 1,
                "voice_vlan": null
              },
              {
                "access_policy_number": null,
                "access_policy_type": "Open",
                "adaptive_policy_group_id": null,
                "allowed_vlans": "all",
                "dai_trusted": false,
                "dot3az_enabled": null,
                "enabled": true,
                "flexible_stacking_enabled": null,
                "high_speed_enabled": null,
                "isolation_enabled": false,
                "link_negotiation": "Auto negotiate",
                "mac_allow_list": null,
                "mac_whitelist_limit": null,
                "name": null,
                "peer_sgt_capable": null,
                "poe_enabled": false,
                "port_id": "9",
                "port_schedule_id": null,
                "profile_enabled": false,
                "profile_id": "",
                "profile_iname": null,
                "rstp_enabled": true,
                "sticky_mac_allow_list": null,
                "sticky_mac_allow_list_limit": null,
                "storm_control_enabled": true,
                "stp_guard": "disabled",
                "stp_port_fast_trunk": null,
                "tags": [],
                "type": "trunk",
                "udld": "Alert only",
                "vlan": 1,
                "voice_vlan": null
              }
            ],
            "organization_id": "490906",
            "serial": "Q4CA-HL5D-6V36"
          },
          "sensitive_attributes": [],
          "private": "eyJpbXBvcnRpbmciOiJNQT09In0=",
          "dependencies": [
            "module.meraki.data.meraki_network.organizations_networks",
            "module.meraki.data.meraki_organization.organizations",
            "module.meraki.meraki_device.devices",
            "module.meraki.meraki_network.organizations_networks",
            "module.meraki.meraki_network_device_claim.networks_devices_claim",
            "module.meraki.meraki_network_floor_plan.networks_floor_plans",
            "module.meraki.meraki_organization.organizations",
            "module.meraki.meraki_organization_adaptive_policy_group.organizations_adaptive_policy_groups",
            "module.meraki.meraki_organization_adaptive_policy_settings.organizations_adaptive_policy_settings_enabled_networks",
            "module.meraki.meraki_organization_inventory_claim.organizations_inventory",
            "module.meraki.meraki_switch_access_policy.networks_switch_access_policies",
            "module.meraki.meraki_switch_port_schedule.networks_switch_port_schedules"
          ]
        }
      ]
    },
    {
      "module": "module.meraki",
      "mode": "managed",
      "type": "meraki_switch_qos_rule",
      "name": "networks_switch_qos_rules",
      "provider": "provider[\"registry.terraform.io/ciscodevnet/meraki\"]",
      "instances": [
        {
          "index_key": "DOMAIN_NAME/lsudduth@gmail.com/142 Mantis/800514833765119267",
          "schema_version": 0,
          "attributes": {
            "dscp": 46,
            "dst_port": 4500,
            "dst_port_range": null,
            "id": "800514833765119267",
            "network_id": "L_658088495549515100",
            "protocol": "UDP",
            "src_port": null,
            "src_port_range": "1-65535",
            "vlan": 1
          },
          "sensitive_attributes": [],
          "private": "eyJpbXBvcnRpbmciOiJNQT09In0=",
          "dependencies": [
            "module.meraki.data.meraki_network.organizations_networks",
            "module.meraki.data.meraki_organization.organizations",
            "module.meraki.meraki_network.organizations_networks",
            "module.meraki.meraki_network_device_claim.networks_devices_claim",
            "module.meraki.meraki_organization.organizations",
            "module.meraki.meraki_organization_inventory_claim.organizations_inventory"
          ]
        },
        {
          "index_key": "DOMAIN_NAME/lsudduth@gmail.com/142 Mantis/800514833765119268",
          "schema_version": 0,
          "attributes": {
            "dscp": 46,
            "dst_port": 500,
            "dst_port_range": null,
            "id": "800514833765119268",
            "network_id": "L_658088495549515100",
            "protocol": "UDP",
            "src_port": null,
            "src_port_range": "1-65535",
            "vlan": 1
          },
          "sensitive_attributes": [],
          "private": "eyJpbXBvcnRpbmciOiJNQT09In0=",
          "dependencies": [
            "module.meraki.data.meraki_network.organizations_networks",
            "module.meraki.data.meraki_organization.organizations",
            "module.meraki.meraki_network.organizations_networks",
            "module.meraki.meraki_network_device_claim.networks_devices_claim",
            "module.meraki.meraki_organization.organizations",
            "module.meraki.meraki_organization_inventory_claim.organizations_inventory"
          ]
        }
      ]
    },
    {
      "module": "module.meraki",
      "mode": "managed",
      "type": "meraki_switch_qos_rule_order",
      "name": "networks_switch_qos_rules_order",
      "provider": "provider[\"registry.terraform.io/ciscodevnet/meraki\"]",
      "instances": [
        {
          "index_key": "DOMAIN_NAME/lsudduth@gmail.com/142 Mantis",
          "schema_version": 0,
          "attributes": {
            "id": "L_658088495549515100",
            "network_id": "L_658088495549515100",
            "rule_ids": [
              "800514833765119267",
              "800514833765119268"
            ]
          },
          "sensitive_attributes": [],
          "private": "eyJpbXBvcnRpbmciOiJNQT09In0=",
          "dependencies": [
            "module.meraki.data.meraki_network.organizations_networks",
            "module.meraki.data.meraki_organization.organizations",
            "module.meraki.meraki_network.organizations_networks",
            "module.meraki.meraki_network_device_claim.networks_devices_claim",
            "module.meraki.meraki_organization.organizations",
            "module.meraki.meraki_organization_inventory_claim.organizations_inventory",
            "module.meraki.meraki_switch_qos_rule.networks_switch_qos_rules"
          ]
        }
      ]
    },
    {
      "module": "module.meraki",
      "mode": "managed",
      "type": "meraki_switch_routing_multicast",
      "name": "networks_switch_routing_multicast",
      "provider": "provider[\"registry.terraform.io/ciscodevnet/meraki\"]",
      "instances": [
        {
          "index_key": "DOMAIN_NAME/lsudduth@gmail.com/142 Mantis",
          "schema_version": 0,
          "attributes": {
            "default_settings_flood_unknown_multicast_traffic_enabled": true,
            "default_settings_igmp_snooping_enabled": true,
            "id": "L_658088495549515100",
            "network_id": "L_658088495549515100",
            "overrides": null
          },
          "sensitive_attributes": [],
          "private": "eyJpbXBvcnRpbmciOiJNQT09In0=",
          "dependencies": [
            "module.meraki.data.meraki_network.organizations_networks",
            "module.meraki.data.meraki_organization.organizations",
            "module.meraki.meraki_network.organizations_networks",
            "module.meraki.meraki_network_device_claim.networks_devices_claim",
            "module.meraki.meraki_organization.organizations",
            "module.meraki.meraki_organization_inventory_claim.organizations_inventory"
          ]
        }
      ]
    },
    {
      "module": "module.meraki",
      "mode": "managed",
      "type": "meraki_switch_routing_ospf",
      "name": "networks_switch_routing_ospf",
      "provider": "provider[\"registry.terraform.io/ciscodevnet/meraki\"]",
      "instances": [
        {
          "index_key": "DOMAIN_NAME/lsudduth@gmail.com/142 Mantis",
          "schema_version": 0,
          "attributes": {
            "areas": null,
            "dead_timer_in_seconds": 40,
            "enabled": false,
            "hello_timer_in_seconds": 10,
            "id": "L_658088495549515100",
            "md5_authentication_enabled": false,
            "md5_authentication_key_id": null,
            "md5_authentication_key_passphrase": null,
            "md5_authentication_key_passphrase_wo": null,
            "md5_authentication_key_passphrase_wo_version": null,
            "network_id": "L_658088495549515100",
            "v3_areas": null,
            "v3_dead_timer_in_seconds": 40,
            "v3_enabled": false,
            "v3_hello_timer_in_seconds": 10
          },
          "sensitive_attributes": [
            [
              {
                "type": "get_attr",
                "value": "md5_authentication_key_passphrase"
              }
            ]
          ],
          "private": "eyJpbXBvcnRpbmciOiJNQT09In0=",
          "dependencies": [
            "module.meraki.data.meraki_network.organizations_networks",
            "module.meraki.data.meraki_organization.organizations",
            "module.meraki.meraki_network.organizations_networks",
            "module.meraki.meraki_network_device_claim.networks_devices_claim",
            "module.meraki.meraki_organization.organizations",
            "module.meraki.meraki_organization_inventory_claim.organizations_inventory"
          ]
        }
      ]
    },
    {
      "module": "module.meraki",
      "mode": "managed",
      "type": "meraki_switch_settings",
      "name": "networks_switch_settings",
      "provider": "provider[\"registry.terraform.io/ciscodevnet/meraki\"]",
      "instances": [
        {
          "index_key": "DOMAIN_NAME/lsudduth@gmail.com/142 Mantis",
          "schema_version": 0,
          "attributes": {
            "id": "L_658088495549515100",
            "mac_blocklist_enabled": false,
            "network_id": "L_658088495549515100",
            "power_exceptions": null,
            "uplink_client_sampling_enabled": false,
            "uplink_selection_candidates": null,
            "uplink_selection_failback_enabled": null,
            "use_combined_power": false,
            "vlan": 1
          },
          "sensitive_attributes": [],
          "private": "eyJpbXBvcnRpbmciOiJNQT09In0=",
          "dependencies": [
            "module.meraki.data.meraki_network.organizations_networks",
            "module.meraki.data.meraki_organization.organizations",
            "module.meraki.meraki_device.devices",
            "module.meraki.meraki_network.organizations_networks",
            "module.meraki.meraki_network_device_claim.networks_devices_claim",
            "module.meraki.meraki_network_floor_plan.networks_floor_plans",
            "module.meraki.meraki_organization.organizations",
            "module.meraki.meraki_organization_inventory_claim.organizations_inventory"
          ]
        }
      ]
    },
    {
      "module": "module.meraki",
      "mode": "managed",
      "type": "meraki_switch_stack",
      "name": "networks_switch_stacks",
      "provider": "provider[\"registry.terraform.io/ciscodevnet/meraki\"]",
      "instances": []
    },
    {
      "module": "module.meraki",
      "mode": "managed",
      "type": "meraki_switch_storm_control",
      "name": "networks_switch_storm_control",
      "provider": "provider[\"registry.terraform.io/ciscodevnet/meraki\"]",
      "instances": [
        {
          "index_key": "DOMAIN_NAME/lsudduth@gmail.com/142 Mantis",
          "schema_version": 0,
          "attributes": {
            "broadcast_threshold": 10,
            "id": "L_658088495549515100",
            "multicast_threshold": 11,
            "network_id": "L_658088495549515100",
            "treat_these_traffic_types_as_one_threshold": null,
            "unknown_unicast_threshold": 10
          },
          "sensitive_attributes": [],
          "private": "eyJpbXBvcnRpbmciOiJNQT09In0=",
          "dependencies": [
            "module.meraki.data.meraki_network.organizations_networks",
            "module.meraki.data.meraki_organization.organizations",
            "module.meraki.meraki_network.organizations_networks",
            "module.meraki.meraki_network_device_claim.networks_devices_claim",
            "module.meraki.meraki_organization.organizations",
            "module.meraki.meraki_organization_inventory_claim.organizations_inventory"
          ]
        }
      ]
    },
    {
      "module": "module.meraki",
      "mode": "managed",
      "type": "meraki_switch_stp",
      "name": "networks_switch_stp",
      "provider": "provider[\"registry.terraform.io/ciscodevnet/meraki\"]",
      "instances": [
        {
          "index_key": "DOMAIN_NAME/lsudduth@gmail.com/142 Mantis",
          "schema_version": 0,
          "attributes": {
            "id": "L_658088495549515100",
            "network_id": "L_658088495549515100",
            "rstp_enabled": true,
            "stp_bridge_priority": [
              {
                "stacks": null,
                "stp_priority": 0,
                "switch_profiles": null,
                "switches": [
                  "Q3DD-QCD5-25YL"
                ]
              },
              {
                "stacks": null,
                "stp_priority": 32768,
                "switch_profiles": null,
                "switches": [
                  "Q2KP-TYDT-Q4SS",
                  "Q2KP-WJS2-XUCV",
                  "Q4AC-VFHK-PNYD",
                  "Q4CA-HL5D-6V36"
                ]
              }
            ]
          },
          "sensitive_attributes": [],
          "private": "eyJpbXBvcnRpbmciOiJNQT09In0=",
          "dependencies": [
            "module.meraki.data.meraki_network.organizations_networks",
            "module.meraki.data.meraki_organization.organizations",
            "module.meraki.meraki_device.devices",
            "module.meraki.meraki_network.organizations_networks",
            "module.meraki.meraki_network_device_claim.networks_devices_claim",
            "module.meraki.meraki_network_floor_plan.networks_floor_plans",
            "module.meraki.meraki_organization.organizations",
            "module.meraki.meraki_organization_inventory_claim.organizations_inventory",
            "module.meraki.meraki_switch_stack.networks_switch_stacks"
          ]
        }
      ]
    },
    {
      "module": "module.meraki",
      "mode": "managed",
      "type": "meraki_wireless_alternate_management_interface",
      "name": "networks_wireless_alternate_management_interface",
      "provider": "provider[\"registry.terraform.io/ciscodevnet/meraki\"]",
      "instances": [
        {
          "index_key": "DOMAIN_NAME/lsudduth@gmail.com/142 Mantis",
          "schema_version": 0,
          "attributes": {
            "access_points": null,
            "enabled": false,
            "id": "L_658088495549515100",
            "network_id": "L_658088495549515100",
            "protocols": null,
            "vlan_id": null
          },
          "sensitive_attributes": [],
          "private": "eyJpbXBvcnRpbmciOiJNQT09In0=",
          "dependencies": [
            "module.meraki.data.meraki_network.organizations_networks",
            "module.meraki.data.meraki_organization.organizations",
            "module.meraki.meraki_device.devices",
            "module.meraki.meraki_network.organizations_networks",
            "module.meraki.meraki_network_device_claim.networks_devices_claim",
            "module.meraki.meraki_network_floor_plan.networks_floor_plans",
            "module.meraki.meraki_organization.organizations",
            "module.meraki.meraki_organization_inventory_claim.organizations_inventory",
            "module.meraki.meraki_wireless_ssid.networks_wireless_ssids"
          ]
        }
      ]
    },
    {
      "module": "module.meraki",
      "mode": "managed",
      "type": "meraki_wireless_network_bluetooth_settings",
      "name": "networks_wireless_bluetooth_settings",
      "provider": "provider[\"registry.terraform.io/ciscodevnet/meraki\"]",
      "instances": [
        {
          "index_key": "DOMAIN_NAME/lsudduth@gmail.com/142 Mantis",
          "schema_version": 0,
          "attributes": {
            "advertising_enabled": false,
            "id": "L_658088495549515100",
            "major": null,
            "major_minor_assignment_mode": null,
            "minor": null,
            "network_id": "L_658088495549515100",
            "scanning_enabled": false,
            "uuid": null
          },
          "sensitive_attributes": [],
          "private": "eyJpbXBvcnRpbmciOiJNQT09In0=",
          "dependencies": [
            "module.meraki.data.meraki_network.organizations_networks",
            "module.meraki.data.meraki_organization.organizations",
            "module.meraki.meraki_network.organizations_networks",
            "module.meraki.meraki_organization.organizations",
            "module.meraki.meraki_organization_inventory_claim.organizations_inventory",
            "module.meraki.meraki_wireless_ssid.networks_wireless_ssids"
          ]
        }
      ]
    },
    {
      "module": "module.meraki",
      "mode": "managed",
      "type": "meraki_wireless_settings",
      "name": "networks_wireless_settings",
      "provider": "provider[\"registry.terraform.io/ciscodevnet/meraki\"]",
      "instances": [
        {
          "index_key": "DOMAIN_NAME/lsudduth@gmail.com/142 Mantis",
          "schema_version": 0,
          "attributes": {
            "id": "L_658088495549515100",
            "ipv6_bridge_enabled": true,
            "led_lights_on": false,
            "location_analytics_enabled": true,
            "meshing_enabled": false,
            "named_vlans_pool_dhcp_monitoring_duration": 5,
            "named_vlans_pool_dhcp_monitoring_enabled": false,
            "network_id": "L_658088495549515100",
            "upgrade_strategy": "minimizeClientDowntime"
          },
          "sensitive_attributes": [],
          "private": "eyJpbXBvcnRpbmciOiJNQT09In0=",
          "dependencies": [
            "module.meraki.data.meraki_network.organizations_networks",
            "module.meraki.data.meraki_organization.organizations",
            "module.meraki.meraki_network.organizations_networks",
            "module.meraki.meraki_organization.organizations",
            "module.meraki.meraki_organization_inventory_claim.organizations_inventory"
          ]
        }
      ]
    },
    {
      "module": "module.meraki",
      "mode": "managed",
      "type": "meraki_wireless_ssid",
      "name": "networks_wireless_ssids",
      "provider": "provider[\"registry.terraform.io/ciscodevnet/meraki\"]",
      "instances": [
        {
          "index_key": "DOMAIN_NAME/lsudduth@gmail.com/142 Mantis/beatles",
          "schema_version": 0,
          "attributes": {
            "active_directory_credentials_logon_name": null,
            "active_directory_credentials_password": null,
            "active_directory_credentials_password_wo": null,
            "active_directory_credentials_password_wo_version": null,
            "active_directory_servers": null,
            "adaptive_policy_group_id": null,
            "adult_content_filtering_enabled": null,
            "ap_tags_and_vlan_ids": null,
            "auth_mode": "psk",
            "availability_tags": null,
            "available_on_all_aps": true,
            "band_selection": "Dual band operation",
            "concentrator_network_id": null,
            "default_vlan_id": 5,
            "disassociate_clients_on_vpn_failover": null,
            "dns_rewrite_dns_custom_nameservers": null,
            "dns_rewrite_enabled": null,
            "dot11r_adaptive": false,
            "dot11r_enabled": false,
            "dot11w_enabled": false,
            "dot11w_required": false,
            "enabled": true,
            "encryption_mode": "wpa",
            "enterprise_admin_access": null,
            "gre_concentrator_host": null,
            "gre_key": null,
            "id": "1",
            "ip_assignment_mode": "Bridge mode",
            "lan_isolation_enabled": false,
            "ldap_base_distinguished_name": null,
            "ldap_credentials_distinguished_name": null,
            "ldap_credentials_password": null,
            "ldap_credentials_password_wo": null,
            "ldap_credentials_password_wo_version": null,
            "ldap_server_ca_certificate_contents": null,
            "ldap_servers": null,
            "local_auth_fallback_cache_timeout": null,
            "local_auth_fallback_enabled": null,
            "local_auth_fallback_server_ca_certificate_contents": null,
            "local_radius_cache_timeout": null,
            "local_radius_certificate_authentication_client_root_ca_certificate_contents": null,
            "local_radius_certificate_authentication_enabled": null,
            "local_radius_certificate_authentication_ocsp_responder_url": null,
            "local_radius_certificate_authentication_use_ldap": null,
            "local_radius_certificate_authentication_use_ocsp": null,
            "local_radius_password_authentication_enabled": null,
            "mandatory_dhcp_enabled": false,
            "min_bitrate": 11,
            "name": "beatles",
            "named_vlans_radius_guest_vlan_enabled": null,
            "named_vlans_radius_guest_vlan_name": null,
            "named_vlans_tagging_by_ap_tags": null,
            "named_vlans_tagging_default_vlan_name": null,
            "named_vlans_tagging_enabled": false,
            "network_id": "L_658088495549515100",
            "number": "1",
            "oauth_allowed_domains": null,
            "per_client_bandwidth_limit_down": 0,
            "per_client_bandwidth_limit_up": 0,
            "per_ssid_bandwidth_limit_down": 0,
            "per_ssid_bandwidth_limit_up": 0,
            "psk": "Security2",
            "psk_wo": null,
            "psk_wo_version": null,
            "radius_accounting_enabled": null,
            "radius_accounting_interim_interval": null,
            "radius_accounting_servers": null,
            "radius_accounting_start_delay": null,
            "radius_attribute_for_group_policies": null,
            "radius_authentication_nas_id": null,
            "radius_called_station_id": null,
            "radius_coa_enabled": null,
            "radius_das_clients_ips": null,
            "radius_das_clients_shared_secret": null,
            "radius_das_clients_shared_secret_wo": null,
            "radius_das_clients_shared_secret_wo_version": null,
            "radius_failover_policy": null,
            "radius_fallback_enabled": null,
            "radius_guest_vlan_enabled": null,
            "radius_guest_vlan_id": null,
            "radius_load_balancing_policy": null,
            "radius_override": null,
            "radius_proxy_enabled": null,
            "radius_radsec_tls_tunnel_timeout": null,
            "radius_server_attempts_limit": null,
            "radius_server_timeout": null,
            "radius_servers": null,
            "radius_testing_enabled": null,
            "secondary_concentrator_network_id": null,
            "speed_burst_enabled": false,
            "splash_guest_sponsor_domains": null,
            "splash_page": "None",
            "use_vlan_tagging": true,
            "visible": true,
            "vlan_id": null,
            "walled_garden_enabled": null,
            "walled_garden_ranges": null,
            "wpa_encryption_mode": "WPA2 only"
          },
          "sensitive_attributes": [
            [
              {
                "type": "get_attr",
                "value": "radius_das_clients_shared_secret"
              }
            ],
            [
              {
                "type": "get_attr",
                "value": "psk"
              }
            ],
            [
              {
                "type": "get_attr",
                "value": "active_directory_credentials_password"
              }
            ],
            [
              {
                "type": "get_attr",
                "value": "ldap_credentials_password"
              }
            ]
          ],
          "private": "eyJpbXBvcnRpbmciOiJNQT09In0=",
          "dependencies": [
            "module.meraki.data.meraki_network.organizations_networks",
            "module.meraki.data.meraki_organization.organizations",
            "module.meraki.meraki_network.organizations_networks",
            "module.meraki.meraki_organization.organizations",
            "module.meraki.meraki_organization_inventory_claim.organizations_inventory"
          ]
        },
        {
          "index_key": "DOMAIN_NAME/lsudduth@gmail.com/142 Mantis/legacy",
          "schema_version": 0,
          "attributes": {
            "active_directory_credentials_logon_name": null,
            "active_directory_credentials_password": null,
            "active_directory_credentials_password_wo": null,
            "active_directory_credentials_password_wo_version": null,
            "active_directory_servers": null,
            "adaptive_policy_group_id": null,
            "adult_content_filtering_enabled": null,
            "ap_tags_and_vlan_ids": null,
            "auth_mode": "psk",
            "availability_tags": null,
            "available_on_all_aps": true,
            "band_selection": "Dual band operation",
            "concentrator_network_id": null,
            "default_vlan_id": 3,
            "disassociate_clients_on_vpn_failover": null,
            "dns_rewrite_dns_custom_nameservers": null,
            "dns_rewrite_enabled": null,
            "dot11r_adaptive": false,
            "dot11r_enabled": false,
            "dot11w_enabled": false,
            "dot11w_required": false,
            "enabled": true,
            "encryption_mode": "wpa",
            "enterprise_admin_access": null,
            "gre_concentrator_host": null,
            "gre_key": null,
            "id": "2",
            "ip_assignment_mode": "Bridge mode",
            "lan_isolation_enabled": false,
            "ldap_base_distinguished_name": null,
            "ldap_credentials_distinguished_name": null,
            "ldap_credentials_password": null,
            "ldap_credentials_password_wo": null,
            "ldap_credentials_password_wo_version": null,
            "ldap_server_ca_certificate_contents": null,
            "ldap_servers": null,
            "local_auth_fallback_cache_timeout": null,
            "local_auth_fallback_enabled": null,
            "local_auth_fallback_server_ca_certificate_contents": null,
            "local_radius_cache_timeout": null,
            "local_radius_certificate_authentication_client_root_ca_certificate_contents": null,
            "local_radius_certificate_authentication_enabled": null,
            "local_radius_certificate_authentication_ocsp_responder_url": null,
            "local_radius_certificate_authentication_use_ldap": null,
            "local_radius_certificate_authentication_use_ocsp": null,
            "local_radius_password_authentication_enabled": null,
            "mandatory_dhcp_enabled": false,
            "min_bitrate": 11,
            "name": "legacy",
            "named_vlans_radius_guest_vlan_enabled": null,
            "named_vlans_radius_guest_vlan_name": null,
            "named_vlans_tagging_by_ap_tags": null,
            "named_vlans_tagging_default_vlan_name": null,
            "named_vlans_tagging_enabled": false,
            "network_id": "L_658088495549515100",
            "number": "2",
            "oauth_allowed_domains": null,
            "per_client_bandwidth_limit_down": 0,
            "per_client_bandwidth_limit_up": 0,
            "per_ssid_bandwidth_limit_down": 0,
            "per_ssid_bandwidth_limit_up": 0,
            "psk": "Security3",
            "psk_wo": null,
            "psk_wo_version": null,
            "radius_accounting_enabled": null,
            "radius_accounting_interim_interval": null,
            "radius_accounting_servers": null,
            "radius_accounting_start_delay": null,
            "radius_attribute_for_group_policies": null,
            "radius_authentication_nas_id": null,
            "radius_called_station_id": null,
            "radius_coa_enabled": null,
            "radius_das_clients_ips": null,
            "radius_das_clients_shared_secret": null,
            "radius_das_clients_shared_secret_wo": null,
            "radius_das_clients_shared_secret_wo_version": null,
            "radius_failover_policy": null,
            "radius_fallback_enabled": null,
            "radius_guest_vlan_enabled": null,
            "radius_guest_vlan_id": null,
            "radius_load_balancing_policy": null,
            "radius_override": null,
            "radius_proxy_enabled": null,
            "radius_radsec_tls_tunnel_timeout": null,
            "radius_server_attempts_limit": null,
            "radius_server_timeout": null,
            "radius_servers": null,
            "radius_testing_enabled": null,
            "secondary_concentrator_network_id": null,
            "speed_burst_enabled": false,
            "splash_guest_sponsor_domains": null,
            "splash_page": "None",
            "use_vlan_tagging": true,
            "visible": true,
            "vlan_id": null,
            "walled_garden_enabled": null,
            "walled_garden_ranges": null,
            "wpa_encryption_mode": "WPA2 only"
          },
          "sensitive_attributes": [
            [
              {
                "type": "get_attr",
                "value": "psk"
              }
            ],
            [
              {
                "type": "get_attr",
                "value": "radius_das_clients_shared_secret"
              }
            ],
            [
              {
                "type": "get_attr",
                "value": "ldap_credentials_password"
              }
            ],
            [
              {
                "type": "get_attr",
                "value": "active_directory_credentials_password"
              }
            ]
          ],
          "private": "eyJpbXBvcnRpbmciOiJNQT09In0=",
          "dependencies": [
            "module.meraki.data.meraki_network.organizations_networks",
            "module.meraki.data.meraki_organization.organizations",
            "module.meraki.meraki_network.organizations_networks",
            "module.meraki.meraki_organization.organizations",
            "module.meraki.meraki_organization_inventory_claim.organizations_inventory"
          ]
        },
        {
          "index_key": "DOMAIN_NAME/lsudduth@gmail.com/142 Mantis/native",
          "schema_version": 0,
          "attributes": {
            "active_directory_credentials_logon_name": null,
            "active_directory_credentials_password": null,
            "active_directory_credentials_password_wo": null,
            "active_directory_credentials_password_wo_version": null,
            "active_directory_servers": null,
            "adaptive_policy_group_id": null,
            "adult_content_filtering_enabled": null,
            "ap_tags_and_vlan_ids": null,
            "auth_mode": "psk",
            "availability_tags": null,
            "available_on_all_aps": true,
            "band_selection": "Dual band operation",
            "concentrator_network_id": null,
            "default_vlan_id": null,
            "disassociate_clients_on_vpn_failover": null,
            "dns_rewrite_dns_custom_nameservers": null,
            "dns_rewrite_enabled": null,
            "dot11r_adaptive": false,
            "dot11r_enabled": false,
            "dot11w_enabled": false,
            "dot11w_required": false,
            "enabled": false,
            "encryption_mode": "wpa",
            "enterprise_admin_access": null,
            "gre_concentrator_host": null,
            "gre_key": null,
            "id": "3",
            "ip_assignment_mode": "Bridge mode",
            "lan_isolation_enabled": false,
            "ldap_base_distinguished_name": null,
            "ldap_credentials_distinguished_name": null,
            "ldap_credentials_password": null,
            "ldap_credentials_password_wo": null,
            "ldap_credentials_password_wo_version": null,
            "ldap_server_ca_certificate_contents": null,
            "ldap_servers": null,
            "local_auth_fallback_cache_timeout": null,
            "local_auth_fallback_enabled": null,
            "local_auth_fallback_server_ca_certificate_contents": null,
            "local_radius_cache_timeout": null,
            "local_radius_certificate_authentication_client_root_ca_certificate_contents": null,
            "local_radius_certificate_authentication_enabled": null,
            "local_radius_certificate_authentication_ocsp_responder_url": null,
            "local_radius_certificate_authentication_use_ldap": null,
            "local_radius_certificate_authentication_use_ocsp": null,
            "local_radius_password_authentication_enabled": null,
            "mandatory_dhcp_enabled": false,
            "min_bitrate": 11,
            "name": "native",
            "named_vlans_radius_guest_vlan_enabled": null,
            "named_vlans_radius_guest_vlan_name": null,
            "named_vlans_tagging_by_ap_tags": null,
            "named_vlans_tagging_default_vlan_name": null,
            "named_vlans_tagging_enabled": false,
            "network_id": "L_658088495549515100",
            "number": "3",
            "oauth_allowed_domains": null,
            "per_client_bandwidth_limit_down": 0,
            "per_client_bandwidth_limit_up": 0,
            "per_ssid_bandwidth_limit_down": 0,
            "per_ssid_bandwidth_limit_up": 0,
            "psk": "Security2",
            "psk_wo": null,
            "psk_wo_version": null,
            "radius_accounting_enabled": null,
            "radius_accounting_interim_interval": null,
            "radius_accounting_servers": null,
            "radius_accounting_start_delay": null,
            "radius_attribute_for_group_policies": null,
            "radius_authentication_nas_id": null,
            "radius_called_station_id": null,
            "radius_coa_enabled": null,
            "radius_das_clients_ips": null,
            "radius_das_clients_shared_secret": null,
            "radius_das_clients_shared_secret_wo": null,
            "radius_das_clients_shared_secret_wo_version": null,
            "radius_failover_policy": null,
            "radius_fallback_enabled": null,
            "radius_guest_vlan_enabled": null,
            "radius_guest_vlan_id": null,
            "radius_load_balancing_policy": null,
            "radius_override": null,
            "radius_proxy_enabled": null,
            "radius_radsec_tls_tunnel_timeout": null,
            "radius_server_attempts_limit": null,
            "radius_server_timeout": null,
            "radius_servers": null,
            "radius_testing_enabled": null,
            "secondary_concentrator_network_id": null,
            "speed_burst_enabled": false,
            "splash_guest_sponsor_domains": null,
            "splash_page": "None",
            "use_vlan_tagging": false,
            "visible": true,
            "vlan_id": null,
            "walled_garden_enabled": null,
            "walled_garden_ranges": null,
            "wpa_encryption_mode": "WPA2 only"
          },
          "sensitive_attributes": [
            [
              {
                "type": "get_attr",
                "value": "psk"
              }
            ],
            [
              {
                "type": "get_attr",
                "value": "active_directory_credentials_password"
              }
            ],
            [
              {
                "type": "get_attr",
                "value": "ldap_credentials_password"
              }
            ],
            [
              {
                "type": "get_attr",
                "value": "radius_das_clients_shared_secret"
              }
            ]
          ],
          "private": "eyJpbXBvcnRpbmciOiJNQT09In0=",
          "dependencies": [
            "module.meraki.data.meraki_network.organizations_networks",
            "module.meraki.data.meraki_organization.organizations",
            "module.meraki.meraki_network.organizations_networks",
            "module.meraki.meraki_organization.organizations",
            "module.meraki.meraki_organization_inventory_claim.organizations_inventory"
          ]
        },
        {
          "index_key": "DOMAIN_NAME/lsudduth@gmail.com/142 Mantis/turkey",
          "schema_version": 0,
          "attributes": {
            "active_directory_credentials_logon_name": null,
            "active_directory_credentials_password": null,
            "active_directory_credentials_password_wo": null,
            "active_directory_credentials_password_wo_version": null,
            "active_directory_servers": null,
            "adaptive_policy_group_id": null,
            "adult_content_filtering_enabled": null,
            "ap_tags_and_vlan_ids": null,
            "auth_mode": "psk",
            "availability_tags": null,
            "available_on_all_aps": true,
            "band_selection": "Dual band operation",
            "concentrator_network_id": null,
            "default_vlan_id": 4,
            "disassociate_clients_on_vpn_failover": null,
            "dns_rewrite_dns_custom_nameservers": null,
            "dns_rewrite_enabled": null,
            "dot11r_adaptive": false,
            "dot11r_enabled": false,
            "dot11w_enabled": false,
            "dot11w_required": false,
            "enabled": true,
            "encryption_mode": "wpa",
            "enterprise_admin_access": null,
            "gre_concentrator_host": null,
            "gre_key": null,
            "id": "0",
            "ip_assignment_mode": "Bridge mode",
            "lan_isolation_enabled": false,
            "ldap_base_distinguished_name": null,
            "ldap_credentials_distinguished_name": null,
            "ldap_credentials_password": null,
            "ldap_credentials_password_wo": null,
            "ldap_credentials_password_wo_version": null,
            "ldap_server_ca_certificate_contents": null,
            "ldap_servers": null,
            "local_auth_fallback_cache_timeout": null,
            "local_auth_fallback_enabled": null,
            "local_auth_fallback_server_ca_certificate_contents": null,
            "local_radius_cache_timeout": null,
            "local_radius_certificate_authentication_client_root_ca_certificate_contents": null,
            "local_radius_certificate_authentication_enabled": null,
            "local_radius_certificate_authentication_ocsp_responder_url": null,
            "local_radius_certificate_authentication_use_ldap": null,
            "local_radius_certificate_authentication_use_ocsp": null,
            "local_radius_password_authentication_enabled": null,
            "mandatory_dhcp_enabled": false,
            "min_bitrate": 11,
            "name": "turkey",
            "named_vlans_radius_guest_vlan_enabled": null,
            "named_vlans_radius_guest_vlan_name": null,
            "named_vlans_tagging_by_ap_tags": null,
            "named_vlans_tagging_default_vlan_name": null,
            "named_vlans_tagging_enabled": false,
            "network_id": "L_658088495549515100",
            "number": "0",
            "oauth_allowed_domains": null,
            "per_client_bandwidth_limit_down": 0,
            "per_client_bandwidth_limit_up": 0,
            "per_ssid_bandwidth_limit_down": 0,
            "per_ssid_bandwidth_limit_up": 0,
            "psk": "Security1",
            "psk_wo": null,
            "psk_wo_version": null,
            "radius_accounting_enabled": null,
            "radius_accounting_interim_interval": null,
            "radius_accounting_servers": null,
            "radius_accounting_start_delay": null,
            "radius_attribute_for_group_policies": null,
            "radius_authentication_nas_id": null,
            "radius_called_station_id": null,
            "radius_coa_enabled": null,
            "radius_das_clients_ips": null,
            "radius_das_clients_shared_secret": null,
            "radius_das_clients_shared_secret_wo": null,
            "radius_das_clients_shared_secret_wo_version": null,
            "radius_failover_policy": null,
            "radius_fallback_enabled": null,
            "radius_guest_vlan_enabled": null,
            "radius_guest_vlan_id": null,
            "radius_load_balancing_policy": null,
            "radius_override": null,
            "radius_proxy_enabled": null,
            "radius_radsec_tls_tunnel_timeout": null,
            "radius_server_attempts_limit": null,
            "radius_server_timeout": null,
            "radius_servers": null,
            "radius_testing_enabled": null,
            "secondary_concentrator_network_id": null,
            "speed_burst_enabled": false,
            "splash_guest_sponsor_domains": null,
            "splash_page": "None",
            "use_vlan_tagging": true,
            "visible": true,
            "vlan_id": null,
            "walled_garden_enabled": null,
            "walled_garden_ranges": null,
            "wpa_encryption_mode": "WPA2 only"
          },
          "sensitive_attributes": [
            [
              {
                "type": "get_attr",
                "value": "active_directory_credentials_password"
              }
            ],
            [
              {
                "type": "get_attr",
                "value": "psk"
              }
            ],
            [
              {
                "type": "get_attr",
                "value": "radius_das_clients_shared_secret"
              }
            ],
            [
              {
                "type": "get_attr",
                "value": "ldap_credentials_password"
              }
            ]
          ],
          "private": "eyJpbXBvcnRpbmciOiJNQT09In0=",
          "dependencies": [
            "module.meraki.data.meraki_network.organizations_networks",
            "module.meraki.data.meraki_organization.organizations",
            "module.meraki.meraki_network.organizations_networks",
            "module.meraki.meraki_organization.organizations",
            "module.meraki.meraki_organization_inventory_claim.organizations_inventory"
          ]
        }
      ]
    },
    {
      "module": "module.meraki",
      "mode": "managed",
      "type": "meraki_wireless_ssid_bonjour_forwarding",
      "name": "networks_wireless_ssids_bonjour_forwarding",
      "provider": "provider[\"registry.terraform.io/ciscodevnet/meraki\"]",
      "instances": [
        {
          "index_key": "DOMAIN_NAME/lsudduth@gmail.com/142 Mantis/beatles",
          "schema_version": 0,
          "attributes": {
            "enabled": true,
            "exception_enabled": false,
            "id": "1",
            "network_id": "L_658088495549515100",
            "number": "1",
            "rules": [
              {
                "description": "5to4",
                "services": [
                  "All Services"
                ],
                "vlan_id": "4"
              },
              {
                "description": "5to3",
                "services": [
                  "All Services"
                ],
                "vlan_id": "3"
              }
            ]
          },
          "sensitive_attributes": [],
          "private": "eyJpbXBvcnRpbmciOiJNQT09In0=",
          "dependencies": [
            "module.meraki.data.meraki_network.organizations_networks",
            "module.meraki.data.meraki_organization.organizations",
            "module.meraki.meraki_network.organizations_networks",
            "module.meraki.meraki_organization.organizations",
            "module.meraki.meraki_organization_inventory_claim.organizations_inventory",
            "module.meraki.meraki_wireless_ssid.networks_wireless_ssids"
          ]
        },
        {
          "index_key": "DOMAIN_NAME/lsudduth@gmail.com/142 Mantis/legacy",
          "schema_version": 0,
          "attributes": {
            "enabled": true,
            "exception_enabled": false,
            "id": "2",
            "network_id": "L_658088495549515100",
            "number": "2",
            "rules": [
              {
                "description": "3to4",
                "services": [
                  "All Services"
                ],
                "vlan_id": "4"
              },
              {
                "description": "3to5",
                "services": [
                  "All Services"
                ],
                "vlan_id": "5"
              }
            ]
          },
          "sensitive_attributes": [],
          "private": "eyJpbXBvcnRpbmciOiJNQT09In0=",
          "dependencies": [
            "module.meraki.data.meraki_network.organizations_networks",
            "module.meraki.data.meraki_organization.organizations",
            "module.meraki.meraki_network.organizations_networks",
            "module.meraki.meraki_organization.organizations",
            "module.meraki.meraki_organization_inventory_claim.organizations_inventory",
            "module.meraki.meraki_wireless_ssid.networks_wireless_ssids"
          ]
        },
        {
          "index_key": "DOMAIN_NAME/lsudduth@gmail.com/142 Mantis/native",
          "schema_version": 0,
          "attributes": {
            "enabled": false,
            "exception_enabled": false,
            "id": "3",
            "network_id": "L_658088495549515100",
            "number": "3",
            "rules": null
          },
          "sensitive_attributes": [],
          "private": "eyJpbXBvcnRpbmciOiJNQT09In0=",
          "dependencies": [
            "module.meraki.data.meraki_network.organizations_networks",
            "module.meraki.data.meraki_organization.organizations",
            "module.meraki.meraki_network.organizations_networks",
            "module.meraki.meraki_organization.organizations",
            "module.meraki.meraki_organization_inventory_claim.organizations_inventory",
            "module.meraki.meraki_wireless_ssid.networks_wireless_ssids"
          ]
        },
        {
          "index_key": "DOMAIN_NAME/lsudduth@gmail.com/142 Mantis/turkey",
          "schema_version": 0,
          "attributes": {
            "enabled": true,
            "exception_enabled": false,
            "id": "0",
            "network_id": "L_658088495549515100",
            "number": "0",
            "rules": [
              {
                "description": "4to5",
                "services": [
                  "All Services"
                ],
                "vlan_id": "5"
              },
              {
                "description": "4to3",
                "services": [
                  "All Services"
                ],
                "vlan_id": "3"
              }
            ]
          },
          "sensitive_attributes": [],
          "private": "eyJpbXBvcnRpbmciOiJNQT09In0=",
          "dependencies": [
            "module.meraki.data.meraki_network.organizations_networks",
            "module.meraki.data.meraki_organization.organizations",
            "module.meraki.meraki_network.organizations_networks",
            "module.meraki.meraki_organization.organizations",
            "module.meraki.meraki_organization_inventory_claim.organizations_inventory",
            "module.meraki.meraki_wireless_ssid.networks_wireless_ssids"
          ]
        }
      ]
    },
    {
      "module": "module.meraki",
      "mode": "managed",
      "type": "meraki_wireless_ssid_device_type_group_policies",
      "name": "networks_wireless_ssids_device_type_group_policies",
      "provider": "provider[\"registry.terraform.io/ciscodevnet/meraki\"]",
      "instances": [
        {
          "index_key": "DOMAIN_NAME/lsudduth@gmail.com/142 Mantis/beatles",
          "schema_version": 0,
          "attributes": {
            "device_type_policies": null,
            "enabled": false,
            "id": "1",
            "network_id": "L_658088495549515100",
            "number": "1"
          },
          "sensitive_attributes": [],
          "private": "eyJpbXBvcnRpbmciOiJNQT09In0=",
          "dependencies": [
            "module.meraki.data.meraki_network.organizations_networks",
            "module.meraki.data.meraki_organization.organizations",
            "module.meraki.meraki_network.organizations_networks",
            "module.meraki.meraki_network_group_policy.networks_group_policies",
            "module.meraki.meraki_organization.organizations",
            "module.meraki.meraki_organization_inventory_claim.organizations_inventory",
            "module.meraki.meraki_wireless_ssid.networks_wireless_ssids"
          ]
        },
        {
          "index_key": "DOMAIN_NAME/lsudduth@gmail.com/142 Mantis/legacy",
          "schema_version": 0,
          "attributes": {
            "device_type_policies": null,
            "enabled": false,
            "id": "2",
            "network_id": "L_658088495549515100",
            "number": "2"
          },
          "sensitive_attributes": [],
          "private": "eyJpbXBvcnRpbmciOiJNQT09In0=",
          "dependencies": [
            "module.meraki.data.meraki_network.organizations_networks",
            "module.meraki.data.meraki_organization.organizations",
            "module.meraki.meraki_network.organizations_networks",
            "module.meraki.meraki_network_group_policy.networks_group_policies",
            "module.meraki.meraki_organization.organizations",
            "module.meraki.meraki_organization_inventory_claim.organizations_inventory",
            "module.meraki.meraki_wireless_ssid.networks_wireless_ssids"
          ]
        },
        {
          "index_key": "DOMAIN_NAME/lsudduth@gmail.com/142 Mantis/native",
          "schema_version": 0,
          "attributes": {
            "device_type_policies": null,
            "enabled": false,
            "id": "3",
            "network_id": "L_658088495549515100",
            "number": "3"
          },
          "sensitive_attributes": [],
          "private": "eyJpbXBvcnRpbmciOiJNQT09In0=",
          "dependencies": [
            "module.meraki.data.meraki_network.organizations_networks",
            "module.meraki.data.meraki_organization.organizations",
            "module.meraki.meraki_network.organizations_networks",
            "module.meraki.meraki_network_group_policy.networks_group_policies",
            "module.meraki.meraki_organization.organizations",
            "module.meraki.meraki_organization_inventory_claim.organizations_inventory",
            "module.meraki.meraki_wireless_ssid.networks_wireless_ssids"
          ]
        },
        {
          "index_key": "DOMAIN_NAME/lsudduth@gmail.com/142 Mantis/turkey",
          "schema_version": 0,
          "attributes": {
            "device_type_policies": null,
            "enabled": false,
            "id": "0",
            "network_id": "L_658088495549515100",
            "number": "0"
          },
          "sensitive_attributes": [],
          "private": "eyJpbXBvcnRpbmciOiJNQT09In0=",
          "dependencies": [
            "module.meraki.data.meraki_network.organizations_networks",
            "module.meraki.data.meraki_organization.organizations",
            "module.meraki.meraki_network.organizations_networks",
            "module.meraki.meraki_network_group_policy.networks_group_policies",
            "module.meraki.meraki_organization.organizations",
            "module.meraki.meraki_organization_inventory_claim.organizations_inventory",
            "module.meraki.meraki_wireless_ssid.networks_wireless_ssids"
          ]
        }
      ]
    },
    {
      "module": "module.meraki",
      "mode": "managed",
      "type": "meraki_wireless_ssid_hotspot_20",
      "name": "networks_wireless_ssids_hotspot20",
      "provider": "provider[\"registry.terraform.io/ciscodevnet/meraki\"]",
      "instances": [
        {
          "index_key": "DOMAIN_NAME/lsudduth@gmail.com/142 Mantis/beatles",
          "schema_version": 0,
          "attributes": {
            "domains": null,
            "enabled": false,
            "id": "1",
            "mcc_mncs": null,
            "nai_realms": null,
            "network_access_type": null,
            "network_id": "L_658088495549515100",
            "number": "1",
            "operator_name": null,
            "roam_consort_ois": null,
            "venue_name": null,
            "venue_type": null
          },
          "sensitive_attributes": [],
          "private": "eyJpbXBvcnRpbmciOiJNQT09In0=",
          "dependencies": [
            "module.meraki.data.meraki_network.organizations_networks",
            "module.meraki.data.meraki_organization.organizations",
            "module.meraki.meraki_network.organizations_networks",
            "module.meraki.meraki_organization.organizations",
            "module.meraki.meraki_organization_inventory_claim.organizations_inventory",
            "module.meraki.meraki_wireless_ssid.networks_wireless_ssids"
          ]
        },
        {
          "index_key": "DOMAIN_NAME/lsudduth@gmail.com/142 Mantis/legacy",
          "schema_version": 0,
          "attributes": {
            "domains": null,
            "enabled": false,
            "id": "2",
            "mcc_mncs": null,
            "nai_realms": null,
            "network_access_type": null,
            "network_id": "L_658088495549515100",
            "number": "2",
            "operator_name": null,
            "roam_consort_ois": null,
            "venue_name": null,
            "venue_type": null
          },
          "sensitive_attributes": [],
          "private": "eyJpbXBvcnRpbmciOiJNQT09In0=",
          "dependencies": [
            "module.meraki.data.meraki_network.organizations_networks",
            "module.meraki.data.meraki_organization.organizations",
            "module.meraki.meraki_network.organizations_networks",
            "module.meraki.meraki_organization.organizations",
            "module.meraki.meraki_organization_inventory_claim.organizations_inventory",
            "module.meraki.meraki_wireless_ssid.networks_wireless_ssids"
          ]
        },
        {
          "index_key": "DOMAIN_NAME/lsudduth@gmail.com/142 Mantis/native",
          "schema_version": 0,
          "attributes": {
            "domains": null,
            "enabled": false,
            "id": "3",
            "mcc_mncs": null,
            "nai_realms": null,
            "network_access_type": null,
            "network_id": "L_658088495549515100",
            "number": "3",
            "operator_name": null,
            "roam_consort_ois": null,
            "venue_name": null,
            "venue_type": null
          },
          "sensitive_attributes": [],
          "private": "eyJpbXBvcnRpbmciOiJNQT09In0=",
          "dependencies": [
            "module.meraki.data.meraki_network.organizations_networks",
            "module.meraki.data.meraki_organization.organizations",
            "module.meraki.meraki_network.organizations_networks",
            "module.meraki.meraki_organization.organizations",
            "module.meraki.meraki_organization_inventory_claim.organizations_inventory",
            "module.meraki.meraki_wireless_ssid.networks_wireless_ssids"
          ]
        },
        {
          "index_key": "DOMAIN_NAME/lsudduth@gmail.com/142 Mantis/turkey",
          "schema_version": 0,
          "attributes": {
            "domains": null,
            "enabled": false,
            "id": "0",
            "mcc_mncs": null,
            "nai_realms": null,
            "network_access_type": null,
            "network_id": "L_658088495549515100",
            "number": "0",
            "operator_name": null,
            "roam_consort_ois": null,
            "venue_name": null,
            "venue_type": null
          },
          "sensitive_attributes": [],
          "private": "eyJpbXBvcnRpbmciOiJNQT09In0=",
          "dependencies": [
            "module.meraki.data.meraki_network.organizations_networks",
            "module.meraki.data.meraki_organization.organizations",
            "module.meraki.meraki_network.organizations_networks",
            "module.meraki.meraki_organization.organizations",
            "module.meraki.meraki_organization_inventory_claim.organizations_inventory",
            "module.meraki.meraki_wireless_ssid.networks_wireless_ssids"
          ]
        }
      ]
    },
    {
      "module": "module.meraki",
      "mode": "managed",
      "type": "meraki_wireless_ssid_l3_firewall_rules",
      "name": "networks_wireless_ssids_firewall_l3_firewall_rules",
      "provider": "provider[\"registry.terraform.io/ciscodevnet/meraki\"]",
      "instances": [
        {
          "index_key": "DOMAIN_NAME/lsudduth@gmail.com/142 Mantis/beatles",
          "schema_version": 0,
          "attributes": {
            "allow_lan_access": true,
            "id": "1",
            "network_id": "L_658088495549515100",
            "number": "1",
            "rules": null
          },
          "sensitive_attributes": [],
          "private": "eyJpbXBvcnRpbmciOiJNQT09In0=",
          "dependencies": [
            "module.meraki.data.meraki_network.organizations_networks",
            "module.meraki.data.meraki_organization.organizations",
            "module.meraki.meraki_network.organizations_networks",
            "module.meraki.meraki_organization.organizations",
            "module.meraki.meraki_organization_inventory_claim.organizations_inventory",
            "module.meraki.meraki_wireless_ssid.networks_wireless_ssids"
          ]
        },
        {
          "index_key": "DOMAIN_NAME/lsudduth@gmail.com/142 Mantis/legacy",
          "schema_version": 0,
          "attributes": {
            "allow_lan_access": true,
            "id": "2",
            "network_id": "L_658088495549515100",
            "number": "2",
            "rules": null
          },
          "sensitive_attributes": [],
          "private": "eyJpbXBvcnRpbmciOiJNQT09In0=",
          "dependencies": [
            "module.meraki.data.meraki_network.organizations_networks",
            "module.meraki.data.meraki_organization.organizations",
            "module.meraki.meraki_network.organizations_networks",
            "module.meraki.meraki_organization.organizations",
            "module.meraki.meraki_organization_inventory_claim.organizations_inventory",
            "module.meraki.meraki_wireless_ssid.networks_wireless_ssids"
          ]
        },
        {
          "index_key": "DOMAIN_NAME/lsudduth@gmail.com/142 Mantis/native",
          "schema_version": 0,
          "attributes": {
            "allow_lan_access": true,
            "id": "3",
            "network_id": "L_658088495549515100",
            "number": "3",
            "rules": null
          },
          "sensitive_attributes": [],
          "private": "eyJpbXBvcnRpbmciOiJNQT09In0=",
          "dependencies": [
            "module.meraki.data.meraki_network.organizations_networks",
            "module.meraki.data.meraki_organization.organizations",
            "module.meraki.meraki_network.organizations_networks",
            "module.meraki.meraki_organization.organizations",
            "module.meraki.meraki_organization_inventory_claim.organizations_inventory",
            "module.meraki.meraki_wireless_ssid.networks_wireless_ssids"
          ]
        },
        {
          "index_key": "DOMAIN_NAME/lsudduth@gmail.com/142 Mantis/turkey",
          "schema_version": 0,
          "attributes": {
            "allow_lan_access": true,
            "id": "0",
            "network_id": "L_658088495549515100",
            "number": "0",
            "rules": null
          },
          "sensitive_attributes": [],
          "private": "eyJpbXBvcnRpbmciOiJNQT09In0=",
          "dependencies": [
            "module.meraki.data.meraki_network.organizations_networks",
            "module.meraki.data.meraki_organization.organizations",
            "module.meraki.meraki_network.organizations_networks",
            "module.meraki.meraki_organization.organizations",
            "module.meraki.meraki_organization_inventory_claim.organizations_inventory",
            "module.meraki.meraki_wireless_ssid.networks_wireless_ssids"
          ]
        }
      ]
    },
    {
      "module": "module.meraki",
      "mode": "managed",
      "type": "meraki_wireless_ssid_schedules",
      "name": "networks_wireless_ssids_unavailability_schedules",
      "provider": "provider[\"registry.terraform.io/ciscodevnet/meraki\"]",
      "instances": [
        {
          "index_key": "DOMAIN_NAME/lsudduth@gmail.com/142 Mantis/beatles",
          "schema_version": 0,
          "attributes": {
            "enabled": false,
            "id": "1",
            "network_id": "L_658088495549515100",
            "number": "1",
            "ranges": null,
            "ranges_in_seconds": null
          },
          "sensitive_attributes": [],
          "private": "eyJpbXBvcnRpbmciOiJNQT09In0=",
          "dependencies": [
            "module.meraki.data.meraki_network.organizations_networks",
            "module.meraki.data.meraki_organization.organizations",
            "module.meraki.meraki_network.organizations_networks",
            "module.meraki.meraki_organization.organizations",
            "module.meraki.meraki_organization_inventory_claim.organizations_inventory",
            "module.meraki.meraki_wireless_ssid.networks_wireless_ssids"
          ]
        },
        {
          "index_key": "DOMAIN_NAME/lsudduth@gmail.com/142 Mantis/legacy",
          "schema_version": 0,
          "attributes": {
            "enabled": false,
            "id": "2",
            "network_id": "L_658088495549515100",
            "number": "2",
            "ranges": null,
            "ranges_in_seconds": null
          },
          "sensitive_attributes": [],
          "private": "eyJpbXBvcnRpbmciOiJNQT09In0=",
          "dependencies": [
            "module.meraki.data.meraki_network.organizations_networks",
            "module.meraki.data.meraki_organization.organizations",
            "module.meraki.meraki_network.organizations_networks",
            "module.meraki.meraki_organization.organizations",
            "module.meraki.meraki_organization_inventory_claim.organizations_inventory",
            "module.meraki.meraki_wireless_ssid.networks_wireless_ssids"
          ]
        },
        {
          "index_key": "DOMAIN_NAME/lsudduth@gmail.com/142 Mantis/native",
          "schema_version": 0,
          "attributes": {
            "enabled": false,
            "id": "3",
            "network_id": "L_658088495549515100",
            "number": "3",
            "ranges": null,
            "ranges_in_seconds": null
          },
          "sensitive_attributes": [],
          "private": "eyJpbXBvcnRpbmciOiJNQT09In0=",
          "dependencies": [
            "module.meraki.data.meraki_network.organizations_networks",
            "module.meraki.data.meraki_organization.organizations",
            "module.meraki.meraki_network.organizations_networks",
            "module.meraki.meraki_organization.organizations",
            "module.meraki.meraki_organization_inventory_claim.organizations_inventory",
            "module.meraki.meraki_wireless_ssid.networks_wireless_ssids"
          ]
        },
        {
          "index_key": "DOMAIN_NAME/lsudduth@gmail.com/142 Mantis/turkey",
          "schema_version": 0,
          "attributes": {
            "enabled": false,
            "id": "0",
            "network_id": "L_658088495549515100",
            "number": "0",
            "ranges": [
              {
                "end_day": "Sunday",
                "end_time": "00:00:00",
                "start_day": "Sunday",
                "start_time": "00:00:00"
              }
            ],
            "ranges_in_seconds": [
              {
                "end": 0,
                "start": 604800
              }
            ]
          },
          "sensitive_attributes": [],
          "private": "eyJpbXBvcnRpbmciOiJNQT09In0=",
          "dependencies": [
            "module.meraki.data.meraki_network.organizations_networks",
            "module.meraki.data.meraki_organization.organizations",
            "module.meraki.meraki_network.organizations_networks",
            "module.meraki.meraki_organization.organizations",
            "module.meraki.meraki_organization_inventory_claim.organizations_inventory",
            "module.meraki.meraki_wireless_ssid.networks_wireless_ssids"
          ]
        }
      ]
    },
    {
      "module": "module.meraki",
      "mode": "managed",
      "type": "meraki_wireless_ssid_splash_settings",
      "name": "networks_wireless_ssids_splash_settings",
      "provider": "provider[\"registry.terraform.io/ciscodevnet/meraki\"]",
      "instances": [
        {
          "index_key": "DOMAIN_NAME/lsudduth@gmail.com/142 Mantis/beatles",
          "schema_version": 0,
          "attributes": {
            "allow_simultaneous_logins": true,
            "billing_free_access_duration_in_minutes": 20,
            "billing_free_access_enabled": false,
            "billing_prepaid_access_fast_login_enabled": false,
            "billing_reply_to_email_address": "lsudduth@gmail.com",
            "block_all_traffic_before_sign_on": true,
            "controller_disconnection_behavior": "default",
            "guest_sponsorship_duration_in_minutes": null,
            "guest_sponsorship_guest_can_request_timeframe": false,
            "id": "1",
            "network_id": "L_658088495549515100",
            "number": "1",
            "redirect_url": null,
            "self_registration_authorization_type": "admin",
            "self_registration_enabled": true,
            "sentry_enrollment_enforced_systems": [
              "Android",
              "iOS"
            ],
            "sentry_enrollment_strength": "focused",
            "sentry_enrollment_systems_manager_network_id": "N_658088495549526248",
            "splash_image_extension": null,
            "splash_image_image_contents": null,
            "splash_image_image_format": null,
            "splash_image_md5": null,
            "splash_logo_extension": null,
            "splash_logo_image_contents": null,
            "splash_logo_image_format": null,
            "splash_logo_md5": null,
            "splash_prepaid_front_extension": null,
            "splash_prepaid_front_image_contents": null,
            "splash_prepaid_front_image_format": null,
            "splash_prepaid_front_md5": null,
            "splash_timeout": 1440,
            "splash_url": null,
            "theme_id": null,
            "use_redirect_url": false,
            "use_splash_url": false,
            "welcome_message": "Welcome to Guest Access"
          },
          "sensitive_attributes": [],
          "private": "eyJpbXBvcnRpbmciOiJNQT09In0=",
          "dependencies": [
            "module.meraki.data.meraki_network.organizations_networks",
            "module.meraki.data.meraki_organization.organizations",
            "module.meraki.meraki_network.organizations_networks",
            "module.meraki.meraki_organization.organizations",
            "module.meraki.meraki_organization_inventory_claim.organizations_inventory",
            "module.meraki.meraki_wireless_ssid.networks_wireless_ssids"
          ]
        },
        {
          "index_key": "DOMAIN_NAME/lsudduth@gmail.com/142 Mantis/legacy",
          "schema_version": 0,
          "attributes": {
            "allow_simultaneous_logins": true,
            "billing_free_access_duration_in_minutes": 20,
            "billing_free_access_enabled": false,
            "billing_prepaid_access_fast_login_enabled": false,
            "billing_reply_to_email_address": "lsudduth@gmail.com",
            "block_all_traffic_before_sign_on": false,
            "controller_disconnection_behavior": "default",
            "guest_sponsorship_duration_in_minutes": null,
            "guest_sponsorship_guest_can_request_timeframe": false,
            "id": "2",
            "network_id": "L_658088495549515100",
            "number": "2",
            "redirect_url": null,
            "self_registration_authorization_type": "admin",
            "self_registration_enabled": true,
            "sentry_enrollment_enforced_systems": [
              "Android",
              "iOS"
            ],
            "sentry_enrollment_strength": "focused",
            "sentry_enrollment_systems_manager_network_id": "N_658088495549526248",
            "splash_image_extension": null,
            "splash_image_image_contents": null,
            "splash_image_image_format": null,
            "splash_image_md5": null,
            "splash_logo_extension": null,
            "splash_logo_image_contents": null,
            "splash_logo_image_format": null,
            "splash_logo_md5": null,
            "splash_prepaid_front_extension": null,
            "splash_prepaid_front_image_contents": null,
            "splash_prepaid_front_image_format": null,
            "splash_prepaid_front_md5": null,
            "splash_timeout": 1440,
            "splash_url": null,
            "theme_id": null,
            "use_redirect_url": false,
            "use_splash_url": false,
            "welcome_message": null
          },
          "sensitive_attributes": [],
          "private": "eyJpbXBvcnRpbmciOiJNQT09In0=",
          "dependencies": [
            "module.meraki.data.meraki_network.organizations_networks",
            "module.meraki.data.meraki_organization.organizations",
            "module.meraki.meraki_network.organizations_networks",
            "module.meraki.meraki_organization.organizations",
            "module.meraki.meraki_organization_inventory_claim.organizations_inventory",
            "module.meraki.meraki_wireless_ssid.networks_wireless_ssids"
          ]
        },
        {
          "index_key": "DOMAIN_NAME/lsudduth@gmail.com/142 Mantis/native",
          "schema_version": 0,
          "attributes": {
            "allow_simultaneous_logins": true,
            "billing_free_access_duration_in_minutes": 20,
            "billing_free_access_enabled": false,
            "billing_prepaid_access_fast_login_enabled": false,
            "billing_reply_to_email_address": "lsudduth@gmail.com",
            "block_all_traffic_before_sign_on": false,
            "controller_disconnection_behavior": "default",
            "guest_sponsorship_duration_in_minutes": null,
            "guest_sponsorship_guest_can_request_timeframe": false,
            "id": "3",
            "network_id": "L_658088495549515100",
            "number": "3",
            "redirect_url": null,
            "self_registration_authorization_type": "admin",
            "self_registration_enabled": true,
            "sentry_enrollment_enforced_systems": [
              "Android",
              "iOS"
            ],
            "sentry_enrollment_strength": "focused",
            "sentry_enrollment_systems_manager_network_id": "N_658088495549526248",
            "splash_image_extension": null,
            "splash_image_image_contents": null,
            "splash_image_image_format": null,
            "splash_image_md5": null,
            "splash_logo_extension": null,
            "splash_logo_image_contents": null,
            "splash_logo_image_format": null,
            "splash_logo_md5": null,
            "splash_prepaid_front_extension": null,
            "splash_prepaid_front_image_contents": null,
            "splash_prepaid_front_image_format": null,
            "splash_prepaid_front_md5": null,
            "splash_timeout": 1440,
            "splash_url": null,
            "theme_id": null,
            "use_redirect_url": false,
            "use_splash_url": false,
            "welcome_message": null
          },
          "sensitive_attributes": [],
          "private": "eyJpbXBvcnRpbmciOiJNQT09In0=",
          "dependencies": [
            "module.meraki.data.meraki_network.organizations_networks",
            "module.meraki.data.meraki_organization.organizations",
            "module.meraki.meraki_network.organizations_networks",
            "module.meraki.meraki_organization.organizations",
            "module.meraki.meraki_organization_inventory_claim.organizations_inventory",
            "module.meraki.meraki_wireless_ssid.networks_wireless_ssids"
          ]
        },
        {
          "index_key": "DOMAIN_NAME/lsudduth@gmail.com/142 Mantis/turkey",
          "schema_version": 0,
          "attributes": {
            "allow_simultaneous_logins": true,
            "billing_free_access_duration_in_minutes": 20,
            "billing_free_access_enabled": false,
            "billing_prepaid_access_fast_login_enabled": false,
            "billing_reply_to_email_address": "lsudduth@gmail.com",
            "block_all_traffic_before_sign_on": false,
            "controller_disconnection_behavior": "default",
            "guest_sponsorship_duration_in_minutes": null,
            "guest_sponsorship_guest_can_request_timeframe": false,
            "id": "0",
            "network_id": "L_658088495549515100",
            "number": "0",
            "redirect_url": null,
            "self_registration_authorization_type": "admin",
            "self_registration_enabled": true,
            "sentry_enrollment_enforced_systems": [
              "Android",
              "iOS"
            ],
            "sentry_enrollment_strength": "focused",
            "sentry_enrollment_systems_manager_network_id": "N_658088495549526248",
            "splash_image_extension": null,
            "splash_image_image_contents": null,
            "splash_image_image_format": null,
            "splash_image_md5": null,
            "splash_logo_extension": null,
            "splash_logo_image_contents": null,
            "splash_logo_image_format": null,
            "splash_logo_md5": null,
            "splash_prepaid_front_extension": null,
            "splash_prepaid_front_image_contents": null,
            "splash_prepaid_front_image_format": null,
            "splash_prepaid_front_md5": null,
            "splash_timeout": 1440,
            "splash_url": null,
            "theme_id": null,
            "use_redirect_url": false,
            "use_splash_url": false,
            "welcome_message": null
          },
          "sensitive_attributes": [],
          "private": "eyJpbXBvcnRpbmciOiJNQT09In0=",
          "dependencies": [
            "module.meraki.data.meraki_network.organizations_networks",
            "module.meraki.data.meraki_organization.organizations",
            "module.meraki.meraki_network.organizations_networks",
            "module.meraki.meraki_organization.organizations",
            "module.meraki.meraki_organization_inventory_claim.organizations_inventory",
            "module.meraki.meraki_wireless_ssid.networks_wireless_ssids"
          ]
        }
      ]
    },
    {
      "module": "module.meraki",
      "mode": "managed",
      "type": "meraki_wireless_ssid_traffic_shaping_rules",
      "name": "networks_wireless_ssids_traffic_shaping_rules",
      "provider": "provider[\"registry.terraform.io/ciscodevnet/meraki\"]",
      "instances": [
        {
          "index_key": "DOMAIN_NAME/lsudduth@gmail.com/142 Mantis/beatles",
          "schema_version": 0,
          "attributes": {
            "default_rules_enabled": true,
            "id": "1",
            "network_id": "L_658088495549515100",
            "number": "1",
            "rules": null,
            "traffic_shaping_enabled": true
          },
          "sensitive_attributes": [],
          "private": "eyJpbXBvcnRpbmciOiJNQT09In0=",
          "dependencies": [
            "module.meraki.data.meraki_network.organizations_networks",
            "module.meraki.data.meraki_organization.organizations",
            "module.meraki.meraki_network.organizations_networks",
            "module.meraki.meraki_organization.organizations",
            "module.meraki.meraki_organization_inventory_claim.organizations_inventory",
            "module.meraki.meraki_wireless_ssid.networks_wireless_ssids"
          ]
        },
        {
          "index_key": "DOMAIN_NAME/lsudduth@gmail.com/142 Mantis/legacy",
          "schema_version": 0,
          "attributes": {
            "default_rules_enabled": true,
            "id": "2",
            "network_id": "L_658088495549515100",
            "number": "2",
            "rules": null,
            "traffic_shaping_enabled": true
          },
          "sensitive_attributes": [],
          "private": "eyJpbXBvcnRpbmciOiJNQT09In0=",
          "dependencies": [
            "module.meraki.data.meraki_network.organizations_networks",
            "module.meraki.data.meraki_organization.organizations",
            "module.meraki.meraki_network.organizations_networks",
            "module.meraki.meraki_organization.organizations",
            "module.meraki.meraki_organization_inventory_claim.organizations_inventory",
            "module.meraki.meraki_wireless_ssid.networks_wireless_ssids"
          ]
        },
        {
          "index_key": "DOMAIN_NAME/lsudduth@gmail.com/142 Mantis/native",
          "schema_version": 0,
          "attributes": {
            "default_rules_enabled": true,
            "id": "3",
            "network_id": "L_658088495549515100",
            "number": "3",
            "rules": null,
            "traffic_shaping_enabled": true
          },
          "sensitive_attributes": [],
          "private": "eyJpbXBvcnRpbmciOiJNQT09In0=",
          "dependencies": [
            "module.meraki.data.meraki_network.organizations_networks",
            "module.meraki.data.meraki_organization.organizations",
            "module.meraki.meraki_network.organizations_networks",
            "module.meraki.meraki_organization.organizations",
            "module.meraki.meraki_organization_inventory_claim.organizations_inventory",
            "module.meraki.meraki_wireless_ssid.networks_wireless_ssids"
          ]
        },
        {
          "index_key": "DOMAIN_NAME/lsudduth@gmail.com/142 Mantis/turkey",
          "schema_version": 0,
          "attributes": {
            "default_rules_enabled": true,
            "id": "0",
            "network_id": "L_658088495549515100",
            "number": "0",
            "rules": null,
            "traffic_shaping_enabled": true
          },
          "sensitive_attributes": [],
          "private": "eyJpbXBvcnRpbmciOiJNQT09In0=",
          "dependencies": [
            "module.meraki.data.meraki_network.organizations_networks",
            "module.meraki.data.meraki_organization.organizations",
            "module.meraki.meraki_network.organizations_networks",
            "module.meraki.meraki_organization.organizations",
            "module.meraki.meraki_organization_inventory_claim.organizations_inventory",
            "module.meraki.meraki_wireless_ssid.networks_wireless_ssids"
          ]
        }
      ]
    },
    {
      "module": "module.meraki.module.model",
      "mode": "managed",
      "type": "local_sensitive_file",
      "name": "defaults",
      "provider": "provider[\"registry.terraform.io/hashicorp/local\"]",
      "instances": [
        {
          "index_key": 0,
          "schema_version": 0,
          "attributes": {
            "content": "defaults:\n  meraki:\n    domains:\n      organizations:\n        managed: true\n        networks:\n          product_types:\n            - appliance\n            - switch\n            - wireless\n          wireless_ssids:\n            eap_override:\n              max_retries: 5\n              timeout: 5\n              eapol_key:\n                retries: 3\n                timeout_in_ms: 10000\n              identity:\n                retries: 3\n                timeout: 10\n",
            "content_base64": null,
            "content_base64sha256": "rrkWwVvp2hA5i3tjlGnbajGvmE6+Fh1jiRLQmEUcxCg=",
            "content_base64sha512": "3VtuvZBHmfisQP6dVNJNpuxahiP9Md6XAnumBIWYKfFiEMziiahWc3QOrwzxrTKw4LFi5zxdC455livmQzzU5Q==",
            "content_md5": "1771e8ace2fffabef18180bb65b0b858",
            "content_sha1": "59d6ad2bb246ed42f42f7c9038a2eaabe3a67275",
            "content_sha256": "aeb916c15be9da10398b7b639469db6a31af984ebe161d638912d098451cc428",
            "content_sha512": "dd5b6ebd904799f8ac40fe9d54d24da6ec5a8623fd31de97027ba604859829f16210cce289a85673740eaf0cf1ad32b0e0b162e73c5d0b8e79962be6433cd4e5",
            "directory_permission": "0700",
            "file_permission": "0700",
            "filename": "defaults.yaml",
            "id": "59d6ad2bb246ed42f42f7c9038a2eaabe3a67275",
            "source": null
          },
          "sensitive_attributes": [
            [
              {
                "type": "get_attr",
                "value": "content_base64"
              }
            ],
            [
              {
                "type": "get_attr",
                "value": "content"
              }
            ]
          ]
        }
      ]
    },
    {
      "module": "module.meraki.module.model",
      "mode": "managed",
      "type": "terraform_data",
      "name": "validation",
      "provider": "provider[\"terraform.io/builtin/terraform\"]",
      "instances": [
        {
          "schema_version": 0,
          "attributes": {
            "id": "08de85e6-4fa5-618b-eb2a-de145677a76b",
            "input": null,
            "output": null,
            "triggers_replace": null
          },
          "sensitive_attributes": []
        }
      ]
    }
  ],
  "check_results": [
    {
      "object_kind": "resource",
      "config_addr": "module.meraki.module.model.terraform_data.validation",
      "status": "pass",
      "objects": [
        {
          "object_addr": "module.meraki.module.model.terraform_data.validation",
          "status": "pass"
        }
      ]
    },
    {
      "object_kind": "var",
      "config_addr": "var.meraki_api_key",
      "status": "pass",
      "objects": [
        {
          "object_addr": "var.meraki_api_key",
          "status": "pass"
        }
      ]
    }
  ]
}
